
Microsoft Visual Studio Solution File, Format Version 12.00
# Visual Studio 2012
Project("{2150E333-8FDC-42A3-9474-1A3956D46DE8}") = "src", "src", "{0D593F67-E6F2-410F-9905-14F3E701E2CE}"
EndProject
Project("{2150E333-8FDC-42A3-9474-1A3956D46DE8}") = "test", "test", "{B13E139A-4DBF-4348-B4BA-3BB4A7B84131}"
EndProject
Project("{2150E333-8FDC-42A3-9474-1A3956D46DE8}") = "Common", "Common", "{4E7F0AEE-CC60-4E86-94C4-F4A29F5F1C24}"
EndProject
Project("{2150E333-8FDC-42A3-9474-1A3956D46DE8}") = "Common", "Common", "{3287EC57-04D1-47D5-98C1-F12AED67B3BC}"
EndProject
Project("{FAE04EC0-301F-11D3-BF4B-00C04F79EFBC}") = "GeoAPI", "src\Common\GeoAPI\GeoAPI.csproj", "{FFB69466-79DE-466A-ADA7-5C47C5C5CA3A}"
EndProject
Project("{FAE04EC0-301F-11D3-BF4B-00C04F79EFBC}") = "NetTopologySuite", "src\Common\NetTopologySuite\NetTopologySuite.csproj", "{5770DAA9-84E5-4770-AF43-F6B815894368}"
EndProject
Project("{FAE04EC0-301F-11D3-BF4B-00C04F79EFBC}") = "SharpMap", "src\Common\SharpMap\SharpMap.csproj", "{C83777FC-AABB-47D9-911F-D76255D4D541}"
EndProject
Project("{FAE04EC0-301F-11D3-BF4B-00C04F79EFBC}") = "GeoAPI.Extensions", "src\Common\GeoAPI.Extensions\GeoAPI.Extensions.csproj", "{016DBD27-99BF-489A-81B5-50D66964BB90}"
EndProject
Project("{FAE04EC0-301F-11D3-BF4B-00C04F79EFBC}") = "NetTopologySuite.Extensions", "src\Common\NetTopologySuite.Extensions\NetTopologySuite.Extensions.csproj", "{8A3636FB-31B4-4F4B-9165-F718F87A92DF}"
EndProject
Project("{FAE04EC0-301F-11D3-BF4B-00C04F79EFBC}") = "SharpMap.Extensions", "src\Common\SharpMap.Extensions\SharpMap.Extensions.csproj", "{A4140C12-53F5-438C-8D24-9E48C504FECF}"
EndProject
Project("{FAE04EC0-301F-11D3-BF4B-00C04F79EFBC}") = "NetTopologySuite.Extensions.NHibernate", "src\Common\NetTopologySuite.Extensions.NHibernate\NetTopologySuite.Extensions.NHibernate.csproj", "{02C8B725-3A65-4EEC-AB81-E55BEA29C305}"
EndProject
Project("{FAE04EC0-301F-11D3-BF4B-00C04F79EFBC}") = "SharpMap.UI", "src\Common\SharpMap.UI\SharpMap.UI.csproj", "{DD1CC1DB-4BF9-4C88-A100-733D84795F3A}"
EndProject
Project("{FAE04EC0-301F-11D3-BF4B-00C04F79EFBC}") = "DelftTools.Functions", "src\Common\DelftTools.Functions\DelftTools.Functions.csproj", "{7B4EB5A8-53A5-4AB2-8530-801BE8AA9534}"
EndProject
Project("{FAE04EC0-301F-11D3-BF4B-00C04F79EFBC}") = "DelftTools.Utils", "src\Common\DelftTools.Utils\DelftTools.Utils.csproj", "{F49BD8B2-332A-4C91-A196-8CCE0A2C7D98}"
EndProject
Project("{FAE04EC0-301F-11D3-BF4B-00C04F79EFBC}") = "DelftTools.Units", "src\Common\DelftTools.Units\DelftTools.Units.csproj", "{88274B6A-53B6-46BA-AE56-CEFBB44EBCEB}"
EndProject
Project("{FAE04EC0-301F-11D3-BF4B-00C04F79EFBC}") = "SharpMapTestUtils", "test\Common\SharpMapTestUtils\SharpMapTestUtils.csproj", "{0A82E7D2-26F8-4A30-9787-7EEABCD7F470}"
EndProject
Project("{FAE04EC0-301F-11D3-BF4B-00C04F79EFBC}") = "SharpMap.UI.Tests", "test\Common\SharpMap.UI.Tests\SharpMap.UI.Tests.csproj", "{93708508-7B00-4A26-80DA-C73A7251BCF6}"
EndProject
Project("{FAE04EC0-301F-11D3-BF4B-00C04F79EFBC}") = "SharpMap.Tests", "test\Common\SharpMap.Tests\SharpMap.Tests.csproj", "{0C76DD99-AC5D-47C0-B76F-CE70092A9AC7}"
EndProject
Project("{FAE04EC0-301F-11D3-BF4B-00C04F79EFBC}") = "SharpMap.Extensions.Tests", "test\Common\SharpMap.Extensions.Tests\SharpMap.Extensions.Tests.csproj", "{9A1F1308-F324-4905-A52A-6D718825960E}"
EndProject
Project("{FAE04EC0-301F-11D3-BF4B-00C04F79EFBC}") = "NetTopologySuite.Tests", "test\Common\NetTopologySuite.Tests\NetTopologySuite.Tests.csproj", "{FBA4B48A-CF75-4958-B1E5-412B75D29416}"
EndProject
Project("{FAE04EC0-301F-11D3-BF4B-00C04F79EFBC}") = "NetTopologySuite.Extensions.Tests", "test\Common\NetTopologySuite.Extensions.Tests\NetTopologySuite.Extensions.Tests.csproj", "{9D8E844F-20C7-4335-B3A9-2222976470DA}"
EndProject
Project("{FAE04EC0-301F-11D3-BF4B-00C04F79EFBC}") = "GeoAPI.Extentions.Tests", "test\Common\GeoAPI.Extentions.Tests\GeoAPI.Extentions.Tests.csproj", "{B750C8AF-F947-4F90-97FC-3211D1D7336A}"
EndProject
Project("{FAE04EC0-301F-11D3-BF4B-00C04F79EFBC}") = "DelftTools.TestUtils", "test\Common\DelftTools.TestUtils\DelftTools.TestUtils.csproj", "{EFA25023-CF6A-4FF7-8C42-B24D7F9509E1}"
EndProject
Project("{FAE04EC0-301F-11D3-BF4B-00C04F79EFBC}") = "DelftTools.Functions.Tests", "test\Common\DelftTools.Functions.Tests\DelftTools.Functions.Tests.csproj", "{1C651277-E020-439F-81C8-8965581C18BB}"
EndProject
Project("{FAE04EC0-301F-11D3-BF4B-00C04F79EFBC}") = "SharpMap.Api", "src\Common\SharpMap.Api\SharpMap.Api.csproj", "{A3C9DF74-978A-44B1-B55D-A72AC4221E3A}"
EndProject
Project("{FAE04EC0-301F-11D3-BF4B-00C04F79EFBC}") = "DelftTools.Utils.RemoteInstanceServer", "src\Common\DelftTools.Utils.RemoteInstanceServer\DelftTools.Utils.RemoteInstanceServer.csproj", "{89ED43B3-178F-4BC4-A457-656B4F736E56}"
EndProject
Global
	GlobalSection(SolutionConfigurationPlatforms) = preSolution
		Debug|Any CPU = Debug|Any CPU
		Release|Any CPU = Release|Any CPU
	EndGlobalSection
	GlobalSection(ProjectConfigurationPlatforms) = postSolution
		{FFB69466-79DE-466A-ADA7-5C47C5C5CA3A}.Debug|Any CPU.ActiveCfg = Debug|Any CPU
		{FFB69466-79DE-466A-ADA7-5C47C5C5CA3A}.Debug|Any CPU.Build.0 = Debug|Any CPU
		{FFB69466-79DE-466A-ADA7-5C47C5C5CA3A}.Release|Any CPU.ActiveCfg = Release|Any CPU
		{FFB69466-79DE-466A-ADA7-5C47C5C5CA3A}.Release|Any CPU.Build.0 = Release|Any CPU
		{5770DAA9-84E5-4770-AF43-F6B815894368}.Debug|Any CPU.ActiveCfg = Debug|Any CPU
		{5770DAA9-84E5-4770-AF43-F6B815894368}.Debug|Any CPU.Build.0 = Debug|Any CPU
		{5770DAA9-84E5-4770-AF43-F6B815894368}.Release|Any CPU.ActiveCfg = Release|Any CPU
		{5770DAA9-84E5-4770-AF43-F6B815894368}.Release|Any CPU.Build.0 = Release|Any CPU
		{C83777FC-AABB-47D9-911F-D76255D4D541}.Debug|Any CPU.ActiveCfg = Debug|Any CPU
		{C83777FC-AABB-47D9-911F-D76255D4D541}.Debug|Any CPU.Build.0 = Debug|Any CPU
		{C83777FC-AABB-47D9-911F-D76255D4D541}.Release|Any CPU.ActiveCfg = Release|Any CPU
		{C83777FC-AABB-47D9-911F-D76255D4D541}.Release|Any CPU.Build.0 = Release|Any CPU
		{016DBD27-99BF-489A-81B5-50D66964BB90}.Debug|Any CPU.ActiveCfg = Debug|Any CPU
		{016DBD27-99BF-489A-81B5-50D66964BB90}.Debug|Any CPU.Build.0 = Debug|Any CPU
		{016DBD27-99BF-489A-81B5-50D66964BB90}.Release|Any CPU.ActiveCfg = Release|Any CPU
		{016DBD27-99BF-489A-81B5-50D66964BB90}.Release|Any CPU.Build.0 = Release|Any CPU
		{8A3636FB-31B4-4F4B-9165-F718F87A92DF}.Debug|Any CPU.ActiveCfg = Debug|Any CPU
		{8A3636FB-31B4-4F4B-9165-F718F87A92DF}.Debug|Any CPU.Build.0 = Debug|Any CPU
		{8A3636FB-31B4-4F4B-9165-F718F87A92DF}.Release|Any CPU.ActiveCfg = Release|Any CPU
		{8A3636FB-31B4-4F4B-9165-F718F87A92DF}.Release|Any CPU.Build.0 = Release|Any CPU
		{A4140C12-53F5-438C-8D24-9E48C504FECF}.Debug|Any CPU.ActiveCfg = Debug|Any CPU
		{A4140C12-53F5-438C-8D24-9E48C504FECF}.Debug|Any CPU.Build.0 = Debug|Any CPU
		{A4140C12-53F5-438C-8D24-9E48C504FECF}.Release|Any CPU.ActiveCfg = Release|Any CPU
		{A4140C12-53F5-438C-8D24-9E48C504FECF}.Release|Any CPU.Build.0 = Release|Any CPU
		{02C8B725-3A65-4EEC-AB81-E55BEA29C305}.Debug|Any CPU.ActiveCfg = Debug|Any CPU
		{02C8B725-3A65-4EEC-AB81-E55BEA29C305}.Debug|Any CPU.Build.0 = Debug|Any CPU
		{02C8B725-3A65-4EEC-AB81-E55BEA29C305}.Release|Any CPU.ActiveCfg = Release|Any CPU
		{02C8B725-3A65-4EEC-AB81-E55BEA29C305}.Release|Any CPU.Build.0 = Release|Any CPU
		{DD1CC1DB-4BF9-4C88-A100-733D84795F3A}.Debug|Any CPU.ActiveCfg = Debug|Any CPU
		{DD1CC1DB-4BF9-4C88-A100-733D84795F3A}.Debug|Any CPU.Build.0 = Debug|Any CPU
		{DD1CC1DB-4BF9-4C88-A100-733D84795F3A}.Release|Any CPU.ActiveCfg = Release|Any CPU
		{DD1CC1DB-4BF9-4C88-A100-733D84795F3A}.Release|Any CPU.Build.0 = Release|Any CPU
		{7B4EB5A8-53A5-4AB2-8530-801BE8AA9534}.Debug|Any CPU.ActiveCfg = Debug|Any CPU
		{7B4EB5A8-53A5-4AB2-8530-801BE8AA9534}.Debug|Any CPU.Build.0 = Debug|Any CPU
		{7B4EB5A8-53A5-4AB2-8530-801BE8AA9534}.Release|Any CPU.ActiveCfg = Release|Any CPU
		{7B4EB5A8-53A5-4AB2-8530-801BE8AA9534}.Release|Any CPU.Build.0 = Release|Any CPU
		{F49BD8B2-332A-4C91-A196-8CCE0A2C7D98}.Debug|Any CPU.ActiveCfg = Debug|Any CPU
		{F49BD8B2-332A-4C91-A196-8CCE0A2C7D98}.Debug|Any CPU.Build.0 = Debug|Any CPU
		{F49BD8B2-332A-4C91-A196-8CCE0A2C7D98}.Release|Any CPU.ActiveCfg = Release|Any CPU
		{F49BD8B2-332A-4C91-A196-8CCE0A2C7D98}.Release|Any CPU.Build.0 = Release|Any CPU
		{88274B6A-53B6-46BA-AE56-CEFBB44EBCEB}.Debug|Any CPU.ActiveCfg = Debug|Any CPU
		{88274B6A-53B6-46BA-AE56-CEFBB44EBCEB}.Debug|Any CPU.Build.0 = Debug|Any CPU
		{88274B6A-53B6-46BA-AE56-CEFBB44EBCEB}.Release|Any CPU.ActiveCfg = Release|Any CPU
		{88274B6A-53B6-46BA-AE56-CEFBB44EBCEB}.Release|Any CPU.Build.0 = Release|Any CPU
		{0A82E7D2-26F8-4A30-9787-7EEABCD7F470}.Debug|Any CPU.ActiveCfg = Debug|x86
		{0A82E7D2-26F8-4A30-9787-7EEABCD7F470}.Release|Any CPU.ActiveCfg = Release|x86
		{93708508-7B00-4A26-80DA-C73A7251BCF6}.Debug|Any CPU.ActiveCfg = Debug|x86
		{93708508-7B00-4A26-80DA-C73A7251BCF6}.Release|Any CPU.ActiveCfg = Release|x86
		{0C76DD99-AC5D-47C0-B76F-CE70092A9AC7}.Debug|Any CPU.ActiveCfg = Debug|x86
		{0C76DD99-AC5D-47C0-B76F-CE70092A9AC7}.Release|Any CPU.ActiveCfg = Release|x86
		{9A1F1308-F324-4905-A52A-6D718825960E}.Debug|Any CPU.ActiveCfg = Debug|x86
		{9A1F1308-F324-4905-A52A-6D718825960E}.Release|Any CPU.ActiveCfg = Release|x86
		{FBA4B48A-CF75-4958-B1E5-412B75D29416}.Debug|Any CPU.ActiveCfg = Debug|x86
		{FBA4B48A-CF75-4958-B1E5-412B75D29416}.Release|Any CPU.ActiveCfg = Release|x86
		{9D8E844F-20C7-4335-B3A9-2222976470DA}.Debug|Any CPU.ActiveCfg = Debug|x86
		{9D8E844F-20C7-4335-B3A9-2222976470DA}.Release|Any CPU.ActiveCfg = Release|x86
		{B750C8AF-F947-4F90-97FC-3211D1D7336A}.Debug|Any CPU.ActiveCfg = Debug|x86
		{B750C8AF-F947-4F90-97FC-3211D1D7336A}.Release|Any CPU.ActiveCfg = Release|x86
		{EFA25023-CF6A-4FF7-8C42-B24D7F9509E1}.Debug|Any CPU.ActiveCfg = Debug|x86
		{EFA25023-CF6A-4FF7-8C42-B24D7F9509E1}.Release|Any CPU.ActiveCfg = Release|x86
		{1C651277-E020-439F-81C8-8965581C18BB}.Debug|Any CPU.ActiveCfg = Debug|x86
		{1C651277-E020-439F-81C8-8965581C18BB}.Release|Any CPU.ActiveCfg = Release|x86
		{A3C9DF74-978A-44B1-B55D-A72AC4221E3A}.Debug|Any CPU.ActiveCfg = Debug|Any CPU
		{A3C9DF74-978A-44B1-B55D-A72AC4221E3A}.Debug|Any CPU.Build.0 = Debug|Any CPU
		{A3C9DF74-978A-44B1-B55D-A72AC4221E3A}.Release|Any CPU.ActiveCfg = Release|Any CPU
		{A3C9DF74-978A-44B1-B55D-A72AC4221E3A}.Release|Any CPU.Build.0 = Release|Any CPU
		{89ED43B3-178F-4BC4-A457-656B4F736E56}.Debug|Any CPU.ActiveCfg = Debug|x86
		{89ED43B3-178F-4BC4-A457-656B4F736E56}.Release|Any CPU.ActiveCfg = Release|x86
	EndGlobalSection
	GlobalSection(SolutionProperties) = preSolution
		HideSolutionNode = FALSE
	EndGlobalSection
	GlobalSection(NestedProjects) = preSolution
		{4E7F0AEE-CC60-4E86-94C4-F4A29F5F1C24} = {0D593F67-E6F2-410F-9905-14F3E701E2CE}
		{3287EC57-04D1-47D5-98C1-F12AED67B3BC} = {B13E139A-4DBF-4348-B4BA-3BB4A7B84131}
		{FFB69466-79DE-466A-ADA7-5C47C5C5CA3A} = {4E7F0AEE-CC60-4E86-94C4-F4A29F5F1C24}
		{5770DAA9-84E5-4770-AF43-F6B815894368} = {4E7F0AEE-CC60-4E86-94C4-F4A29F5F1C24}
		{C83777FC-AABB-47D9-911F-D76255D4D541} = {4E7F0AEE-CC60-4E86-94C4-F4A29F5F1C24}
		{016DBD27-99BF-489A-81B5-50D66964BB90} = {4E7F0AEE-CC60-4E86-94C4-F4A29F5F1C24}
		{8A3636FB-31B4-4F4B-9165-F718F87A92DF} = {4E7F0AEE-CC60-4E86-94C4-F4A29F5F1C24}
		{A4140C12-53F5-438C-8D24-9E48C504FECF} = {4E7F0AEE-CC60-4E86-94C4-F4A29F5F1C24}
		{02C8B725-3A65-4EEC-AB81-E55BEA29C305} = {4E7F0AEE-CC60-4E86-94C4-F4A29F5F1C24}
		{DD1CC1DB-4BF9-4C88-A100-733D84795F3A} = {4E7F0AEE-CC60-4E86-94C4-F4A29F5F1C24}
		{7B4EB5A8-53A5-4AB2-8530-801BE8AA9534} = {4E7F0AEE-CC60-4E86-94C4-F4A29F5F1C24}
		{F49BD8B2-332A-4C91-A196-8CCE0A2C7D98} = {4E7F0AEE-CC60-4E86-94C4-F4A29F5F1C24}
		{88274B6A-53B6-46BA-AE56-CEFBB44EBCEB} = {4E7F0AEE-CC60-4E86-94C4-F4A29F5F1C24}
		{A3C9DF74-978A-44B1-B55D-A72AC4221E3A} = {4E7F0AEE-CC60-4E86-94C4-F4A29F5F1C24}
		{89ED43B3-178F-4BC4-A457-656B4F736E56} = {4E7F0AEE-CC60-4E86-94C4-F4A29F5F1C24}
		{0A82E7D2-26F8-4A30-9787-7EEABCD7F470} = {3287EC57-04D1-47D5-98C1-F12AED67B3BC}
		{93708508-7B00-4A26-80DA-C73A7251BCF6} = {3287EC57-04D1-47D5-98C1-F12AED67B3BC}
		{0C76DD99-AC5D-47C0-B76F-CE70092A9AC7} = {3287EC57-04D1-47D5-98C1-F12AED67B3BC}
		{9A1F1308-F324-4905-A52A-6D718825960E} = {3287EC57-04D1-47D5-98C1-F12AED67B3BC}
		{FBA4B48A-CF75-4958-B1E5-412B75D29416} = {3287EC57-04D1-47D5-98C1-F12AED67B3BC}
		{9D8E844F-20C7-4335-B3A9-2222976470DA} = {3287EC57-04D1-47D5-98C1-F12AED67B3BC}
		{B750C8AF-F947-4F90-97FC-3211D1D7336A} = {3287EC57-04D1-47D5-98C1-F12AED67B3BC}
		{EFA25023-CF6A-4FF7-8C42-B24D7F9509E1} = {3287EC57-04D1-47D5-98C1-F12AED67B3BC}
		{1C651277-E020-439F-81C8-8965581C18BB} = {3287EC57-04D1-47D5-98C1-F12AED67B3BC}
	EndGlobalSection
EndGlobal
