Microsoft Visual Studio Solution File, Format Version 12.00
# Visual Studio 2012
Project("{2150E333-8FDC-42A3-9474-1A3956D46DE8}") = "src", "src", "{BABF6FD6-CAC9-4D9D-ACD7-4F8593F4A6B5}"
	ProjectSection(FolderStartupServices) = postProject
		{B4F97281-0DBD-4835-9ED8-7DFB966E87FF} = {B4F97281-0DBD-4835-9ED8-7DFB966E87FF}
	EndProjectSection
EndProject
Project("{2150E333-8FDC-42A3-9474-1A3956D46DE8}") = "Common", "Common", "{E9AB82FF-E943-42BD-895B-1617B073982D}"
	ProjectSection(FolderStartupServices) = postProject
		{B4F97281-0DBD-4835-9ED8-7DFB966E87FF} = {B4F97281-0DBD-4835-9ED8-7DFB966E87FF}
	EndProjectSection
EndProject
Project("{2150E333-8FDC-42A3-9474-1A3956D46DE8}") = "Plugins", "Plugins", "{29A2E166-071C-4838-A376-3563449FF941}"
	ProjectSection(FolderStartupServices) = postProject
		{B4F97281-0DBD-4835-9ED8-7DFB966E87FF} = {B4F97281-0DBD-4835-9ED8-7DFB966E87FF}
	EndProjectSection
EndProject
Project("{2150E333-8FDC-42A3-9474-1A3956D46DE8}") = "DeltaShell", "DeltaShell", "{56884934-D362-4799-BDBE-A6F781D4CD2E}"
	ProjectSection(FolderStartupServices) = postProject
		{B4F97281-0DBD-4835-9ED8-7DFB966E87FF} = {B4F97281-0DBD-4835-9ED8-7DFB966E87FF}
	EndProjectSection
EndProject
Project("{2150E333-8FDC-42A3-9474-1A3956D46DE8}") = "test", "test", "{EFC4807B-3CF8-4A8F-BDE5-F9B9BD9E4F24}"
EndProject
Project("{2150E333-8FDC-42A3-9474-1A3956D46DE8}") = "Plugins", "Plugins", "{2975843E-D6D2-42DE-8B41-548D73D7B206}"
EndProject
Project("{2150E333-8FDC-42A3-9474-1A3956D46DE8}") = "Common", "Common", "{9C0E0D92-93E4-426C-92AD-556D9C3241FF}"
EndProject
Project("{2150E333-8FDC-42A3-9474-1A3956D46DE8}") = "DeltaShell", "DeltaShell", "{A300D2BD-2E91-4EA7-A421-646EE7B5118B}"
EndProject
Project("{FAE04EC0-301F-11D3-BF4B-00C04F79EFBC}") = "DeltaShell.Gui", "src\DeltaShell\DeltaShell.Gui\DeltaShell.Gui.csproj", "{4A7D6720-4AA1-4F0B-A796-A0436DB3D7D7}"
	ProjectSection(ProjectDependencies) = postProject
		{D64E4F0E-E341-496F-82B2-941AD202B4E3} = {D64E4F0E-E341-496F-82B2-941AD202B4E3}
		{0BC3751E-EC42-40A0-A7D3-B7C2AA66976E} = {0BC3751E-EC42-40A0-A7D3-B7C2AA66976E}
		{BEFDCC44-2638-4972-B353-42D14C7DA2C6} = {BEFDCC44-2638-4972-B353-42D14C7DA2C6}
		{35B87B7A-7F50-4139-B563-589EE522B1ED} = {35B87B7A-7F50-4139-B563-589EE522B1ED}
		{ED20DBA9-D577-423F-A68D-A0A8130FB10B} = {ED20DBA9-D577-423F-A68D-A0A8130FB10B}
		{93E73FAB-FAE8-49C6-9ABB-27D24DF761F6} = {93E73FAB-FAE8-49C6-9ABB-27D24DF761F6}
		{1D3D58B6-EF7E-401E-92A0-104067D222EE} = {1D3D58B6-EF7E-401E-92A0-104067D222EE}
		{CE994CC9-6F6A-48AC-B4BE-02C30A21F4DB} = {CE994CC9-6F6A-48AC-B4BE-02C30A21F4DB}
		{7CD038E1-E111-4969-ACED-22C5BD2974E1} = {7CD038E1-E111-4969-ACED-22C5BD2974E1}
		{696DAAEE-D1D8-42D0-86AC-471B970FB17E} = {696DAAEE-D1D8-42D0-86AC-471B970FB17E}
	EndProjectSection
EndProject
Project("{FAE04EC0-301F-11D3-BF4B-00C04F79EFBC}") = "DelftTools.Shell.Gui", "src\Common\DelftTools.Shell.Gui\DelftTools.Shell.Gui.csproj", "{30E4C2AE-719E-4D70-9FA9-668A9767FBFA}"
EndProject
Project("{FAE04EC0-301F-11D3-BF4B-00C04F79EFBC}") = "DelftTools.Shell.Gui.Swf", "src\Common\DelftTools.Shell.Gui.Swf\DelftTools.Shell.Gui.Swf.csproj", "{08205620-D756-4533-922C-D6A4C0038535}"
EndProject
Project("{FAE04EC0-301F-11D3-BF4B-00C04F79EFBC}") = "DelftTools.Utils", "src\Common\DelftTools.Utils\DelftTools.Utils.csproj", "{F49BD8B2-332A-4C91-A196-8CCE0A2C7D98}"
	ProjectSection(ProjectDependencies) = postProject
		{89ED43B3-178F-4BC4-A457-656B4F736E56} = {89ED43B3-178F-4BC4-A457-656B4F736E56}
	EndProjectSection
EndProject
Project("{FAE04EC0-301F-11D3-BF4B-00C04F79EFBC}") = "GeoAPI", "src\Common\GeoAPI\GeoAPI.csproj", "{FFB69466-79DE-466A-ADA7-5C47C5C5CA3A}"
EndProject
Project("{FAE04EC0-301F-11D3-BF4B-00C04F79EFBC}") = "GeoAPI.Extensions", "src\Common\GeoAPI.Extensions\GeoAPI.Extensions.csproj", "{016DBD27-99BF-489A-81B5-50D66964BB90}"
EndProject
Project("{FAE04EC0-301F-11D3-BF4B-00C04F79EFBC}") = "NetTopologySuite", "src\Common\NetTopologySuite\NetTopologySuite.csproj", "{5770DAA9-84E5-4770-AF43-F6B815894368}"
EndProject
Project("{FAE04EC0-301F-11D3-BF4B-00C04F79EFBC}") = "SharpMap", "src\Common\SharpMap\SharpMap.csproj", "{C83777FC-AABB-47D9-911F-D76255D4D541}"
EndProject
Project("{FAE04EC0-301F-11D3-BF4B-00C04F79EFBC}") = "SharpMap.Extensions", "src\Common\SharpMap.Extensions\SharpMap.Extensions.csproj", "{A4140C12-53F5-438C-8D24-9E48C504FECF}"
EndProject
Project("{FAE04EC0-301F-11D3-BF4B-00C04F79EFBC}") = "SharpMap.UI", "src\Common\SharpMap.UI\SharpMap.UI.csproj", "{DD1CC1DB-4BF9-4C88-A100-733D84795F3A}"
EndProject
Project("{FAE04EC0-301F-11D3-BF4B-00C04F79EFBC}") = "DeltaShell.Core", "src\DeltaShell\DeltaShell.Core\DeltaShell.Core.csproj", "{3BBFD65B-B277-4E50-AE6D-BD24C3434609}"
	ProjectSection(ProjectDependencies) = postProject
		{A4140C12-53F5-438C-8D24-9E48C504FECF} = {A4140C12-53F5-438C-8D24-9E48C504FECF}
		{016DBD27-99BF-489A-81B5-50D66964BB90} = {016DBD27-99BF-489A-81B5-50D66964BB90}
		{BEFDCC44-2638-4972-B353-42D14C7DA2C6} = {BEFDCC44-2638-4972-B353-42D14C7DA2C6}
		{FFB69466-79DE-466A-ADA7-5C47C5C5CA3A} = {FFB69466-79DE-466A-ADA7-5C47C5C5CA3A}
		{5770DAA9-84E5-4770-AF43-F6B815894368} = {5770DAA9-84E5-4770-AF43-F6B815894368}
		{696DAAEE-D1D8-42D0-86AC-471B970FB17E} = {696DAAEE-D1D8-42D0-86AC-471B970FB17E}
		{8A3636FB-31B4-4F4B-9165-F718F87A92DF} = {8A3636FB-31B4-4F4B-9165-F718F87A92DF}
		{C83777FC-AABB-47D9-911F-D76255D4D541} = {C83777FC-AABB-47D9-911F-D76255D4D541}
	EndProjectSection
EndProject
Project("{FAE04EC0-301F-11D3-BF4B-00C04F79EFBC}") = "DeltaShell.Plugins.CommonTools", "src\DeltaShell\DeltaShell.Plugins.CommonTools\DeltaShell.Plugins.CommonTools.csproj", "{BEFDCC44-2638-4972-B353-42D14C7DA2C6}"
EndProject
Project("{FAE04EC0-301F-11D3-BF4B-00C04F79EFBC}") = "DeltaShell.Plugins.ProjectExplorer", "src\DeltaShell\DeltaShell.Plugins.ProjectExplorer\DeltaShell.Plugins.ProjectExplorer.csproj", "{ED20DBA9-D577-423F-A68D-A0A8130FB10B}"
EndProject
Project("{FAE04EC0-301F-11D3-BF4B-00C04F79EFBC}") = "DeltaShell.Plugins.SharpMapGis", "src\DeltaShell\DeltaShell.Plugins.SharpMapGis\DeltaShell.Plugins.SharpMapGis.csproj", "{696DAAEE-D1D8-42D0-86AC-471B970FB17E}"
EndProject
Project("{FAE04EC0-301F-11D3-BF4B-00C04F79EFBC}") = "DelftTools.Tests", "test\Common\DelftTools.Tests\DelftTools.Tests.csproj", "{FAFDB463-9612-41F4-B3DD-FF9C6E7023BA}"
EndProject
Project("{FAE04EC0-301F-11D3-BF4B-00C04F79EFBC}") = "DelftTools.TestUtils", "test\Common\DelftTools.TestUtils\DelftTools.TestUtils.csproj", "{EFA25023-CF6A-4FF7-8C42-B24D7F9509E1}"
EndProject
Project("{FAE04EC0-301F-11D3-BF4B-00C04F79EFBC}") = "GeoAPI.Extentions.Tests", "test\Common\GeoAPI.Extentions.Tests\GeoAPI.Extentions.Tests.csproj", "{B750C8AF-F947-4F90-97FC-3211D1D7336A}"
EndProject
Project("{FAE04EC0-301F-11D3-BF4B-00C04F79EFBC}") = "NetTopologySuite.Extensions.Tests", "test\Common\NetTopologySuite.Extensions.Tests\NetTopologySuite.Extensions.Tests.csproj", "{9D8E844F-20C7-4335-B3A9-2222976470DA}"
EndProject
Project("{FAE04EC0-301F-11D3-BF4B-00C04F79EFBC}") = "NetTopologySuite.Tests", "test\Common\NetTopologySuite.Tests\NetTopologySuite.Tests.csproj", "{FBA4B48A-CF75-4958-B1E5-412B75D29416}"
EndProject
Project("{FAE04EC0-301F-11D3-BF4B-00C04F79EFBC}") = "SharpMap.Extensions.Tests", "test\Common\SharpMap.Extensions.Tests\SharpMap.Extensions.Tests.csproj", "{9A1F1308-F324-4905-A52A-6D718825960E}"
EndProject
Project("{FAE04EC0-301F-11D3-BF4B-00C04F79EFBC}") = "SharpMap.Tests", "test\Common\SharpMap.Tests\SharpMap.Tests.csproj", "{0C76DD99-AC5D-47C0-B76F-CE70092A9AC7}"
EndProject
Project("{FAE04EC0-301F-11D3-BF4B-00C04F79EFBC}") = "SharpMap.UI.Tests", "test\Common\SharpMap.UI.Tests\SharpMap.UI.Tests.csproj", "{93708508-7B00-4A26-80DA-C73A7251BCF6}"
EndProject
Project("{FAE04EC0-301F-11D3-BF4B-00C04F79EFBC}") = "SharpMapTestUtils", "test\Common\SharpMapTestUtils\SharpMapTestUtils.csproj", "{0A82E7D2-26F8-4A30-9787-7EEABCD7F470}"
EndProject
Project("{FAE04EC0-301F-11D3-BF4B-00C04F79EFBC}") = "DeltaShell.IntegrationTests", "test\DeltaShell\DeltaShell.IntegrationTests\DeltaShell.IntegrationTests.csproj", "{A6A434E0-AE5A-4D5B-97D7-532B00FBDFE9}"
EndProject
Project("{FAE04EC0-301F-11D3-BF4B-00C04F79EFBC}") = "DeltaShell.Plugins.CommonTools.Tests", "test\DeltaShell\DeltaShell.Plugins.CommonTools.Tests\DeltaShell.Plugins.CommonTools.Tests.csproj", "{8BD31773-6F6D-42EE-810D-0A5DAD809F9D}"
EndProject
Project("{FAE04EC0-301F-11D3-BF4B-00C04F79EFBC}") = "DeltaShell.Plugins.ProjectExplorer.Tests", "test\DeltaShell\DeltaShell.Plugins.ProjectExplorer.Tests\DeltaShell.Plugins.ProjectExplorer.Tests.csproj", "{07206938-9671-4DC7-BDE4-35B0F6E20DBC}"
EndProject
Project("{FAE04EC0-301F-11D3-BF4B-00C04F79EFBC}") = "DeltaShell.Plugins.SharpMapGis.Tests", "test\DeltaShell\DeltaShell.Plugins.SharpMapGis.Tests\DeltaShell.Plugins.SharpMapGis.Tests.csproj", "{4FDA4BD2-2C84-4C7C-9908-818884D52DBB}"
EndProject
Project("{FAE04EC0-301F-11D3-BF4B-00C04F79EFBC}") = "DeltaShell.Tests", "test\DeltaShell\DeltaShell.Tests\DeltaShell.Tests.csproj", "{E0990383-FB2E-47D1-99CD-9B9FA2929E5B}"
EndProject
Project("{FAE04EC0-301F-11D3-BF4B-00C04F79EFBC}") = "NetTopologySuite.Extensions", "src\Common\NetTopologySuite.Extensions\NetTopologySuite.Extensions.csproj", "{8A3636FB-31B4-4F4B-9165-F718F87A92DF}"
EndProject
Project("{FAE04EC0-301F-11D3-BF4B-00C04F79EFBC}") = "DelftTools.Controls", "src\Common\DelftTools.Controls\DelftTools.Controls.csproj", "{9A2D67E6-26AC-4D17-B11A-2B4372F2F572}"
EndProject
Project("{FAE04EC0-301F-11D3-BF4B-00C04F79EFBC}") = "DelftTools.Controls.Swf", "src\Common\DelftTools.Controls.Swf\DelftTools.Controls.Swf.csproj", "{3DBD23CE-5C4A-4A49-B51C-B268CB2B510E}"
EndProject
Project("{FAE04EC0-301F-11D3-BF4B-00C04F79EFBC}") = "DelftTools.Shell.Core", "src\Common\DelftTools.Shell.Core\DelftTools.Shell.Core.csproj", "{82B61D20-FD4B-49BE-9252-5BF6E3EE4666}"
EndProject
Project("{FAE04EC0-301F-11D3-BF4B-00C04F79EFBC}") = "DelftTools.Utils.Tests", "test\Common\DelftTools.Utils.Tests\DelftTools.Utils.Tests.csproj", "{7F937E31-02CA-41D9-B7D4-1079CF452C72}"
EndProject
Project("{FAE04EC0-301F-11D3-BF4B-00C04F79EFBC}") = "DeltaShell.Plugins.CommonTools.Gui", "src\DeltaShell\DeltaShell.Plugins.CommonTools.Gui\DeltaShell.Plugins.CommonTools.Gui.csproj", "{93E73FAB-FAE8-49C6-9ABB-27D24DF761F6}"
EndProject
Project("{FAE04EC0-301F-11D3-BF4B-00C04F79EFBC}") = "DeltaShell.Plugins.SharpMapGis.Gui", "src\DeltaShell\DeltaShell.Plugins.SharpMapGis.Gui\DeltaShell.Plugins.SharpMapGis.Gui.csproj", "{0BC3751E-EC42-40A0-A7D3-B7C2AA66976E}"
EndProject
Project("{FAE04EC0-301F-11D3-BF4B-00C04F79EFBC}") = "SharpMap.Api", "src\Common\SharpMap.Api\SharpMap.Api.csproj", "{A3C9DF74-978A-44B1-B55D-A72AC4221E3A}"
EndProject
Project("{FAE04EC0-301F-11D3-BF4B-00C04F79EFBC}") = "DelftTools.Utils.RemoteInstanceServer", "src\Common\DelftTools.Utils.RemoteInstanceServer\DelftTools.Utils.RemoteInstanceServer.csproj", "{89ED43B3-178F-4BC4-A457-656B4F736E56}"
EndProject
Project("{2150E333-8FDC-42A3-9474-1A3956D46DE8}") = "Wti", "Wti", "{C9DA93BC-1034-4D15-AD4E-773E3F560179}"
EndProject
Project("{FAE04EC0-301F-11D3-BF4B-00C04F79EFBC}") = "Wti.Data", "src\Plugins\Wti\Wti.Data\Wti.Data.csproj", "{CE994CC9-6F6A-48AC-B4BE-02C30A21F4DB}"
EndProject
Project("{FAE04EC0-301F-11D3-BF4B-00C04F79EFBC}") = "Wti.IO", "src\Plugins\Wti\Wti.IO\Wti.IO.csproj", "{35B87B7A-7F50-4139-B563-589EE522B1ED}"
EndProject
Project("{FAE04EC0-301F-11D3-BF4B-00C04F79EFBC}") = "Wti.Forms", "src\Plugins\Wti\Wti.Forms\Wti.Forms.csproj", "{7CD038E1-E111-4969-ACED-22C5BD2974E1}"
EndProject
Project("{FAE04EC0-301F-11D3-BF4B-00C04F79EFBC}") = "Wti.Calculation", "src\Plugins\Wti\Wti.Calculation\Wti.Calculation.csproj", "{D64E4F0E-E341-496F-82B2-941AD202B4E3}"
EndProject
Project("{FAE04EC0-301F-11D3-BF4B-00C04F79EFBC}") = "Wti.Plugin", "src\Plugins\Wti\Wti.Plugin\Wti.Plugin.csproj", "{1D3D58B6-EF7E-401E-92A0-104067D222EE}"
EndProject
Project("{2150E333-8FDC-42A3-9474-1A3956D46DE8}") = "Wti", "Wti", "{BC862348-6B4E-49EA-9099-2E5BE6DC183A}"
EndProject
Project("{FAE04EC0-301F-11D3-BF4B-00C04F79EFBC}") = "Wti.Calculation.Test", "test\Plugins\Wti\Wti.Calculation.Test\Wti.Calculation.Test.csproj", "{91389DA2-3FF4-4559-90B3-4061549789DD}"
EndProject
Project("{FAE04EC0-301F-11D3-BF4B-00C04F79EFBC}") = "Wti.Forms.Test", "test\Plugins\Wti\Wti.Forms.Test\Wti.Forms.Test.csproj", "{622A8282-D872-4DD5-8B70-578A403F74FF}"
EndProject
Project("{FAE04EC0-301F-11D3-BF4B-00C04F79EFBC}") = "Wti.IO.Test", "test\Plugins\Wti\Wti.IO.Test\Wti.IO.Test.csproj", "{E4B0E068-F1A3-47BA-965F-0EC1E78E530A}"
EndProject
Project("{FAE04EC0-301F-11D3-BF4B-00C04F79EFBC}") = "Wti.Plugin.Test", "test\Plugins\Wti\Wti.Plugin.Test\Wti.Plugin.Test.csproj", "{9A5C8069-520E-49D3-AA62-E8FB19614A27}"
EndProject
Project("{FAE04EC0-301F-11D3-BF4B-00C04F79EFBC}") = "Wti.Data.Test", "test\Plugins\Wti\Wti.Data.Test\Wti.Data.Test.csproj", "{19EB1C52-D90B-40F2-A7AF-364CC5D89F68}"
EndProject
Project("{2150E333-8FDC-42A3-9474-1A3956D46DE8}") = "installer", "installer", "{C4E268AD-A25B-4F47-8F92-E5137FDF7CC7}"
EndProject
Project("{930C7802-8A8C-48F9-8165-68863BCCD9DD}") = "WtiSetup", "setup\Plugins\WtiSetup\WtiSetup.wixproj", "{3CCB05DB-C7B3-4EF7-B41D-22B6D2A3774E}"
EndProject
Project("{FAE04EC0-301F-11D3-BF4B-00C04F79EFBC}") = "Wti.Controller", "src\Plugins\Wti\Wti.Controller\Wti.Controller.csproj", "{10B8D63D-87E8-46DF-ACA9-A8CF22EE8FB5}"
EndProject
Project("{FAE04EC0-301F-11D3-BF4B-00C04F79EFBC}") = "Wti.Controller.Test", "test\Plugins\Wti\Wti.Controller.Test\Wti.Controller.Test.csproj", "{D783543B-46A1-4848-A812-AF5A5259ED7E}"
EndProject
Project("{2150E333-8FDC-42A3-9474-1A3956D46DE8}") = "documentation", "documentation", "{0D2E4E16-EE0A-4E50-9218-947B1D91C84D}"
EndProject
Project("{FAE04EC0-301F-11D3-BF4B-00C04F79EFBC}") = "UML", "src\documentation\UML\UML.csproj", "{4AD99020-8612-46E5-A313-F9ADA7B196E4}"
EndProject
Project("{FAE04EC0-301F-11D3-BF4B-00C04F79EFBC}") = "Wti.Base", "src\Common\Wti.Base\Wti.Base.csproj", "{C90B77DA-E421-43CC-B82E-529651BC21AC}"
EndProject
Global
	GlobalSection(SolutionConfigurationPlatforms) = preSolution
		CreateInstaller|Any CPU = CreateInstaller|Any CPU
		Debug|Any CPU = Debug|Any CPU
		Release|Any CPU = Release|Any CPU
	EndGlobalSection
	GlobalSection(ProjectConfigurationPlatforms) = postSolution
		{4A7D6720-4AA1-4F0B-A796-A0436DB3D7D7}.CreateInstaller|Any CPU.ActiveCfg = CreateInstaller|x86
		{4A7D6720-4AA1-4F0B-A796-A0436DB3D7D7}.CreateInstaller|Any CPU.Build.0 = CreateInstaller|x86
		{4A7D6720-4AA1-4F0B-A796-A0436DB3D7D7}.Debug|Any CPU.ActiveCfg = Debug|x86
		{4A7D6720-4AA1-4F0B-A796-A0436DB3D7D7}.Debug|Any CPU.Build.0 = Debug|x86
		{4A7D6720-4AA1-4F0B-A796-A0436DB3D7D7}.Release|Any CPU.ActiveCfg = Release|x86
		{4A7D6720-4AA1-4F0B-A796-A0436DB3D7D7}.Release|Any CPU.Build.0 = Release|x86
		{30E4C2AE-719E-4D70-9FA9-668A9767FBFA}.CreateInstaller|Any CPU.ActiveCfg = CreateInstaller|x86
		{30E4C2AE-719E-4D70-9FA9-668A9767FBFA}.CreateInstaller|Any CPU.Build.0 = CreateInstaller|x86
		{30E4C2AE-719E-4D70-9FA9-668A9767FBFA}.Debug|Any CPU.ActiveCfg = Debug|x86
		{30E4C2AE-719E-4D70-9FA9-668A9767FBFA}.Debug|Any CPU.Build.0 = Debug|x86
		{30E4C2AE-719E-4D70-9FA9-668A9767FBFA}.Release|Any CPU.ActiveCfg = Release|x86
		{30E4C2AE-719E-4D70-9FA9-668A9767FBFA}.Release|Any CPU.Build.0 = Release|x86
		{08205620-D756-4533-922C-D6A4C0038535}.CreateInstaller|Any CPU.ActiveCfg = CreateInstaller|x86
		{08205620-D756-4533-922C-D6A4C0038535}.CreateInstaller|Any CPU.Build.0 = CreateInstaller|x86
		{08205620-D756-4533-922C-D6A4C0038535}.Debug|Any CPU.ActiveCfg = Debug|x86
		{08205620-D756-4533-922C-D6A4C0038535}.Debug|Any CPU.Build.0 = Debug|x86
		{08205620-D756-4533-922C-D6A4C0038535}.Release|Any CPU.ActiveCfg = Release|x86
		{08205620-D756-4533-922C-D6A4C0038535}.Release|Any CPU.Build.0 = Release|x86
		{F49BD8B2-332A-4C91-A196-8CCE0A2C7D98}.CreateInstaller|Any CPU.ActiveCfg = CreateInstaller|x86
		{F49BD8B2-332A-4C91-A196-8CCE0A2C7D98}.CreateInstaller|Any CPU.Build.0 = CreateInstaller|x86
		{F49BD8B2-332A-4C91-A196-8CCE0A2C7D98}.Debug|Any CPU.ActiveCfg = Debug|x86
		{F49BD8B2-332A-4C91-A196-8CCE0A2C7D98}.Debug|Any CPU.Build.0 = Debug|x86
		{F49BD8B2-332A-4C91-A196-8CCE0A2C7D98}.Release|Any CPU.ActiveCfg = Release|x86
		{F49BD8B2-332A-4C91-A196-8CCE0A2C7D98}.Release|Any CPU.Build.0 = Release|x86
		{FFB69466-79DE-466A-ADA7-5C47C5C5CA3A}.CreateInstaller|Any CPU.ActiveCfg = CreateInstaller|x86
		{FFB69466-79DE-466A-ADA7-5C47C5C5CA3A}.CreateInstaller|Any CPU.Build.0 = CreateInstaller|x86
		{FFB69466-79DE-466A-ADA7-5C47C5C5CA3A}.Debug|Any CPU.ActiveCfg = Debug|x86
		{FFB69466-79DE-466A-ADA7-5C47C5C5CA3A}.Debug|Any CPU.Build.0 = Debug|x86
		{FFB69466-79DE-466A-ADA7-5C47C5C5CA3A}.Release|Any CPU.ActiveCfg = Release|x86
		{FFB69466-79DE-466A-ADA7-5C47C5C5CA3A}.Release|Any CPU.Build.0 = Release|x86
		{016DBD27-99BF-489A-81B5-50D66964BB90}.CreateInstaller|Any CPU.ActiveCfg = CreateInstaller|x86
		{016DBD27-99BF-489A-81B5-50D66964BB90}.CreateInstaller|Any CPU.Build.0 = CreateInstaller|x86
		{016DBD27-99BF-489A-81B5-50D66964BB90}.Debug|Any CPU.ActiveCfg = Debug|x86
		{016DBD27-99BF-489A-81B5-50D66964BB90}.Debug|Any CPU.Build.0 = Debug|x86
		{016DBD27-99BF-489A-81B5-50D66964BB90}.Release|Any CPU.ActiveCfg = Release|x86
		{016DBD27-99BF-489A-81B5-50D66964BB90}.Release|Any CPU.Build.0 = Release|x86
		{5770DAA9-84E5-4770-AF43-F6B815894368}.CreateInstaller|Any CPU.ActiveCfg = CreateInstaller|x86
		{5770DAA9-84E5-4770-AF43-F6B815894368}.CreateInstaller|Any CPU.Build.0 = CreateInstaller|x86
		{5770DAA9-84E5-4770-AF43-F6B815894368}.Debug|Any CPU.ActiveCfg = Debug|x86
		{5770DAA9-84E5-4770-AF43-F6B815894368}.Debug|Any CPU.Build.0 = Debug|x86
		{5770DAA9-84E5-4770-AF43-F6B815894368}.Release|Any CPU.ActiveCfg = Release|x86
		{5770DAA9-84E5-4770-AF43-F6B815894368}.Release|Any CPU.Build.0 = Release|x86
		{C83777FC-AABB-47D9-911F-D76255D4D541}.CreateInstaller|Any CPU.ActiveCfg = CreateInstaller|x86
		{C83777FC-AABB-47D9-911F-D76255D4D541}.CreateInstaller|Any CPU.Build.0 = CreateInstaller|x86
		{C83777FC-AABB-47D9-911F-D76255D4D541}.Debug|Any CPU.ActiveCfg = Debug|x86
		{C83777FC-AABB-47D9-911F-D76255D4D541}.Debug|Any CPU.Build.0 = Debug|x86
		{C83777FC-AABB-47D9-911F-D76255D4D541}.Release|Any CPU.ActiveCfg = Release|x86
		{C83777FC-AABB-47D9-911F-D76255D4D541}.Release|Any CPU.Build.0 = Release|x86
		{A4140C12-53F5-438C-8D24-9E48C504FECF}.CreateInstaller|Any CPU.ActiveCfg = CreateInstaller|x86
		{A4140C12-53F5-438C-8D24-9E48C504FECF}.CreateInstaller|Any CPU.Build.0 = CreateInstaller|x86
		{A4140C12-53F5-438C-8D24-9E48C504FECF}.Debug|Any CPU.ActiveCfg = Debug|x86
		{A4140C12-53F5-438C-8D24-9E48C504FECF}.Debug|Any CPU.Build.0 = Debug|x86
		{A4140C12-53F5-438C-8D24-9E48C504FECF}.Release|Any CPU.ActiveCfg = Release|x86
		{A4140C12-53F5-438C-8D24-9E48C504FECF}.Release|Any CPU.Build.0 = Release|x86
		{DD1CC1DB-4BF9-4C88-A100-733D84795F3A}.CreateInstaller|Any CPU.ActiveCfg = CreateInstaller|x86
		{DD1CC1DB-4BF9-4C88-A100-733D84795F3A}.CreateInstaller|Any CPU.Build.0 = CreateInstaller|x86
		{DD1CC1DB-4BF9-4C88-A100-733D84795F3A}.Debug|Any CPU.ActiveCfg = Debug|x86
		{DD1CC1DB-4BF9-4C88-A100-733D84795F3A}.Debug|Any CPU.Build.0 = Debug|x86
		{DD1CC1DB-4BF9-4C88-A100-733D84795F3A}.Release|Any CPU.ActiveCfg = Release|x86
		{DD1CC1DB-4BF9-4C88-A100-733D84795F3A}.Release|Any CPU.Build.0 = Release|x86
		{3BBFD65B-B277-4E50-AE6D-BD24C3434609}.CreateInstaller|Any CPU.ActiveCfg = CreateInstaller|x86
		{3BBFD65B-B277-4E50-AE6D-BD24C3434609}.CreateInstaller|Any CPU.Build.0 = CreateInstaller|x86
		{3BBFD65B-B277-4E50-AE6D-BD24C3434609}.Debug|Any CPU.ActiveCfg = Debug|x86
		{3BBFD65B-B277-4E50-AE6D-BD24C3434609}.Debug|Any CPU.Build.0 = Debug|x86
		{3BBFD65B-B277-4E50-AE6D-BD24C3434609}.Release|Any CPU.ActiveCfg = Release|x86
		{3BBFD65B-B277-4E50-AE6D-BD24C3434609}.Release|Any CPU.Build.0 = Release|x86
		{BEFDCC44-2638-4972-B353-42D14C7DA2C6}.CreateInstaller|Any CPU.ActiveCfg = CreateInstaller|x86
		{BEFDCC44-2638-4972-B353-42D14C7DA2C6}.CreateInstaller|Any CPU.Build.0 = CreateInstaller|x86
		{BEFDCC44-2638-4972-B353-42D14C7DA2C6}.Debug|Any CPU.ActiveCfg = Debug|x86
		{BEFDCC44-2638-4972-B353-42D14C7DA2C6}.Debug|Any CPU.Build.0 = Debug|x86
		{BEFDCC44-2638-4972-B353-42D14C7DA2C6}.Release|Any CPU.ActiveCfg = Release|x86
		{BEFDCC44-2638-4972-B353-42D14C7DA2C6}.Release|Any CPU.Build.0 = Release|x86
		{ED20DBA9-D577-423F-A68D-A0A8130FB10B}.CreateInstaller|Any CPU.ActiveCfg = CreateInstaller|x86
		{ED20DBA9-D577-423F-A68D-A0A8130FB10B}.CreateInstaller|Any CPU.Build.0 = CreateInstaller|x86
		{ED20DBA9-D577-423F-A68D-A0A8130FB10B}.Debug|Any CPU.ActiveCfg = Debug|x86
		{ED20DBA9-D577-423F-A68D-A0A8130FB10B}.Debug|Any CPU.Build.0 = Debug|x86
		{ED20DBA9-D577-423F-A68D-A0A8130FB10B}.Release|Any CPU.ActiveCfg = Release|x86
		{ED20DBA9-D577-423F-A68D-A0A8130FB10B}.Release|Any CPU.Build.0 = Release|x86
		{696DAAEE-D1D8-42D0-86AC-471B970FB17E}.CreateInstaller|Any CPU.ActiveCfg = CreateInstaller|x86
		{696DAAEE-D1D8-42D0-86AC-471B970FB17E}.CreateInstaller|Any CPU.Build.0 = CreateInstaller|x86
		{696DAAEE-D1D8-42D0-86AC-471B970FB17E}.Debug|Any CPU.ActiveCfg = Debug|x86
		{696DAAEE-D1D8-42D0-86AC-471B970FB17E}.Debug|Any CPU.Build.0 = Debug|x86
		{696DAAEE-D1D8-42D0-86AC-471B970FB17E}.Release|Any CPU.ActiveCfg = Release|x86
		{696DAAEE-D1D8-42D0-86AC-471B970FB17E}.Release|Any CPU.Build.0 = Release|x86
		{FAFDB463-9612-41F4-B3DD-FF9C6E7023BA}.CreateInstaller|Any CPU.ActiveCfg = Release|x86
		{FAFDB463-9612-41F4-B3DD-FF9C6E7023BA}.Debug|Any CPU.ActiveCfg = Debug|x86
		{FAFDB463-9612-41F4-B3DD-FF9C6E7023BA}.Debug|Any CPU.Build.0 = Debug|x86
		{FAFDB463-9612-41F4-B3DD-FF9C6E7023BA}.Release|Any CPU.ActiveCfg = Release|x86
		{FAFDB463-9612-41F4-B3DD-FF9C6E7023BA}.Release|Any CPU.Build.0 = Release|x86
		{EFA25023-CF6A-4FF7-8C42-B24D7F9509E1}.CreateInstaller|Any CPU.ActiveCfg = Release|x86
		{EFA25023-CF6A-4FF7-8C42-B24D7F9509E1}.Debug|Any CPU.ActiveCfg = Debug|x86
		{EFA25023-CF6A-4FF7-8C42-B24D7F9509E1}.Debug|Any CPU.Build.0 = Debug|x86
		{EFA25023-CF6A-4FF7-8C42-B24D7F9509E1}.Release|Any CPU.ActiveCfg = Release|x86
		{EFA25023-CF6A-4FF7-8C42-B24D7F9509E1}.Release|Any CPU.Build.0 = Release|x86
		{B750C8AF-F947-4F90-97FC-3211D1D7336A}.CreateInstaller|Any CPU.ActiveCfg = Release|x86
		{B750C8AF-F947-4F90-97FC-3211D1D7336A}.Debug|Any CPU.ActiveCfg = Debug|x86
		{B750C8AF-F947-4F90-97FC-3211D1D7336A}.Debug|Any CPU.Build.0 = Debug|x86
		{B750C8AF-F947-4F90-97FC-3211D1D7336A}.Release|Any CPU.ActiveCfg = Release|x86
		{B750C8AF-F947-4F90-97FC-3211D1D7336A}.Release|Any CPU.Build.0 = Release|x86
		{9D8E844F-20C7-4335-B3A9-2222976470DA}.CreateInstaller|Any CPU.ActiveCfg = Release|x86
		{9D8E844F-20C7-4335-B3A9-2222976470DA}.Debug|Any CPU.ActiveCfg = Debug|x86
		{9D8E844F-20C7-4335-B3A9-2222976470DA}.Debug|Any CPU.Build.0 = Debug|x86
		{9D8E844F-20C7-4335-B3A9-2222976470DA}.Release|Any CPU.ActiveCfg = Release|x86
		{9D8E844F-20C7-4335-B3A9-2222976470DA}.Release|Any CPU.Build.0 = Release|x86
		{FBA4B48A-CF75-4958-B1E5-412B75D29416}.CreateInstaller|Any CPU.ActiveCfg = Release|x86
		{FBA4B48A-CF75-4958-B1E5-412B75D29416}.Debug|Any CPU.ActiveCfg = Debug|x86
		{FBA4B48A-CF75-4958-B1E5-412B75D29416}.Debug|Any CPU.Build.0 = Debug|x86
		{FBA4B48A-CF75-4958-B1E5-412B75D29416}.Release|Any CPU.ActiveCfg = Release|x86
		{FBA4B48A-CF75-4958-B1E5-412B75D29416}.Release|Any CPU.Build.0 = Release|x86
		{9A1F1308-F324-4905-A52A-6D718825960E}.CreateInstaller|Any CPU.ActiveCfg = Release|x86
		{9A1F1308-F324-4905-A52A-6D718825960E}.Debug|Any CPU.ActiveCfg = Debug|x86
		{9A1F1308-F324-4905-A52A-6D718825960E}.Debug|Any CPU.Build.0 = Debug|x86
		{9A1F1308-F324-4905-A52A-6D718825960E}.Release|Any CPU.ActiveCfg = Release|x86
		{9A1F1308-F324-4905-A52A-6D718825960E}.Release|Any CPU.Build.0 = Release|x86
		{0C76DD99-AC5D-47C0-B76F-CE70092A9AC7}.CreateInstaller|Any CPU.ActiveCfg = Release|x86
		{0C76DD99-AC5D-47C0-B76F-CE70092A9AC7}.Debug|Any CPU.ActiveCfg = Debug|x86
		{0C76DD99-AC5D-47C0-B76F-CE70092A9AC7}.Debug|Any CPU.Build.0 = Debug|x86
		{0C76DD99-AC5D-47C0-B76F-CE70092A9AC7}.Release|Any CPU.ActiveCfg = Release|x86
		{0C76DD99-AC5D-47C0-B76F-CE70092A9AC7}.Release|Any CPU.Build.0 = Release|x86
		{93708508-7B00-4A26-80DA-C73A7251BCF6}.CreateInstaller|Any CPU.ActiveCfg = Release|x86
		{93708508-7B00-4A26-80DA-C73A7251BCF6}.Debug|Any CPU.ActiveCfg = Debug|x86
		{93708508-7B00-4A26-80DA-C73A7251BCF6}.Debug|Any CPU.Build.0 = Debug|x86
		{93708508-7B00-4A26-80DA-C73A7251BCF6}.Release|Any CPU.ActiveCfg = Release|x86
		{93708508-7B00-4A26-80DA-C73A7251BCF6}.Release|Any CPU.Build.0 = Release|x86
		{0A82E7D2-26F8-4A30-9787-7EEABCD7F470}.CreateInstaller|Any CPU.ActiveCfg = Release|x86
		{0A82E7D2-26F8-4A30-9787-7EEABCD7F470}.Debug|Any CPU.ActiveCfg = Debug|x86
		{0A82E7D2-26F8-4A30-9787-7EEABCD7F470}.Debug|Any CPU.Build.0 = Debug|x86
		{0A82E7D2-26F8-4A30-9787-7EEABCD7F470}.Release|Any CPU.ActiveCfg = Release|x86
		{0A82E7D2-26F8-4A30-9787-7EEABCD7F470}.Release|Any CPU.Build.0 = Release|x86
		{A6A434E0-AE5A-4D5B-97D7-532B00FBDFE9}.CreateInstaller|Any CPU.ActiveCfg = Release|x86
		{A6A434E0-AE5A-4D5B-97D7-532B00FBDFE9}.Debug|Any CPU.ActiveCfg = Debug|x86
		{A6A434E0-AE5A-4D5B-97D7-532B00FBDFE9}.Debug|Any CPU.Build.0 = Debug|x86
		{A6A434E0-AE5A-4D5B-97D7-532B00FBDFE9}.Release|Any CPU.ActiveCfg = Release|x86
		{A6A434E0-AE5A-4D5B-97D7-532B00FBDFE9}.Release|Any CPU.Build.0 = Release|x86
		{8BD31773-6F6D-42EE-810D-0A5DAD809F9D}.CreateInstaller|Any CPU.ActiveCfg = Release|x86
		{8BD31773-6F6D-42EE-810D-0A5DAD809F9D}.Debug|Any CPU.ActiveCfg = Debug|x86
		{8BD31773-6F6D-42EE-810D-0A5DAD809F9D}.Debug|Any CPU.Build.0 = Debug|x86
		{8BD31773-6F6D-42EE-810D-0A5DAD809F9D}.Release|Any CPU.ActiveCfg = Release|x86
		{8BD31773-6F6D-42EE-810D-0A5DAD809F9D}.Release|Any CPU.Build.0 = Release|x86
		{07206938-9671-4DC7-BDE4-35B0F6E20DBC}.CreateInstaller|Any CPU.ActiveCfg = Release|x86
		{07206938-9671-4DC7-BDE4-35B0F6E20DBC}.Debug|Any CPU.ActiveCfg = Debug|x86
		{07206938-9671-4DC7-BDE4-35B0F6E20DBC}.Debug|Any CPU.Build.0 = Debug|x86
		{07206938-9671-4DC7-BDE4-35B0F6E20DBC}.Release|Any CPU.ActiveCfg = Release|x86
		{07206938-9671-4DC7-BDE4-35B0F6E20DBC}.Release|Any CPU.Build.0 = Release|x86
		{4FDA4BD2-2C84-4C7C-9908-818884D52DBB}.CreateInstaller|Any CPU.ActiveCfg = Release|x86
		{4FDA4BD2-2C84-4C7C-9908-818884D52DBB}.Debug|Any CPU.ActiveCfg = Debug|x86
		{4FDA4BD2-2C84-4C7C-9908-818884D52DBB}.Debug|Any CPU.Build.0 = Debug|x86
		{4FDA4BD2-2C84-4C7C-9908-818884D52DBB}.Release|Any CPU.ActiveCfg = Release|x86
		{4FDA4BD2-2C84-4C7C-9908-818884D52DBB}.Release|Any CPU.Build.0 = Release|x86
		{E0990383-FB2E-47D1-99CD-9B9FA2929E5B}.CreateInstaller|Any CPU.ActiveCfg = Release|x86
		{E0990383-FB2E-47D1-99CD-9B9FA2929E5B}.Debug|Any CPU.ActiveCfg = Debug|x86
		{E0990383-FB2E-47D1-99CD-9B9FA2929E5B}.Debug|Any CPU.Build.0 = Debug|x86
		{E0990383-FB2E-47D1-99CD-9B9FA2929E5B}.Release|Any CPU.ActiveCfg = Release|x86
		{E0990383-FB2E-47D1-99CD-9B9FA2929E5B}.Release|Any CPU.Build.0 = Release|x86
		{8A3636FB-31B4-4F4B-9165-F718F87A92DF}.CreateInstaller|Any CPU.ActiveCfg = CreateInstaller|x86
		{8A3636FB-31B4-4F4B-9165-F718F87A92DF}.CreateInstaller|Any CPU.Build.0 = CreateInstaller|x86
		{8A3636FB-31B4-4F4B-9165-F718F87A92DF}.Debug|Any CPU.ActiveCfg = Debug|x86
		{8A3636FB-31B4-4F4B-9165-F718F87A92DF}.Debug|Any CPU.Build.0 = Debug|x86
		{8A3636FB-31B4-4F4B-9165-F718F87A92DF}.Release|Any CPU.ActiveCfg = Release|x86
		{8A3636FB-31B4-4F4B-9165-F718F87A92DF}.Release|Any CPU.Build.0 = Release|x86
		{9A2D67E6-26AC-4D17-B11A-2B4372F2F572}.CreateInstaller|Any CPU.ActiveCfg = CreateInstaller|x86
		{9A2D67E6-26AC-4D17-B11A-2B4372F2F572}.CreateInstaller|Any CPU.Build.0 = CreateInstaller|x86
		{9A2D67E6-26AC-4D17-B11A-2B4372F2F572}.Debug|Any CPU.ActiveCfg = Debug|x86
		{9A2D67E6-26AC-4D17-B11A-2B4372F2F572}.Debug|Any CPU.Build.0 = Debug|x86
		{9A2D67E6-26AC-4D17-B11A-2B4372F2F572}.Release|Any CPU.ActiveCfg = Release|x86
		{9A2D67E6-26AC-4D17-B11A-2B4372F2F572}.Release|Any CPU.Build.0 = Release|x86
		{3DBD23CE-5C4A-4A49-B51C-B268CB2B510E}.CreateInstaller|Any CPU.ActiveCfg = CreateInstaller|x86
		{3DBD23CE-5C4A-4A49-B51C-B268CB2B510E}.CreateInstaller|Any CPU.Build.0 = CreateInstaller|x86
		{3DBD23CE-5C4A-4A49-B51C-B268CB2B510E}.Debug|Any CPU.ActiveCfg = Debug|x86
		{3DBD23CE-5C4A-4A49-B51C-B268CB2B510E}.Debug|Any CPU.Build.0 = Debug|x86
		{3DBD23CE-5C4A-4A49-B51C-B268CB2B510E}.Release|Any CPU.ActiveCfg = Release|x86
		{3DBD23CE-5C4A-4A49-B51C-B268CB2B510E}.Release|Any CPU.Build.0 = Release|x86
		{82B61D20-FD4B-49BE-9252-5BF6E3EE4666}.CreateInstaller|Any CPU.ActiveCfg = CreateInstaller|x86
		{82B61D20-FD4B-49BE-9252-5BF6E3EE4666}.CreateInstaller|Any CPU.Build.0 = CreateInstaller|x86
		{82B61D20-FD4B-49BE-9252-5BF6E3EE4666}.Debug|Any CPU.ActiveCfg = Debug|x86
		{82B61D20-FD4B-49BE-9252-5BF6E3EE4666}.Debug|Any CPU.Build.0 = Debug|x86
		{82B61D20-FD4B-49BE-9252-5BF6E3EE4666}.Release|Any CPU.ActiveCfg = Release|x86
		{82B61D20-FD4B-49BE-9252-5BF6E3EE4666}.Release|Any CPU.Build.0 = Release|x86
		{7F937E31-02CA-41D9-B7D4-1079CF452C72}.CreateInstaller|Any CPU.ActiveCfg = Release|x86
		{7F937E31-02CA-41D9-B7D4-1079CF452C72}.Debug|Any CPU.ActiveCfg = Debug|x86
		{7F937E31-02CA-41D9-B7D4-1079CF452C72}.Debug|Any CPU.Build.0 = Debug|x86
		{7F937E31-02CA-41D9-B7D4-1079CF452C72}.Release|Any CPU.ActiveCfg = Release|x86
		{7F937E31-02CA-41D9-B7D4-1079CF452C72}.Release|Any CPU.Build.0 = Release|x86
		{93E73FAB-FAE8-49C6-9ABB-27D24DF761F6}.CreateInstaller|Any CPU.ActiveCfg = CreateInstaller|x86
		{93E73FAB-FAE8-49C6-9ABB-27D24DF761F6}.CreateInstaller|Any CPU.Build.0 = CreateInstaller|x86
		{93E73FAB-FAE8-49C6-9ABB-27D24DF761F6}.Debug|Any CPU.ActiveCfg = Debug|x86
		{93E73FAB-FAE8-49C6-9ABB-27D24DF761F6}.Debug|Any CPU.Build.0 = Debug|x86
		{93E73FAB-FAE8-49C6-9ABB-27D24DF761F6}.Release|Any CPU.ActiveCfg = Release|x86
		{93E73FAB-FAE8-49C6-9ABB-27D24DF761F6}.Release|Any CPU.Build.0 = Release|x86
		{0BC3751E-EC42-40A0-A7D3-B7C2AA66976E}.CreateInstaller|Any CPU.ActiveCfg = CreateInstaller|x86
		{0BC3751E-EC42-40A0-A7D3-B7C2AA66976E}.CreateInstaller|Any CPU.Build.0 = CreateInstaller|x86
		{0BC3751E-EC42-40A0-A7D3-B7C2AA66976E}.Debug|Any CPU.ActiveCfg = Debug|x86
		{0BC3751E-EC42-40A0-A7D3-B7C2AA66976E}.Debug|Any CPU.Build.0 = Debug|x86
		{0BC3751E-EC42-40A0-A7D3-B7C2AA66976E}.Release|Any CPU.ActiveCfg = Release|x86
		{0BC3751E-EC42-40A0-A7D3-B7C2AA66976E}.Release|Any CPU.Build.0 = Release|x86
		{A3C9DF74-978A-44B1-B55D-A72AC4221E3A}.CreateInstaller|Any CPU.ActiveCfg = CreateInstaller|x86
		{A3C9DF74-978A-44B1-B55D-A72AC4221E3A}.CreateInstaller|Any CPU.Build.0 = CreateInstaller|x86
		{A3C9DF74-978A-44B1-B55D-A72AC4221E3A}.Debug|Any CPU.ActiveCfg = Debug|x86
		{A3C9DF74-978A-44B1-B55D-A72AC4221E3A}.Debug|Any CPU.Build.0 = Debug|x86
		{A3C9DF74-978A-44B1-B55D-A72AC4221E3A}.Release|Any CPU.ActiveCfg = Release|x86
		{A3C9DF74-978A-44B1-B55D-A72AC4221E3A}.Release|Any CPU.Build.0 = Release|x86
		{89ED43B3-178F-4BC4-A457-656B4F736E56}.CreateInstaller|Any CPU.ActiveCfg = CreateInstaller|x86
		{89ED43B3-178F-4BC4-A457-656B4F736E56}.CreateInstaller|Any CPU.Build.0 = CreateInstaller|x86
		{89ED43B3-178F-4BC4-A457-656B4F736E56}.Debug|Any CPU.ActiveCfg = Debug|x86
		{89ED43B3-178F-4BC4-A457-656B4F736E56}.Debug|Any CPU.Build.0 = Debug|x86
		{89ED43B3-178F-4BC4-A457-656B4F736E56}.Release|Any CPU.ActiveCfg = Release|x86
		{89ED43B3-178F-4BC4-A457-656B4F736E56}.Release|Any CPU.Build.0 = Release|x86
		{CE994CC9-6F6A-48AC-B4BE-02C30A21F4DB}.CreateInstaller|Any CPU.ActiveCfg = CreateInstaller|x86
		{CE994CC9-6F6A-48AC-B4BE-02C30A21F4DB}.CreateInstaller|Any CPU.Build.0 = CreateInstaller|x86
		{CE994CC9-6F6A-48AC-B4BE-02C30A21F4DB}.Debug|Any CPU.ActiveCfg = Debug|x86
		{CE994CC9-6F6A-48AC-B4BE-02C30A21F4DB}.Debug|Any CPU.Build.0 = Debug|x86
		{CE994CC9-6F6A-48AC-B4BE-02C30A21F4DB}.Release|Any CPU.ActiveCfg = Release|x86
		{CE994CC9-6F6A-48AC-B4BE-02C30A21F4DB}.Release|Any CPU.Build.0 = Release|x86
		{35B87B7A-7F50-4139-B563-589EE522B1ED}.CreateInstaller|Any CPU.ActiveCfg = CreateInstaller|x86
		{35B87B7A-7F50-4139-B563-589EE522B1ED}.CreateInstaller|Any CPU.Build.0 = CreateInstaller|x86
		{35B87B7A-7F50-4139-B563-589EE522B1ED}.Debug|Any CPU.ActiveCfg = Debug|x86
		{35B87B7A-7F50-4139-B563-589EE522B1ED}.Debug|Any CPU.Build.0 = Debug|x86
		{35B87B7A-7F50-4139-B563-589EE522B1ED}.Release|Any CPU.ActiveCfg = Release|x86
		{35B87B7A-7F50-4139-B563-589EE522B1ED}.Release|Any CPU.Build.0 = Release|x86
		{7CD038E1-E111-4969-ACED-22C5BD2974E1}.CreateInstaller|Any CPU.ActiveCfg = CreateInstaller|x86
		{7CD038E1-E111-4969-ACED-22C5BD2974E1}.CreateInstaller|Any CPU.Build.0 = CreateInstaller|x86
		{7CD038E1-E111-4969-ACED-22C5BD2974E1}.Debug|Any CPU.ActiveCfg = Debug|x86
		{7CD038E1-E111-4969-ACED-22C5BD2974E1}.Debug|Any CPU.Build.0 = Debug|x86
		{7CD038E1-E111-4969-ACED-22C5BD2974E1}.Release|Any CPU.ActiveCfg = Release|x86
		{7CD038E1-E111-4969-ACED-22C5BD2974E1}.Release|Any CPU.Build.0 = Release|x86
		{D64E4F0E-E341-496F-82B2-941AD202B4E3}.CreateInstaller|Any CPU.ActiveCfg = CreateInstaller|x86
		{D64E4F0E-E341-496F-82B2-941AD202B4E3}.CreateInstaller|Any CPU.Build.0 = CreateInstaller|x86
		{D64E4F0E-E341-496F-82B2-941AD202B4E3}.Debug|Any CPU.ActiveCfg = Debug|x86
		{D64E4F0E-E341-496F-82B2-941AD202B4E3}.Debug|Any CPU.Build.0 = Debug|x86
		{D64E4F0E-E341-496F-82B2-941AD202B4E3}.Release|Any CPU.ActiveCfg = Release|x86
		{D64E4F0E-E341-496F-82B2-941AD202B4E3}.Release|Any CPU.Build.0 = Release|x86
		{1D3D58B6-EF7E-401E-92A0-104067D222EE}.CreateInstaller|Any CPU.ActiveCfg = CreateInstaller|x86
		{1D3D58B6-EF7E-401E-92A0-104067D222EE}.CreateInstaller|Any CPU.Build.0 = CreateInstaller|x86
		{1D3D58B6-EF7E-401E-92A0-104067D222EE}.Debug|Any CPU.ActiveCfg = Debug|x86
		{1D3D58B6-EF7E-401E-92A0-104067D222EE}.Debug|Any CPU.Build.0 = Debug|x86
		{1D3D58B6-EF7E-401E-92A0-104067D222EE}.Release|Any CPU.ActiveCfg = Release|x86
		{1D3D58B6-EF7E-401E-92A0-104067D222EE}.Release|Any CPU.Build.0 = Release|x86
		{91389DA2-3FF4-4559-90B3-4061549789DD}.CreateInstaller|Any CPU.ActiveCfg = Release|x86
		{91389DA2-3FF4-4559-90B3-4061549789DD}.Debug|Any CPU.ActiveCfg = Debug|x86
		{91389DA2-3FF4-4559-90B3-4061549789DD}.Debug|Any CPU.Build.0 = Debug|x86
		{91389DA2-3FF4-4559-90B3-4061549789DD}.Release|Any CPU.ActiveCfg = Release|x86
		{91389DA2-3FF4-4559-90B3-4061549789DD}.Release|Any CPU.Build.0 = Release|x86
		{622A8282-D872-4DD5-8B70-578A403F74FF}.CreateInstaller|Any CPU.ActiveCfg = Release|x86
		{622A8282-D872-4DD5-8B70-578A403F74FF}.Debug|Any CPU.ActiveCfg = Debug|x86
		{622A8282-D872-4DD5-8B70-578A403F74FF}.Debug|Any CPU.Build.0 = Debug|x86
		{622A8282-D872-4DD5-8B70-578A403F74FF}.Release|Any CPU.ActiveCfg = Release|x86
		{622A8282-D872-4DD5-8B70-578A403F74FF}.Release|Any CPU.Build.0 = Release|x86
		{E4B0E068-F1A3-47BA-965F-0EC1E78E530A}.CreateInstaller|Any CPU.ActiveCfg = Release|x86
		{E4B0E068-F1A3-47BA-965F-0EC1E78E530A}.Debug|Any CPU.ActiveCfg = Debug|x86
		{E4B0E068-F1A3-47BA-965F-0EC1E78E530A}.Debug|Any CPU.Build.0 = Debug|x86
		{E4B0E068-F1A3-47BA-965F-0EC1E78E530A}.Release|Any CPU.ActiveCfg = Release|x86
		{E4B0E068-F1A3-47BA-965F-0EC1E78E530A}.Release|Any CPU.Build.0 = Release|x86
		{9A5C8069-520E-49D3-AA62-E8FB19614A27}.CreateInstaller|Any CPU.ActiveCfg = Release|x86
		{9A5C8069-520E-49D3-AA62-E8FB19614A27}.Debug|Any CPU.ActiveCfg = Debug|x86
		{9A5C8069-520E-49D3-AA62-E8FB19614A27}.Debug|Any CPU.Build.0 = Debug|x86
		{9A5C8069-520E-49D3-AA62-E8FB19614A27}.Release|Any CPU.ActiveCfg = Release|x86
		{9A5C8069-520E-49D3-AA62-E8FB19614A27}.Release|Any CPU.Build.0 = Release|x86
		{19EB1C52-D90B-40F2-A7AF-364CC5D89F68}.CreateInstaller|Any CPU.ActiveCfg = Release|x86
		{19EB1C52-D90B-40F2-A7AF-364CC5D89F68}.Debug|Any CPU.ActiveCfg = Debug|x86
		{19EB1C52-D90B-40F2-A7AF-364CC5D89F68}.Debug|Any CPU.Build.0 = Debug|x86
		{19EB1C52-D90B-40F2-A7AF-364CC5D89F68}.Release|Any CPU.ActiveCfg = Release|x86
		{19EB1C52-D90B-40F2-A7AF-364CC5D89F68}.Release|Any CPU.Build.0 = Release|x86
		{3CCB05DB-C7B3-4EF7-B41D-22B6D2A3774E}.CreateInstaller|Any CPU.ActiveCfg = Release|x86
		{3CCB05DB-C7B3-4EF7-B41D-22B6D2A3774E}.CreateInstaller|Any CPU.Build.0 = Release|x86
		{3CCB05DB-C7B3-4EF7-B41D-22B6D2A3774E}.Debug|Any CPU.ActiveCfg = Debug|x86
		{3CCB05DB-C7B3-4EF7-B41D-22B6D2A3774E}.Release|Any CPU.ActiveCfg = Release|x86
		{10B8D63D-87E8-46DF-ACA9-A8CF22EE8FB5}.CreateInstaller|Any CPU.ActiveCfg = CreateInstaller|x86
		{10B8D63D-87E8-46DF-ACA9-A8CF22EE8FB5}.CreateInstaller|Any CPU.Build.0 = CreateInstaller|x86
		{10B8D63D-87E8-46DF-ACA9-A8CF22EE8FB5}.Debug|Any CPU.ActiveCfg = Debug|x86
		{10B8D63D-87E8-46DF-ACA9-A8CF22EE8FB5}.Debug|Any CPU.Build.0 = Debug|x86
		{10B8D63D-87E8-46DF-ACA9-A8CF22EE8FB5}.Release|Any CPU.ActiveCfg = Release|x86
		{10B8D63D-87E8-46DF-ACA9-A8CF22EE8FB5}.Release|Any CPU.Build.0 = Release|x86
		{D783543B-46A1-4848-A812-AF5A5259ED7E}.CreateInstaller|Any CPU.ActiveCfg = Release|x86
		{D783543B-46A1-4848-A812-AF5A5259ED7E}.Debug|Any CPU.ActiveCfg = Debug|x86
		{D783543B-46A1-4848-A812-AF5A5259ED7E}.Debug|Any CPU.Build.0 = Debug|x86
		{D783543B-46A1-4848-A812-AF5A5259ED7E}.Release|Any CPU.ActiveCfg = Release|x86
		{D783543B-46A1-4848-A812-AF5A5259ED7E}.Release|Any CPU.Build.0 = Release|x86
		{4AD99020-8612-46E5-A313-F9ADA7B196E4}.CreateInstaller|Any CPU.ActiveCfg = Release|x86
		{4AD99020-8612-46E5-A313-F9ADA7B196E4}.Debug|Any CPU.ActiveCfg = Debug|x86
		{4AD99020-8612-46E5-A313-F9ADA7B196E4}.Debug|Any CPU.Build.0 = Debug|x86
		{4AD99020-8612-46E5-A313-F9ADA7B196E4}.Release|Any CPU.ActiveCfg = Release|x86
		{4AD99020-8612-46E5-A313-F9ADA7B196E4}.Release|Any CPU.Build.0 = Release|x86
		{C90B77DA-E421-43CC-B82E-529651BC21AC}.CreateInstaller|Any CPU.ActiveCfg = CreateInstaller|x86
		{C90B77DA-E421-43CC-B82E-529651BC21AC}.CreateInstaller|Any CPU.Build.0 = CreateInstaller|x86
		{C90B77DA-E421-43CC-B82E-529651BC21AC}.Debug|Any CPU.ActiveCfg = Debug|x86
		{C90B77DA-E421-43CC-B82E-529651BC21AC}.Debug|Any CPU.Build.0 = Debug|x86
		{C90B77DA-E421-43CC-B82E-529651BC21AC}.Release|Any CPU.ActiveCfg = Release|x86
		{C90B77DA-E421-43CC-B82E-529651BC21AC}.Release|Any CPU.Build.0 = Release|x86
	EndGlobalSection
	GlobalSection(SolutionProperties) = preSolution
		HideSolutionNode = FALSE
	EndGlobalSection
	GlobalSection(NestedProjects) = preSolution
		{E9AB82FF-E943-42BD-895B-1617B073982D} = {BABF6FD6-CAC9-4D9D-ACD7-4F8593F4A6B5}
		{29A2E166-071C-4838-A376-3563449FF941} = {BABF6FD6-CAC9-4D9D-ACD7-4F8593F4A6B5}
		{56884934-D362-4799-BDBE-A6F781D4CD2E} = {BABF6FD6-CAC9-4D9D-ACD7-4F8593F4A6B5}
		{30E4C2AE-719E-4D70-9FA9-668A9767FBFA} = {E9AB82FF-E943-42BD-895B-1617B073982D}
		{08205620-D756-4533-922C-D6A4C0038535} = {E9AB82FF-E943-42BD-895B-1617B073982D}
		{F49BD8B2-332A-4C91-A196-8CCE0A2C7D98} = {E9AB82FF-E943-42BD-895B-1617B073982D}
		{FFB69466-79DE-466A-ADA7-5C47C5C5CA3A} = {E9AB82FF-E943-42BD-895B-1617B073982D}
		{016DBD27-99BF-489A-81B5-50D66964BB90} = {E9AB82FF-E943-42BD-895B-1617B073982D}
		{5770DAA9-84E5-4770-AF43-F6B815894368} = {E9AB82FF-E943-42BD-895B-1617B073982D}
		{C83777FC-AABB-47D9-911F-D76255D4D541} = {E9AB82FF-E943-42BD-895B-1617B073982D}
		{A4140C12-53F5-438C-8D24-9E48C504FECF} = {E9AB82FF-E943-42BD-895B-1617B073982D}
		{DD1CC1DB-4BF9-4C88-A100-733D84795F3A} = {E9AB82FF-E943-42BD-895B-1617B073982D}
		{8A3636FB-31B4-4F4B-9165-F718F87A92DF} = {E9AB82FF-E943-42BD-895B-1617B073982D}
		{9A2D67E6-26AC-4D17-B11A-2B4372F2F572} = {E9AB82FF-E943-42BD-895B-1617B073982D}
		{3DBD23CE-5C4A-4A49-B51C-B268CB2B510E} = {E9AB82FF-E943-42BD-895B-1617B073982D}
		{82B61D20-FD4B-49BE-9252-5BF6E3EE4666} = {E9AB82FF-E943-42BD-895B-1617B073982D}
		{A3C9DF74-978A-44B1-B55D-A72AC4221E3A} = {E9AB82FF-E943-42BD-895B-1617B073982D}
		{89ED43B3-178F-4BC4-A457-656B4F736E56} = {E9AB82FF-E943-42BD-895B-1617B073982D}
		{C90B77DA-E421-43CC-B82E-529651BC21AC} = {E9AB82FF-E943-42BD-895B-1617B073982D}
		{C9DA93BC-1034-4D15-AD4E-773E3F560179} = {29A2E166-071C-4838-A376-3563449FF941}
		{4A7D6720-4AA1-4F0B-A796-A0436DB3D7D7} = {56884934-D362-4799-BDBE-A6F781D4CD2E}
		{3BBFD65B-B277-4E50-AE6D-BD24C3434609} = {56884934-D362-4799-BDBE-A6F781D4CD2E}
		{BEFDCC44-2638-4972-B353-42D14C7DA2C6} = {56884934-D362-4799-BDBE-A6F781D4CD2E}
		{ED20DBA9-D577-423F-A68D-A0A8130FB10B} = {56884934-D362-4799-BDBE-A6F781D4CD2E}
		{696DAAEE-D1D8-42D0-86AC-471B970FB17E} = {56884934-D362-4799-BDBE-A6F781D4CD2E}
		{93E73FAB-FAE8-49C6-9ABB-27D24DF761F6} = {56884934-D362-4799-BDBE-A6F781D4CD2E}
		{0BC3751E-EC42-40A0-A7D3-B7C2AA66976E} = {56884934-D362-4799-BDBE-A6F781D4CD2E}
		{2975843E-D6D2-42DE-8B41-548D73D7B206} = {EFC4807B-3CF8-4A8F-BDE5-F9B9BD9E4F24}
		{9C0E0D92-93E4-426C-92AD-556D9C3241FF} = {EFC4807B-3CF8-4A8F-BDE5-F9B9BD9E4F24}
		{A300D2BD-2E91-4EA7-A421-646EE7B5118B} = {EFC4807B-3CF8-4A8F-BDE5-F9B9BD9E4F24}
		{BC862348-6B4E-49EA-9099-2E5BE6DC183A} = {2975843E-D6D2-42DE-8B41-548D73D7B206}
		{FAFDB463-9612-41F4-B3DD-FF9C6E7023BA} = {9C0E0D92-93E4-426C-92AD-556D9C3241FF}
		{EFA25023-CF6A-4FF7-8C42-B24D7F9509E1} = {9C0E0D92-93E4-426C-92AD-556D9C3241FF}
		{B750C8AF-F947-4F90-97FC-3211D1D7336A} = {9C0E0D92-93E4-426C-92AD-556D9C3241FF}
		{9D8E844F-20C7-4335-B3A9-2222976470DA} = {9C0E0D92-93E4-426C-92AD-556D9C3241FF}
		{FBA4B48A-CF75-4958-B1E5-412B75D29416} = {9C0E0D92-93E4-426C-92AD-556D9C3241FF}
		{9A1F1308-F324-4905-A52A-6D718825960E} = {9C0E0D92-93E4-426C-92AD-556D9C3241FF}
		{0C76DD99-AC5D-47C0-B76F-CE70092A9AC7} = {9C0E0D92-93E4-426C-92AD-556D9C3241FF}
		{93708508-7B00-4A26-80DA-C73A7251BCF6} = {9C0E0D92-93E4-426C-92AD-556D9C3241FF}
		{0A82E7D2-26F8-4A30-9787-7EEABCD7F470} = {9C0E0D92-93E4-426C-92AD-556D9C3241FF}
		{7F937E31-02CA-41D9-B7D4-1079CF452C72} = {9C0E0D92-93E4-426C-92AD-556D9C3241FF}
		{A6A434E0-AE5A-4D5B-97D7-532B00FBDFE9} = {A300D2BD-2E91-4EA7-A421-646EE7B5118B}
		{8BD31773-6F6D-42EE-810D-0A5DAD809F9D} = {A300D2BD-2E91-4EA7-A421-646EE7B5118B}
		{07206938-9671-4DC7-BDE4-35B0F6E20DBC} = {A300D2BD-2E91-4EA7-A421-646EE7B5118B}
		{4FDA4BD2-2C84-4C7C-9908-818884D52DBB} = {A300D2BD-2E91-4EA7-A421-646EE7B5118B}
		{E0990383-FB2E-47D1-99CD-9B9FA2929E5B} = {A300D2BD-2E91-4EA7-A421-646EE7B5118B}
		{CE994CC9-6F6A-48AC-B4BE-02C30A21F4DB} = {C9DA93BC-1034-4D15-AD4E-773E3F560179}
		{35B87B7A-7F50-4139-B563-589EE522B1ED} = {C9DA93BC-1034-4D15-AD4E-773E3F560179}
		{7CD038E1-E111-4969-ACED-22C5BD2974E1} = {C9DA93BC-1034-4D15-AD4E-773E3F560179}
		{D64E4F0E-E341-496F-82B2-941AD202B4E3} = {C9DA93BC-1034-4D15-AD4E-773E3F560179}
		{1D3D58B6-EF7E-401E-92A0-104067D222EE} = {C9DA93BC-1034-4D15-AD4E-773E3F560179}
		{10B8D63D-87E8-46DF-ACA9-A8CF22EE8FB5} = {C9DA93BC-1034-4D15-AD4E-773E3F560179}
		{91389DA2-3FF4-4559-90B3-4061549789DD} = {BC862348-6B4E-49EA-9099-2E5BE6DC183A}
		{622A8282-D872-4DD5-8B70-578A403F74FF} = {BC862348-6B4E-49EA-9099-2E5BE6DC183A}
		{E4B0E068-F1A3-47BA-965F-0EC1E78E530A} = {BC862348-6B4E-49EA-9099-2E5BE6DC183A}
		{9A5C8069-520E-49D3-AA62-E8FB19614A27} = {BC862348-6B4E-49EA-9099-2E5BE6DC183A}
		{19EB1C52-D90B-40F2-A7AF-364CC5D89F68} = {BC862348-6B4E-49EA-9099-2E5BE6DC183A}
		{D783543B-46A1-4848-A812-AF5A5259ED7E} = {BC862348-6B4E-49EA-9099-2E5BE6DC183A}
		{3CCB05DB-C7B3-4EF7-B41D-22B6D2A3774E} = {C4E268AD-A25B-4F47-8F92-E5137FDF7CC7}
		{4AD99020-8612-46E5-A313-F9ADA7B196E4} = {0D2E4E16-EE0A-4E50-9218-947B1D91C84D}
	EndGlobalSection
	GlobalSection(TextTemplating) = postSolution
		TextTemplating = 1
	EndGlobalSection
	GlobalSection(NDepend) = preSolution
		Project = ".\build\DeltaShell.ndproj"
	EndGlobalSection
EndGlobal
