Microsoft Visual Studio Solution File, Format Version 12.00
# Visual Studio 2012
Project("{2150E333-8FDC-42A3-9474-1A3956D46DE8}") = "Core", "Core", "{89F6BC2C-78E6-42F1-A056-704C877B5453}"
EndProject
Project("{2150E333-8FDC-42A3-9474-1A3956D46DE8}") = "Application", "Application", "{57F5BCD5-5759-4C9F-A841-2A6C36A910C8}"
EndProject
Project("{2150E333-8FDC-42A3-9474-1A3956D46DE8}") = "Ringtoets", "Ringtoets", "{05D133D6-D7D8-4872-9B53-2753DD3F8BF9}"
EndProject
Project("{2150E333-8FDC-42A3-9474-1A3956D46DE8}") = "Common", "Common", "{9E35F3EA-D3C3-4D80-8399-689C49B68324}"
EndProject
Project("{2150E333-8FDC-42A3-9474-1A3956D46DE8}") = "Plugins", "Plugins", "{FE36E7E0-D5F7-48E3-9730-D05443351EAD}"
EndProject
Project("{FAE04EC0-301F-11D3-BF4B-00C04F79EFBC}") = "Application.Ringtoets", "Application\Ringtoets\src\Application.Ringtoets\Application.Ringtoets.csproj", "{4A7D6720-4AA1-4F0B-A796-A0436DB3D7D7}"
	ProjectSection(ProjectDependencies) = postProject
		{D64E4F0E-E341-496F-82B2-941AD202B4E3} = {D64E4F0E-E341-496F-82B2-941AD202B4E3}
		{50963F12-448C-41BA-A62C-CDB0AB8D21E0} = {50963F12-448C-41BA-A62C-CDB0AB8D21E0}
		{1D27F91F-4E62-4EAF-A0A8-A32708B9A9B1} = {1D27F91F-4E62-4EAF-A0A8-A32708B9A9B1}
		{10B8D63D-87E8-46DF-ACA9-A8CF22EE8FB5} = {10B8D63D-87E8-46DF-ACA9-A8CF22EE8FB5}
		{D4200F43-3F72-4F42-AF0A-8CED416A38EC} = {D4200F43-3F72-4F42-AF0A-8CED416A38EC}
		{AA47E858-A2A7-470E-8B2D-C76AE8ED9CCD} = {AA47E858-A2A7-470E-8B2D-C76AE8ED9CCD}
		{4D840673-3812-4338-A352-84854E32B8A0} = {4D840673-3812-4338-A352-84854E32B8A0}
		{11F1F874-45AF-43E4-8AE5-15A5C9593E28} = {11F1F874-45AF-43E4-8AE5-15A5C9593E28}
		{35B87B7A-7F50-4139-B563-589EE522B1ED} = {35B87B7A-7F50-4139-B563-589EE522B1ED}
		{AD0CDC89-0A00-4068-AEEC-9838863C2FE8} = {AD0CDC89-0A00-4068-AEEC-9838863C2FE8}
		{516EBC95-B8F2-428C-B7F6-733F01BF8FDD} = {516EBC95-B8F2-428C-B7F6-733F01BF8FDD}
		{888D4097-8BC2-4703-9FB1-8744C94D525E} = {888D4097-8BC2-4703-9FB1-8744C94D525E}
		{610E0A9C-1997-4C43-A10E-39D4C66ADA93} = {610E0A9C-1997-4C43-A10E-39D4C66ADA93}
		{70F8CC9C-5BC8-4FB2-B201-EAE7FA8088C2} = {70F8CC9C-5BC8-4FB2-B201-EAE7FA8088C2}
		{DADAA0A5-288C-49CB-9F08-337F16832C86} = {DADAA0A5-288C-49CB-9F08-337F16832C86}
		{2344A7BD-7E25-4A1A-982E-6C674AF5167A} = {2344A7BD-7E25-4A1A-982E-6C674AF5167A}
		{CE994CC9-6F6A-48AC-B4BE-02C30A21F4DB} = {CE994CC9-6F6A-48AC-B4BE-02C30A21F4DB}
		{E38C11E0-4384-44DD-9F5B-EE73D79FD7F5} = {E38C11E0-4384-44DD-9F5B-EE73D79FD7F5}
		{7CD038E1-E111-4969-ACED-22C5BD2974E1} = {7CD038E1-E111-4969-ACED-22C5BD2974E1}
	EndProjectSection
EndProject
Project("{FAE04EC0-301F-11D3-BF4B-00C04F79EFBC}") = "Core.Common.Version", "Core\Common\src\Core.Common.Version\Core.Common.Version.csproj", "{C90B77DA-E421-43CC-B82E-529651BC21AC}"
EndProject
Project("{2150E333-8FDC-42A3-9474-1A3956D46DE8}") = "src", "src", "{8261CCE1-98D7-465B-BC94-4ED239DE7F2E}"
EndProject
Project("{FAE04EC0-301F-11D3-BF4B-00C04F79EFBC}") = "Core.Common.Utils", "Core\Common\src\Core.Common.Utils\Core.Common.Utils.csproj", "{F49BD8B2-332A-4C91-A196-8CCE0A2C7D98}"
EndProject
Project("{FAE04EC0-301F-11D3-BF4B-00C04F79EFBC}") = "Core.Common.Gui", "Core\Common\src\Core.Common.Gui\Core.Common.Gui.csproj", "{30E4C2AE-719E-4D70-9FA9-668A9767FBFA}"
EndProject
Project("{FAE04EC0-301F-11D3-BF4B-00C04F79EFBC}") = "Core.Common.Base", "Core\Common\src\Core.Common.Base\Core.Common.Base.csproj", "{3BBFD65B-B277-4E50-AE6D-BD24C3434609}"
EndProject
Project("{FAE04EC0-301F-11D3-BF4B-00C04F79EFBC}") = "Core.Common.Controls", "Core\Common\src\Core.Common.Controls\Core.Common.Controls.csproj", "{9A2D67E6-26AC-4D17-B11A-2B4372F2F572}"
EndProject
Project("{2150E333-8FDC-42A3-9474-1A3956D46DE8}") = "test", "test", "{0D9858E1-CF2D-4DE5-AC0E-64401900D531}"
EndProject
Project("{FAE04EC0-301F-11D3-BF4B-00C04F79EFBC}") = "Core.Common.Utils.Test", "Core\Common\test\Core.Common.Utils.Test\Core.Common.Utils.Test.csproj", "{7F937E31-02CA-41D9-B7D4-1079CF452C72}"
EndProject
Project("{FAE04EC0-301F-11D3-BF4B-00C04F79EFBC}") = "Core.Common.TestUtil", "Core\Common\test\Core.Common.TestUtil\Core.Common.TestUtil.csproj", "{D749EE4C-CE50-4C17-BF01-9A953028C126}"
EndProject
Project("{2150E333-8FDC-42A3-9474-1A3956D46DE8}") = "src", "src", "{4B4F0984-5730-4E28-93E7-DDE0F29BA550}"
EndProject
Project("{2150E333-8FDC-42A3-9474-1A3956D46DE8}") = "test", "test", "{209AC67F-DCFA-4355-B45A-9D9A2E4593D2}"
EndProject
Project("{2150E333-8FDC-42A3-9474-1A3956D46DE8}") = "Common", "Common", "{041EDC04-3A1E-4FBA-BEB7-F391571C609F}"
EndProject
Project("{2150E333-8FDC-42A3-9474-1A3956D46DE8}") = "src", "src", "{0590D3BB-EB3E-4B53-BD64-1725E1CBB1F4}"
EndProject
Project("{2150E333-8FDC-42A3-9474-1A3956D46DE8}") = "test", "test", "{B5F4F5A5-FD36-405D-ABA1-56C270207C8F}"
EndProject
Project("{2150E333-8FDC-42A3-9474-1A3956D46DE8}") = "Piping", "Piping", "{F8FFD6DD-19DA-47CE-A0BD-53F4E7D8BB86}"
EndProject
Project("{2150E333-8FDC-42A3-9474-1A3956D46DE8}") = "src", "src", "{3ED34ACD-41C9-4251-81EC-7493E0BFF57D}"
EndProject
Project("{2150E333-8FDC-42A3-9474-1A3956D46DE8}") = "test", "test", "{1F0D20C2-7F04-431D-AF22-95A31FD53733}"
EndProject
Project("{FAE04EC0-301F-11D3-BF4B-00C04F79EFBC}") = "Core.Plugins.CommonTools", "Core\Plugins\src\Core.Plugins.CommonTools\Core.Plugins.CommonTools.csproj", "{93E73FAB-FAE8-49C6-9ABB-27D24DF761F6}"
EndProject
Project("{FAE04EC0-301F-11D3-BF4B-00C04F79EFBC}") = "Core.Plugins.ProjectExplorer", "Core\Plugins\src\Core.Plugins.ProjectExplorer\Core.Plugins.ProjectExplorer.csproj", "{ED20DBA9-D577-423F-A68D-A0A8130FB10B}"
EndProject
Project("{FAE04EC0-301F-11D3-BF4B-00C04F79EFBC}") = "Core.Plugins.CommonTools.Test", "Core\Plugins\test\Core.Plugins.CommonTools.Test\Core.Plugins.CommonTools.Test.csproj", "{8BD31773-6F6D-42EE-810D-0A5DAD809F9D}"
EndProject
Project("{FAE04EC0-301F-11D3-BF4B-00C04F79EFBC}") = "Core.Plugins.ProjectExplorer.Test", "Core\Plugins\test\Core.Plugins.ProjectExplorer.Test\Core.Plugins.ProjectExplorer.Test.csproj", "{07206938-9671-4DC7-BDE4-35B0F6E20DBC}"
EndProject
Project("{FAE04EC0-301F-11D3-BF4B-00C04F79EFBC}") = "Ringtoets.Piping.Calculation", "Ringtoets\Piping\src\Ringtoets.Piping.Calculation\Ringtoets.Piping.Calculation.csproj", "{D64E4F0E-E341-496F-82B2-941AD202B4E3}"
EndProject
Project("{FAE04EC0-301F-11D3-BF4B-00C04F79EFBC}") = "Ringtoets.Piping.Data", "Ringtoets\Piping\src\Ringtoets.Piping.Data\Ringtoets.Piping.Data.csproj", "{CE994CC9-6F6A-48AC-B4BE-02C30A21F4DB}"
EndProject
Project("{FAE04EC0-301F-11D3-BF4B-00C04F79EFBC}") = "Ringtoets.Piping.Forms", "Ringtoets\Piping\src\Ringtoets.Piping.Forms\Ringtoets.Piping.Forms.csproj", "{7CD038E1-E111-4969-ACED-22C5BD2974E1}"
EndProject
Project("{FAE04EC0-301F-11D3-BF4B-00C04F79EFBC}") = "Ringtoets.Piping.IO", "Ringtoets\Piping\src\Ringtoets.Piping.IO\Ringtoets.Piping.IO.csproj", "{35B87B7A-7F50-4139-B563-589EE522B1ED}"
EndProject
Project("{FAE04EC0-301F-11D3-BF4B-00C04F79EFBC}") = "Ringtoets.Piping.Plugin", "Ringtoets\Piping\src\Ringtoets.Piping.Plugin\Ringtoets.Piping.Plugin.csproj", "{1D3D58B6-EF7E-401E-92A0-104067D222EE}"
EndProject
Project("{FAE04EC0-301F-11D3-BF4B-00C04F79EFBC}") = "Ringtoets.Piping.Service", "Ringtoets\Piping\src\Ringtoets.Piping.Service\Ringtoets.Piping.Service.csproj", "{10B8D63D-87E8-46DF-ACA9-A8CF22EE8FB5}"
	ProjectSection(ProjectDependencies) = postProject
		{C90B77DA-E421-43CC-B82E-529651BC21AC} = {C90B77DA-E421-43CC-B82E-529651BC21AC}
	EndProjectSection
EndProject
Project("{FAE04EC0-301F-11D3-BF4B-00C04F79EFBC}") = "Ringtoets.Piping.Calculation.Test", "Ringtoets\Piping\test\Ringtoets.Piping.Calculation.Test\Ringtoets.Piping.Calculation.Test.csproj", "{91389DA2-3FF4-4559-90B3-4061549789DD}"
EndProject
Project("{FAE04EC0-301F-11D3-BF4B-00C04F79EFBC}") = "Ringtoets.Piping.Calculation.TestUtil", "Ringtoets\Piping\test\Ringtoets.Piping.Calculation.TestUtil\Ringtoets.Piping.Calculation.TestUtil.csproj", "{27E0A5C9-3ABF-426A-A3DA-7D0B83A218C8}"
EndProject
Project("{FAE04EC0-301F-11D3-BF4B-00C04F79EFBC}") = "Ringtoets.Piping.Data.Test", "Ringtoets\Piping\test\Ringtoets.Piping.Data.Test\Ringtoets.Piping.Data.Test.csproj", "{19EB1C52-D90B-40F2-A7AF-364CC5D89F68}"
EndProject
Project("{FAE04EC0-301F-11D3-BF4B-00C04F79EFBC}") = "Ringtoets.Piping.Data.TestUtil", "Ringtoets\Piping\test\Ringtoets.Piping.Data.TestUtil\Ringtoets.Piping.Data.TestUtil.csproj", "{955E574D-67CE-4347-AA6B-7DF8A04ED754}"
EndProject
Project("{FAE04EC0-301F-11D3-BF4B-00C04F79EFBC}") = "Ringtoets.Piping.Forms.Test", "Ringtoets\Piping\test\Ringtoets.Piping.Forms.Test\Ringtoets.Piping.Forms.Test.csproj", "{622A8282-D872-4DD5-8B70-578A403F74FF}"
EndProject
Project("{FAE04EC0-301F-11D3-BF4B-00C04F79EFBC}") = "Ringtoets.Piping.IO.Test", "Ringtoets\Piping\test\Ringtoets.Piping.IO.Test\Ringtoets.Piping.IO.Test.csproj", "{E4B0E068-F1A3-47BA-965F-0EC1E78E530A}"
EndProject
Project("{FAE04EC0-301F-11D3-BF4B-00C04F79EFBC}") = "Ringtoets.Piping.Plugin.Test", "Ringtoets\Piping\test\Ringtoets.Piping.Plugin.Test\Ringtoets.Piping.Plugin.Test.csproj", "{9A5C8069-520E-49D3-AA62-E8FB19614A27}"
EndProject
Project("{FAE04EC0-301F-11D3-BF4B-00C04F79EFBC}") = "Ringtoets.Piping.Service.Test", "Ringtoets\Piping\test\Ringtoets.Piping.Service.Test\Ringtoets.Piping.Service.Test.csproj", "{D783543B-46A1-4848-A812-AF5A5259ED7E}"
EndProject
Project("{FAE04EC0-301F-11D3-BF4B-00C04F79EFBC}") = "Core.Common.Integration.Test", "Core\Common\test\Core.Common.Integration.Test\Core.Common.Integration.Test.csproj", "{A6A434E0-AE5A-4D5B-97D7-532B00FBDFE9}"
EndProject
Project("{930C7802-8A8C-48F9-8165-68863BCCD9DD}") = "Application.Ringtoets.Setup", "Application\Ringtoets\src\Application.Ringtoets.Setup\Application.Ringtoets.Setup.wixproj", "{3CCB05DB-C7B3-4EF7-B41D-22B6D2A3774E}"
EndProject
Project("{FAE04EC0-301F-11D3-BF4B-00C04F79EFBC}") = "Core.Common.Base.Test", "Core\Common\test\Core.Common.Base.Test\Core.Common.Base.Test.csproj", "{FAFDB463-9612-41F4-B3DD-FF9C6E7023BA}"
EndProject
Project("{FAE04EC0-301F-11D3-BF4B-00C04F79EFBC}") = "Ringtoets.Piping.Integration.Test", "Ringtoets\Piping\test\Ringtoets.Piping.Integration.Test\Ringtoets.Piping.Integration.Test.csproj", "{813FFA92-1F3F-462B-B596-5919334007A9}"
EndProject
Project("{FAE04EC0-301F-11D3-BF4B-00C04F79EFBC}") = "Core.Common.Gui.Test", "Core\Common\test\Core.Common.Gui.Test\Core.Common.Gui.Test.csproj", "{D5EC1DF2-03C9-467B-B6AF-BE5AC83417F8}"
EndProject
Project("{2150E333-8FDC-42A3-9474-1A3956D46DE8}") = "Integration", "Integration", "{11FE8C37-49EB-4FF2-8583-DABC9816FFC8}"
EndProject
Project("{2150E333-8FDC-42A3-9474-1A3956D46DE8}") = "src", "src", "{14E296C8-B6B9-458A-A402-68E8A0F9B97C}"
EndProject
Project("{2150E333-8FDC-42A3-9474-1A3956D46DE8}") = "test", "test", "{88E04195-C43E-40D3-B5F2-3A25E1E79E03}"
EndProject
Project("{FAE04EC0-301F-11D3-BF4B-00C04F79EFBC}") = "Ringtoets.Integration.Data", "Ringtoets\Integration\src\Ringtoets.Integration.Data\Ringtoets.Integration.Data.csproj", "{11F1F874-45AF-43E4-8AE5-15A5C9593E28}"
EndProject
Project("{FAE04EC0-301F-11D3-BF4B-00C04F79EFBC}") = "Ringtoets.Common.Placeholder", "Ringtoets\Common\src\Ringtoets.Common.Placeholder\Ringtoets.Common.Placeholder.csproj", "{E38C11E0-4384-44DD-9F5B-EE73D79FD7F5}"
EndProject
Project("{FAE04EC0-301F-11D3-BF4B-00C04F79EFBC}") = "Ringtoets.Integration.Data.Test", "Ringtoets\Integration\test\Ringtoets.Integration.Data.Test\Ringtoets.Integration.Data.Test.csproj", "{16F1694E-1237-4B03-B34E-70E6871898FE}"
EndProject
Project("{FAE04EC0-301F-11D3-BF4B-00C04F79EFBC}") = "Ringtoets.Integration.Plugin", "Ringtoets\Integration\src\Ringtoets.Integration.Plugin\Ringtoets.Integration.Plugin.csproj", "{C8383B76-B3F1-4E6E-B56C-527B469FA20A}"
EndProject
Project("{FAE04EC0-301F-11D3-BF4B-00C04F79EFBC}") = "Ringtoets.Integration.Plugin.Test", "Ringtoets\Integration\test\Ringtoets.Integration.Plugin.Test\Ringtoets.Integration.Plugin.Test.csproj", "{15E7B9D9-A177-42AE-8BC7-91B6DFBAB0EC}"
EndProject
Project("{FAE04EC0-301F-11D3-BF4B-00C04F79EFBC}") = "Ringtoets.Integration.Forms", "Ringtoets\Integration\src\Ringtoets.Integration.Forms\Ringtoets.Integration.Forms.csproj", "{AD0CDC89-0A00-4068-AEEC-9838863C2FE8}"
EndProject
Project("{FAE04EC0-301F-11D3-BF4B-00C04F79EFBC}") = "Ringtoets.Common.Forms", "Ringtoets\Common\src\Ringtoets.Common.Forms\Ringtoets.Common.Forms.csproj", "{4D840673-3812-4338-A352-84854E32B8A0}"
EndProject
Project("{FAE04EC0-301F-11D3-BF4B-00C04F79EFBC}") = "Ringtoets.Integration.Forms.Test", "Ringtoets\Integration\test\Ringtoets.Integration.Forms.Test\Ringtoets.Integration.Forms.Test.csproj", "{96C8FDAE-9F59-4D2F-A66E-BE512BB5EECB}"
EndProject
Project("{FAE04EC0-301F-11D3-BF4B-00C04F79EFBC}") = "Ringtoets.Common.Forms.Test", "Ringtoets\Common\test\Ringtoets.Common.Forms.Test\Ringtoets.Common.Forms.Test.csproj", "{886FDBE5-7065-4AB9-A894-869DBFD4E440}"
EndProject
Project("{FAE04EC0-301F-11D3-BF4B-00C04F79EFBC}") = "Ringtoets.Common.Data", "Ringtoets\Common\src\Ringtoets.Common.Data\Ringtoets.Common.Data.csproj", "{D4200F43-3F72-4F42-AF0A-8CED416A38EC}"
	ProjectSection(ProjectDependencies) = postProject
		{C90B77DA-E421-43CC-B82E-529651BC21AC} = {C90B77DA-E421-43CC-B82E-529651BC21AC}
	EndProjectSection
EndProject
Project("{FAE04EC0-301F-11D3-BF4B-00C04F79EFBC}") = "Core.Common.Gui.TestUtil", "Core\Common\test\Core.Common.Gui.TestUtil\Core.Common.Gui.TestUtil.csproj", "{26214BD0-DAFB-4CFC-8EB2-80C5D53C859E}"
EndProject
Project("{FAE04EC0-301F-11D3-BF4B-00C04F79EFBC}") = "Core.Common.Controls.Test", "Core\Common\test\Core.Common.Controls.Test\Core.Common.Controls.Test.csproj", "{A8CE1456-1880-4FC8-84B3-D618EA88F384}"
EndProject
Project("{FAE04EC0-301F-11D3-BF4B-00C04F79EFBC}") = "Core.Common.TestUtil.Test", "Core\Common\test\Core.Common.TestUtil.Test\Core.Common.TestUtil.Test.csproj", "{FAF691DE-EAF5-44E0-A865-5A03FB395ED1}"
EndProject
Project("{FAE04EC0-301F-11D3-BF4B-00C04F79EFBC}") = "Ringtoets.Piping.Data.TestUtil.Test", "Ringtoets\Piping\test\Ringtoets.Piping.Data.TestUtil.Test\Ringtoets.Piping.Data.TestUtil.Test.csproj", "{35B78215-420B-4D7D-9959-9E9010601200}"
EndProject
Project("{FAE04EC0-301F-11D3-BF4B-00C04F79EFBC}") = "Ringtoets.Common.Data.Test", "Ringtoets\Common\test\Ringtoets.Common.Data.Test\Ringtoets.Common.Data.Test.csproj", "{7BABA02F-4809-43D2-93E5-DA9ED69BDDE2}"
EndProject
Project("{FAE04EC0-301F-11D3-BF4B-00C04F79EFBC}") = "Core.Common.Controls.TreeView", "Core\Common\src\Core.Common.Controls.TreeView\Core.Common.Controls.TreeView.csproj", "{1D27F91F-4E62-4EAF-A0A8-A32708B9A9B1}"
EndProject
Project("{FAE04EC0-301F-11D3-BF4B-00C04F79EFBC}") = "Core.Common.Controls.TreeView.Test", "Core\Common\test\Core.Common.Controls.TreeView.Test\Core.Common.Controls.TreeView.Test.csproj", "{0EDC6D7D-E9CD-408A-9EA9-3E7D426809C8}"
EndProject
Project("{2150E333-8FDC-42A3-9474-1A3956D46DE8}") = "Components", "Components", "{502CA963-E0E9-4F4A-A1D4-612C6A08386B}"
EndProject
Project("{FAE04EC0-301F-11D3-BF4B-00C04F79EFBC}") = "Core.Components.OxyPlot", "Core\Components\src\Core.Components.OxyPlot\Core.Components.OxyPlot.csproj", "{2344A7BD-7E25-4A1A-982E-6C674AF5167A}"
EndProject
Project("{2150E333-8FDC-42A3-9474-1A3956D46DE8}") = "src", "src", "{7A696ACF-BA09-41A2-A912-A26E82C494CF}"
EndProject
Project("{2150E333-8FDC-42A3-9474-1A3956D46DE8}") = "test", "test", "{D9DC93FF-DCF3-44A4-9193-9911966CDFF4}"
EndProject
Project("{FAE04EC0-301F-11D3-BF4B-00C04F79EFBC}") = "Core.Components.OxyPlot.Test", "Core\Components\test\Core.Components.OxyPlot.Test\Core.Components.OxyPlot.Test.csproj", "{4BB4D2AA-332E-42D6-8D34-FFABBCE1F1D8}"
EndProject
Project("{FAE04EC0-301F-11D3-BF4B-00C04F79EFBC}") = "Core.Plugins.OxyPlot", "Core\Plugins\src\Core.Plugins.OxyPlot\Core.Plugins.OxyPlot.csproj", "{4163B996-3455-4324-A38A-9F2F0E6FCB52}"
EndProject
Project("{FAE04EC0-301F-11D3-BF4B-00C04F79EFBC}") = "Core.Plugins.OxyPlot.Test", "Core\Plugins\test\Core.Plugins.OxyPlot.Test\Core.Plugins.OxyPlot.Test.csproj", "{45EF3071-5C30-40AA-8B99-CE174DCEEE48}"
EndProject
Project("{2150E333-8FDC-42A3-9474-1A3956D46DE8}") = "Ringtoets", "Ringtoets", "{85F88AB0-CA03-48D3-B5A0-DF0848C24AB0}"
EndProject
Project("{2150E333-8FDC-42A3-9474-1A3956D46DE8}") = "src", "src", "{39EB5D07-C076-484C-9621-B34C4E5BF64C}"
EndProject
Project("{2150E333-8FDC-42A3-9474-1A3956D46DE8}") = "test", "test", "{EE8D5A6C-4871-452A-A69B-F04E374D715E}"
EndProject
Project("{FAE04EC0-301F-11D3-BF4B-00C04F79EFBC}") = "Application.Ringtoets.Storage", "Application\Ringtoets\src\Application.Ringtoets.Storage\Application.Ringtoets.Storage.csproj", "{50963F12-448C-41BA-A62C-CDB0AB8D21E0}"
EndProject
Project("{FAE04EC0-301F-11D3-BF4B-00C04F79EFBC}") = "Application.Ringtoets.Storage.Test", "Application\Ringtoets\test\Application.Ringtoets.Storage.Test\Application.Ringtoets.Storage.Test.csproj", "{594C5C6D-5833-4E1C-9F30-13A202628EEF}"
EndProject
Project("{FAE04EC0-301F-11D3-BF4B-00C04F79EFBC}") = "Core.Components.OxyPlot.Forms", "Core\Components\src\Core.Components.OxyPlot.Forms\Core.Components.OxyPlot.Forms.csproj", "{DADAA0A5-288C-49CB-9F08-337F16832C86}"
EndProject
Project("{FAE04EC0-301F-11D3-BF4B-00C04F79EFBC}") = "Core.Components.OxyPlot.Forms.Test", "Core\Components\test\Core.Components.OxyPlot.Forms.Test\Core.Components.OxyPlot.Forms.Test.csproj", "{D07BB841-15D7-4127-8B46-CFC61C546B45}"
EndProject
Project("{FAE04EC0-301F-11D3-BF4B-00C04F79EFBC}") = "Core.Components.Charting", "Core\Components\src\Core.Components.Charting\Core.Components.Charting.csproj", "{516EBC95-B8F2-428C-B7F6-733F01BF8FDD}"
EndProject
Project("{FAE04EC0-301F-11D3-BF4B-00C04F79EFBC}") = "Core.Components.DotSpatial", "Core\Components\src\Core.Components.DotSpatial\Core.Components.DotSpatial.csproj", "{AA47E858-A2A7-470E-8B2D-C76AE8ED9CCD}"
EndProject
Project("{FAE04EC0-301F-11D3-BF4B-00C04F79EFBC}") = "Core.Components.DotSpatial.Test", "Core\Components\test\Core.Components.DotSpatial.Test\Core.Components.DotSpatial.Test.csproj", "{DD7ECAFF-D8A1-4D92-99C0-27498ACB32D4}"
EndProject
Project("{FAE04EC0-301F-11D3-BF4B-00C04F79EFBC}") = "Core.Plugins.DotSpatial", "Core\Plugins\src\Core.Plugins.DotSpatial\Core.Plugins.DotSpatial.csproj", "{610E0A9C-1997-4C43-A10E-39D4C66ADA93}"
EndProject
Project("{FAE04EC0-301F-11D3-BF4B-00C04F79EFBC}") = "Core.Plugins.DotSpatial.Test", "Core\Plugins\test\Core.Plugins.DotSpatial.Test\Core.Plugins.DotSpatial.Test.csproj", "{93AB5AFB-F58E-4EC4-A25E-FF439B1895E7}"
EndProject
Project("{FAE04EC0-301F-11D3-BF4B-00C04F79EFBC}") = "Core.Components.Charting.Test", "Core\Components\test\Core.Components.Charting.Test\Core.Components.Charting.Test.csproj", "{F40A7DC1-A697-41A7-8676-6C0AD8274FB4}"
EndProject
Project("{FAE04EC0-301F-11D3-BF4B-00C04F79EFBC}") = "Core.Components.Charting.TestUtil", "Core\Components\test\Core.Components.Charting.TestUtil\Core.Components.Charting.TestUtil.csproj", "{E900A014-CA87-4374-87F0-813D653A9698}"
EndProject
Project("{2150E333-8FDC-42A3-9474-1A3956D46DE8}") = "Demo", "Demo", "{EC6E52A5-2BB1-4080-9784-5DC8D0B08ED3}"
EndProject
Project("{2150E333-8FDC-42A3-9474-1A3956D46DE8}") = "Ringtoets", "Ringtoets", "{555F3460-DD3D-4B1D-8319-0AA454050FF7}"
EndProject
Project("{2150E333-8FDC-42A3-9474-1A3956D46DE8}") = "src", "src", "{F2C4C4F7-4058-4E71-859B-D704F15D2745}"
EndProject
Project("{2150E333-8FDC-42A3-9474-1A3956D46DE8}") = "test", "test", "{7E26AAA5-22ED-43CC-9B21-23EEA60A5A87}"
EndProject
Project("{FAE04EC0-301F-11D3-BF4B-00C04F79EFBC}") = "Demo.Ringtoets", "Demo\Ringtoets\src\Demo.Ringtoets\Demo.Ringtoets.csproj", "{FFE3A667-3A4C-4F48-BC6B-1589867FCB41}"
EndProject
Project("{FAE04EC0-301F-11D3-BF4B-00C04F79EFBC}") = "Demo.Ringtoets.Test", "Demo\Ringtoets\test\Demo.Ringtoets.Test\Demo.Ringtoets.Test.csproj", "{C48E2C11-3FDA-4356-A10F-757469A108FD}"
EndProject
Project("{FAE04EC0-301F-11D3-BF4B-00C04F79EFBC}") = "Core.Components.DotSpatial.TestUtil", "Core\Components\test\Core.Components.DotSpatial.TestUtil\Core.Components.DotSpatial.TestUtil.csproj", "{9B6F3987-EAF7-4733-80C1-3DCAB44D87AE}"
EndProject
Project("{2150E333-8FDC-42A3-9474-1A3956D46DE8}") = "HydraRing", "HydraRing", "{79559D7B-0ECC-4CB5-8ED1-D745F8482BA7}"
EndProject
Project("{2150E333-8FDC-42A3-9474-1A3956D46DE8}") = "src", "src", "{B31E1A9B-D13E-42CD-BEDD-9D4A709CE7BD}"
EndProject
Project("{2150E333-8FDC-42A3-9474-1A3956D46DE8}") = "test", "test", "{435F0AB1-1180-47D3-9BCB-3B5FF365236C}"
EndProject
Project("{FAE04EC0-301F-11D3-BF4B-00C04F79EFBC}") = "Ringtoets.HydraRing.Data", "Ringtoets\HydraRing\src\Ringtoets.HydraRing.Data\Ringtoets.HydraRing.Data.csproj", "{70F8CC9C-5BC8-4FB2-B201-EAE7FA8088C2}"
EndProject
Project("{FAE04EC0-301F-11D3-BF4B-00C04F79EFBC}") = "Ringtoets.HydraRing.Calculation", "Ringtoets\HydraRing\src\Ringtoets.HydraRing.Calculation\Ringtoets.HydraRing.Calculation.csproj", "{888D4097-8BC2-4703-9FB1-8744C94D525E}"
EndProject
Project("{FAE04EC0-301F-11D3-BF4B-00C04F79EFBC}") = "Ringtoets.HydraRing.Calculation.Test", "Ringtoets\HydraRing\test\Ringtoets.HydraRing.Calculation.Test\Ringtoets.HydraRing.Calculation.Test.csproj", "{175406DB-C0DA-42A7-968C-0C17CF2257B1}"
EndProject
Project("{FAE04EC0-301F-11D3-BF4B-00C04F79EFBC}") = "Ringtoets.HydraRing.Data.Test", "Ringtoets\HydraRing\test\Ringtoets.HydraRing.Data.Test\Ringtoets.HydraRing.Data.Test.csproj", "{BFD6A78A-237A-413F-8DC3-8EC6E8C5809C}"
EndProject
Global
	GlobalSection(SolutionConfigurationPlatforms) = preSolution
		CreateInstaller|x86 = CreateInstaller|x86
		CreateInstallerWithDemoProject|x86 = CreateInstallerWithDemoProject|x86
		Debug|x86 = Debug|x86
		Release|x86 = Release|x86
		ReleaseForCodeCoverage|x86 = ReleaseForCodeCoverage|x86
	EndGlobalSection
	GlobalSection(ProjectConfigurationPlatforms) = postSolution
		{4A7D6720-4AA1-4F0B-A796-A0436DB3D7D7}.CreateInstaller|x86.ActiveCfg = CreateInstaller|x86
		{4A7D6720-4AA1-4F0B-A796-A0436DB3D7D7}.CreateInstaller|x86.Build.0 = CreateInstaller|x86
		{4A7D6720-4AA1-4F0B-A796-A0436DB3D7D7}.CreateInstallerWithDemoProject|x86.ActiveCfg = Release|x86
		{4A7D6720-4AA1-4F0B-A796-A0436DB3D7D7}.CreateInstallerWithDemoProject|x86.Build.0 = Release|x86
		{4A7D6720-4AA1-4F0B-A796-A0436DB3D7D7}.Debug|x86.ActiveCfg = Debug|x86
		{4A7D6720-4AA1-4F0B-A796-A0436DB3D7D7}.Debug|x86.Build.0 = Debug|x86
		{4A7D6720-4AA1-4F0B-A796-A0436DB3D7D7}.Release|x86.ActiveCfg = Release|x86
		{4A7D6720-4AA1-4F0B-A796-A0436DB3D7D7}.Release|x86.Build.0 = Release|x86
		{4A7D6720-4AA1-4F0B-A796-A0436DB3D7D7}.ReleaseForCodeCoverage|x86.ActiveCfg = ReleaseForCodeCoverage|x86
		{4A7D6720-4AA1-4F0B-A796-A0436DB3D7D7}.ReleaseForCodeCoverage|x86.Build.0 = ReleaseForCodeCoverage|x86
		{C90B77DA-E421-43CC-B82E-529651BC21AC}.CreateInstaller|x86.ActiveCfg = Release|x86
		{C90B77DA-E421-43CC-B82E-529651BC21AC}.CreateInstaller|x86.Build.0 = Release|x86
		{C90B77DA-E421-43CC-B82E-529651BC21AC}.CreateInstallerWithDemoProject|x86.ActiveCfg = Release|x86
		{C90B77DA-E421-43CC-B82E-529651BC21AC}.CreateInstallerWithDemoProject|x86.Build.0 = Release|x86
		{C90B77DA-E421-43CC-B82E-529651BC21AC}.Debug|x86.ActiveCfg = Debug|x86
		{C90B77DA-E421-43CC-B82E-529651BC21AC}.Debug|x86.Build.0 = Debug|x86
		{C90B77DA-E421-43CC-B82E-529651BC21AC}.Release|x86.ActiveCfg = Release|x86
		{C90B77DA-E421-43CC-B82E-529651BC21AC}.Release|x86.Build.0 = Release|x86
		{C90B77DA-E421-43CC-B82E-529651BC21AC}.ReleaseForCodeCoverage|x86.ActiveCfg = ReleaseForCodeCoverage|x86
		{C90B77DA-E421-43CC-B82E-529651BC21AC}.ReleaseForCodeCoverage|x86.Build.0 = ReleaseForCodeCoverage|x86
		{F49BD8B2-332A-4C91-A196-8CCE0A2C7D98}.CreateInstaller|x86.ActiveCfg = Release|x86
		{F49BD8B2-332A-4C91-A196-8CCE0A2C7D98}.CreateInstaller|x86.Build.0 = Release|x86
		{F49BD8B2-332A-4C91-A196-8CCE0A2C7D98}.CreateInstallerWithDemoProject|x86.ActiveCfg = Release|x86
		{F49BD8B2-332A-4C91-A196-8CCE0A2C7D98}.CreateInstallerWithDemoProject|x86.Build.0 = Release|x86
		{F49BD8B2-332A-4C91-A196-8CCE0A2C7D98}.Debug|x86.ActiveCfg = Debug|x86
		{F49BD8B2-332A-4C91-A196-8CCE0A2C7D98}.Debug|x86.Build.0 = Debug|x86
		{F49BD8B2-332A-4C91-A196-8CCE0A2C7D98}.Release|x86.ActiveCfg = Release|x86
		{F49BD8B2-332A-4C91-A196-8CCE0A2C7D98}.Release|x86.Build.0 = Release|x86
		{F49BD8B2-332A-4C91-A196-8CCE0A2C7D98}.ReleaseForCodeCoverage|x86.ActiveCfg = ReleaseForCodeCoverage|x86
		{F49BD8B2-332A-4C91-A196-8CCE0A2C7D98}.ReleaseForCodeCoverage|x86.Build.0 = ReleaseForCodeCoverage|x86
		{30E4C2AE-719E-4D70-9FA9-668A9767FBFA}.CreateInstaller|x86.ActiveCfg = Release|x86
		{30E4C2AE-719E-4D70-9FA9-668A9767FBFA}.CreateInstaller|x86.Build.0 = Release|x86
		{30E4C2AE-719E-4D70-9FA9-668A9767FBFA}.CreateInstallerWithDemoProject|x86.ActiveCfg = Release|x86
		{30E4C2AE-719E-4D70-9FA9-668A9767FBFA}.CreateInstallerWithDemoProject|x86.Build.0 = Release|x86
		{30E4C2AE-719E-4D70-9FA9-668A9767FBFA}.Debug|x86.ActiveCfg = Debug|x86
		{30E4C2AE-719E-4D70-9FA9-668A9767FBFA}.Debug|x86.Build.0 = Debug|x86
		{30E4C2AE-719E-4D70-9FA9-668A9767FBFA}.Release|x86.ActiveCfg = Release|x86
		{30E4C2AE-719E-4D70-9FA9-668A9767FBFA}.Release|x86.Build.0 = Release|x86
		{30E4C2AE-719E-4D70-9FA9-668A9767FBFA}.ReleaseForCodeCoverage|x86.ActiveCfg = ReleaseForCodeCoverage|x86
		{30E4C2AE-719E-4D70-9FA9-668A9767FBFA}.ReleaseForCodeCoverage|x86.Build.0 = ReleaseForCodeCoverage|x86
		{3BBFD65B-B277-4E50-AE6D-BD24C3434609}.CreateInstaller|x86.ActiveCfg = Release|x86
		{3BBFD65B-B277-4E50-AE6D-BD24C3434609}.CreateInstaller|x86.Build.0 = Release|x86
		{3BBFD65B-B277-4E50-AE6D-BD24C3434609}.CreateInstallerWithDemoProject|x86.ActiveCfg = Release|x86
		{3BBFD65B-B277-4E50-AE6D-BD24C3434609}.CreateInstallerWithDemoProject|x86.Build.0 = Release|x86
		{3BBFD65B-B277-4E50-AE6D-BD24C3434609}.Debug|x86.ActiveCfg = Debug|x86
		{3BBFD65B-B277-4E50-AE6D-BD24C3434609}.Debug|x86.Build.0 = Debug|x86
		{3BBFD65B-B277-4E50-AE6D-BD24C3434609}.Release|x86.ActiveCfg = Release|x86
		{3BBFD65B-B277-4E50-AE6D-BD24C3434609}.Release|x86.Build.0 = Release|x86
		{3BBFD65B-B277-4E50-AE6D-BD24C3434609}.ReleaseForCodeCoverage|x86.ActiveCfg = ReleaseForCodeCoverage|x86
		{3BBFD65B-B277-4E50-AE6D-BD24C3434609}.ReleaseForCodeCoverage|x86.Build.0 = ReleaseForCodeCoverage|x86
		{9A2D67E6-26AC-4D17-B11A-2B4372F2F572}.CreateInstaller|x86.ActiveCfg = Release|x86
		{9A2D67E6-26AC-4D17-B11A-2B4372F2F572}.CreateInstaller|x86.Build.0 = Release|x86
		{9A2D67E6-26AC-4D17-B11A-2B4372F2F572}.CreateInstallerWithDemoProject|x86.ActiveCfg = Release|x86
		{9A2D67E6-26AC-4D17-B11A-2B4372F2F572}.CreateInstallerWithDemoProject|x86.Build.0 = Release|x86
		{9A2D67E6-26AC-4D17-B11A-2B4372F2F572}.Debug|x86.ActiveCfg = Debug|x86
		{9A2D67E6-26AC-4D17-B11A-2B4372F2F572}.Debug|x86.Build.0 = Debug|x86
		{9A2D67E6-26AC-4D17-B11A-2B4372F2F572}.Release|x86.ActiveCfg = Release|x86
		{9A2D67E6-26AC-4D17-B11A-2B4372F2F572}.Release|x86.Build.0 = Release|x86
		{9A2D67E6-26AC-4D17-B11A-2B4372F2F572}.ReleaseForCodeCoverage|x86.ActiveCfg = ReleaseForCodeCoverage|x86
		{9A2D67E6-26AC-4D17-B11A-2B4372F2F572}.ReleaseForCodeCoverage|x86.Build.0 = ReleaseForCodeCoverage|x86
		{7F937E31-02CA-41D9-B7D4-1079CF452C72}.CreateInstaller|x86.ActiveCfg = Release|x86
		{7F937E31-02CA-41D9-B7D4-1079CF452C72}.CreateInstallerWithDemoProject|x86.ActiveCfg = Release|x86
		{7F937E31-02CA-41D9-B7D4-1079CF452C72}.Debug|x86.ActiveCfg = Debug|x86
		{7F937E31-02CA-41D9-B7D4-1079CF452C72}.Debug|x86.Build.0 = Debug|x86
		{7F937E31-02CA-41D9-B7D4-1079CF452C72}.Release|x86.ActiveCfg = Release|x86
		{7F937E31-02CA-41D9-B7D4-1079CF452C72}.Release|x86.Build.0 = Release|x86
		{7F937E31-02CA-41D9-B7D4-1079CF452C72}.ReleaseForCodeCoverage|x86.ActiveCfg = ReleaseForCodeCoverage|x86
		{7F937E31-02CA-41D9-B7D4-1079CF452C72}.ReleaseForCodeCoverage|x86.Build.0 = ReleaseForCodeCoverage|x86
		{D749EE4C-CE50-4C17-BF01-9A953028C126}.CreateInstaller|x86.ActiveCfg = Release|x86
		{D749EE4C-CE50-4C17-BF01-9A953028C126}.CreateInstallerWithDemoProject|x86.ActiveCfg = Release|x86
		{D749EE4C-CE50-4C17-BF01-9A953028C126}.Debug|x86.ActiveCfg = Debug|x86
		{D749EE4C-CE50-4C17-BF01-9A953028C126}.Debug|x86.Build.0 = Debug|x86
		{D749EE4C-CE50-4C17-BF01-9A953028C126}.Release|x86.ActiveCfg = Release|x86
		{D749EE4C-CE50-4C17-BF01-9A953028C126}.Release|x86.Build.0 = Release|x86
		{D749EE4C-CE50-4C17-BF01-9A953028C126}.ReleaseForCodeCoverage|x86.ActiveCfg = ReleaseForCodeCoverage|x86
		{D749EE4C-CE50-4C17-BF01-9A953028C126}.ReleaseForCodeCoverage|x86.Build.0 = ReleaseForCodeCoverage|x86
		{93E73FAB-FAE8-49C6-9ABB-27D24DF761F6}.CreateInstaller|x86.ActiveCfg = Release|x86
		{93E73FAB-FAE8-49C6-9ABB-27D24DF761F6}.CreateInstaller|x86.Build.0 = Release|x86
		{93E73FAB-FAE8-49C6-9ABB-27D24DF761F6}.CreateInstallerWithDemoProject|x86.ActiveCfg = Release|x86
		{93E73FAB-FAE8-49C6-9ABB-27D24DF761F6}.CreateInstallerWithDemoProject|x86.Build.0 = Release|x86
		{93E73FAB-FAE8-49C6-9ABB-27D24DF761F6}.Debug|x86.ActiveCfg = Debug|x86
		{93E73FAB-FAE8-49C6-9ABB-27D24DF761F6}.Debug|x86.Build.0 = Debug|x86
		{93E73FAB-FAE8-49C6-9ABB-27D24DF761F6}.Release|x86.ActiveCfg = Release|x86
		{93E73FAB-FAE8-49C6-9ABB-27D24DF761F6}.Release|x86.Build.0 = Release|x86
		{93E73FAB-FAE8-49C6-9ABB-27D24DF761F6}.ReleaseForCodeCoverage|x86.ActiveCfg = ReleaseForCodeCoverage|x86
		{93E73FAB-FAE8-49C6-9ABB-27D24DF761F6}.ReleaseForCodeCoverage|x86.Build.0 = ReleaseForCodeCoverage|x86
		{ED20DBA9-D577-423F-A68D-A0A8130FB10B}.CreateInstaller|x86.ActiveCfg = Release|x86
		{ED20DBA9-D577-423F-A68D-A0A8130FB10B}.CreateInstaller|x86.Build.0 = Release|x86
		{ED20DBA9-D577-423F-A68D-A0A8130FB10B}.CreateInstallerWithDemoProject|x86.ActiveCfg = Release|x86
		{ED20DBA9-D577-423F-A68D-A0A8130FB10B}.CreateInstallerWithDemoProject|x86.Build.0 = Release|x86
		{ED20DBA9-D577-423F-A68D-A0A8130FB10B}.Debug|x86.ActiveCfg = Debug|x86
		{ED20DBA9-D577-423F-A68D-A0A8130FB10B}.Debug|x86.Build.0 = Debug|x86
		{ED20DBA9-D577-423F-A68D-A0A8130FB10B}.Release|x86.ActiveCfg = Release|x86
		{ED20DBA9-D577-423F-A68D-A0A8130FB10B}.Release|x86.Build.0 = Release|x86
		{ED20DBA9-D577-423F-A68D-A0A8130FB10B}.ReleaseForCodeCoverage|x86.ActiveCfg = ReleaseForCodeCoverage|x86
		{ED20DBA9-D577-423F-A68D-A0A8130FB10B}.ReleaseForCodeCoverage|x86.Build.0 = ReleaseForCodeCoverage|x86
		{8BD31773-6F6D-42EE-810D-0A5DAD809F9D}.CreateInstaller|x86.ActiveCfg = Release|x86
		{8BD31773-6F6D-42EE-810D-0A5DAD809F9D}.CreateInstallerWithDemoProject|x86.ActiveCfg = Release|x86
		{8BD31773-6F6D-42EE-810D-0A5DAD809F9D}.Debug|x86.ActiveCfg = Debug|x86
		{8BD31773-6F6D-42EE-810D-0A5DAD809F9D}.Debug|x86.Build.0 = Debug|x86
		{8BD31773-6F6D-42EE-810D-0A5DAD809F9D}.Release|x86.ActiveCfg = Release|x86
		{8BD31773-6F6D-42EE-810D-0A5DAD809F9D}.Release|x86.Build.0 = Release|x86
		{8BD31773-6F6D-42EE-810D-0A5DAD809F9D}.ReleaseForCodeCoverage|x86.ActiveCfg = ReleaseForCodeCoverage|x86
		{8BD31773-6F6D-42EE-810D-0A5DAD809F9D}.ReleaseForCodeCoverage|x86.Build.0 = ReleaseForCodeCoverage|x86
		{07206938-9671-4DC7-BDE4-35B0F6E20DBC}.CreateInstaller|x86.ActiveCfg = Release|x86
		{07206938-9671-4DC7-BDE4-35B0F6E20DBC}.CreateInstallerWithDemoProject|x86.ActiveCfg = Release|x86
		{07206938-9671-4DC7-BDE4-35B0F6E20DBC}.Debug|x86.ActiveCfg = Debug|x86
		{07206938-9671-4DC7-BDE4-35B0F6E20DBC}.Debug|x86.Build.0 = Debug|x86
		{07206938-9671-4DC7-BDE4-35B0F6E20DBC}.Release|x86.ActiveCfg = Release|x86
		{07206938-9671-4DC7-BDE4-35B0F6E20DBC}.Release|x86.Build.0 = Release|x86
		{07206938-9671-4DC7-BDE4-35B0F6E20DBC}.ReleaseForCodeCoverage|x86.ActiveCfg = ReleaseForCodeCoverage|x86
		{07206938-9671-4DC7-BDE4-35B0F6E20DBC}.ReleaseForCodeCoverage|x86.Build.0 = ReleaseForCodeCoverage|x86
		{D64E4F0E-E341-496F-82B2-941AD202B4E3}.CreateInstaller|x86.ActiveCfg = Release|x86
		{D64E4F0E-E341-496F-82B2-941AD202B4E3}.CreateInstaller|x86.Build.0 = Release|x86
		{D64E4F0E-E341-496F-82B2-941AD202B4E3}.CreateInstallerWithDemoProject|x86.ActiveCfg = Release|x86
		{D64E4F0E-E341-496F-82B2-941AD202B4E3}.CreateInstallerWithDemoProject|x86.Build.0 = Release|x86
		{D64E4F0E-E341-496F-82B2-941AD202B4E3}.Debug|x86.ActiveCfg = Debug|x86
		{D64E4F0E-E341-496F-82B2-941AD202B4E3}.Debug|x86.Build.0 = Debug|x86
		{D64E4F0E-E341-496F-82B2-941AD202B4E3}.Release|x86.ActiveCfg = Release|x86
		{D64E4F0E-E341-496F-82B2-941AD202B4E3}.Release|x86.Build.0 = Release|x86
		{D64E4F0E-E341-496F-82B2-941AD202B4E3}.ReleaseForCodeCoverage|x86.ActiveCfg = ReleaseForCodeCoverage|x86
		{D64E4F0E-E341-496F-82B2-941AD202B4E3}.ReleaseForCodeCoverage|x86.Build.0 = ReleaseForCodeCoverage|x86
		{CE994CC9-6F6A-48AC-B4BE-02C30A21F4DB}.CreateInstaller|x86.ActiveCfg = Release|x86
		{CE994CC9-6F6A-48AC-B4BE-02C30A21F4DB}.CreateInstaller|x86.Build.0 = Release|x86
		{CE994CC9-6F6A-48AC-B4BE-02C30A21F4DB}.CreateInstallerWithDemoProject|x86.ActiveCfg = Release|x86
		{CE994CC9-6F6A-48AC-B4BE-02C30A21F4DB}.CreateInstallerWithDemoProject|x86.Build.0 = Release|x86
		{CE994CC9-6F6A-48AC-B4BE-02C30A21F4DB}.Debug|x86.ActiveCfg = Debug|x86
		{CE994CC9-6F6A-48AC-B4BE-02C30A21F4DB}.Debug|x86.Build.0 = Debug|x86
		{CE994CC9-6F6A-48AC-B4BE-02C30A21F4DB}.Release|x86.ActiveCfg = Release|x86
		{CE994CC9-6F6A-48AC-B4BE-02C30A21F4DB}.Release|x86.Build.0 = Release|x86
		{CE994CC9-6F6A-48AC-B4BE-02C30A21F4DB}.ReleaseForCodeCoverage|x86.ActiveCfg = ReleaseForCodeCoverage|x86
		{CE994CC9-6F6A-48AC-B4BE-02C30A21F4DB}.ReleaseForCodeCoverage|x86.Build.0 = ReleaseForCodeCoverage|x86
		{7CD038E1-E111-4969-ACED-22C5BD2974E1}.CreateInstaller|x86.ActiveCfg = Release|x86
		{7CD038E1-E111-4969-ACED-22C5BD2974E1}.CreateInstaller|x86.Build.0 = Release|x86
		{7CD038E1-E111-4969-ACED-22C5BD2974E1}.CreateInstallerWithDemoProject|x86.ActiveCfg = Release|x86
		{7CD038E1-E111-4969-ACED-22C5BD2974E1}.CreateInstallerWithDemoProject|x86.Build.0 = Release|x86
		{7CD038E1-E111-4969-ACED-22C5BD2974E1}.Debug|x86.ActiveCfg = Debug|x86
		{7CD038E1-E111-4969-ACED-22C5BD2974E1}.Debug|x86.Build.0 = Debug|x86
		{7CD038E1-E111-4969-ACED-22C5BD2974E1}.Release|x86.ActiveCfg = Release|x86
		{7CD038E1-E111-4969-ACED-22C5BD2974E1}.Release|x86.Build.0 = Release|x86
		{7CD038E1-E111-4969-ACED-22C5BD2974E1}.ReleaseForCodeCoverage|x86.ActiveCfg = ReleaseForCodeCoverage|x86
		{7CD038E1-E111-4969-ACED-22C5BD2974E1}.ReleaseForCodeCoverage|x86.Build.0 = ReleaseForCodeCoverage|x86
		{35B87B7A-7F50-4139-B563-589EE522B1ED}.CreateInstaller|x86.ActiveCfg = Release|x86
		{35B87B7A-7F50-4139-B563-589EE522B1ED}.CreateInstaller|x86.Build.0 = Release|x86
		{35B87B7A-7F50-4139-B563-589EE522B1ED}.CreateInstallerWithDemoProject|x86.ActiveCfg = Release|x86
		{35B87B7A-7F50-4139-B563-589EE522B1ED}.CreateInstallerWithDemoProject|x86.Build.0 = Release|x86
		{35B87B7A-7F50-4139-B563-589EE522B1ED}.Debug|x86.ActiveCfg = Debug|x86
		{35B87B7A-7F50-4139-B563-589EE522B1ED}.Debug|x86.Build.0 = Debug|x86
		{35B87B7A-7F50-4139-B563-589EE522B1ED}.Release|x86.ActiveCfg = Release|x86
		{35B87B7A-7F50-4139-B563-589EE522B1ED}.Release|x86.Build.0 = Release|x86
		{35B87B7A-7F50-4139-B563-589EE522B1ED}.ReleaseForCodeCoverage|x86.ActiveCfg = ReleaseForCodeCoverage|x86
		{35B87B7A-7F50-4139-B563-589EE522B1ED}.ReleaseForCodeCoverage|x86.Build.0 = ReleaseForCodeCoverage|x86
		{1D3D58B6-EF7E-401E-92A0-104067D222EE}.CreateInstaller|x86.ActiveCfg = Release|x86
		{1D3D58B6-EF7E-401E-92A0-104067D222EE}.CreateInstaller|x86.Build.0 = Release|x86
		{1D3D58B6-EF7E-401E-92A0-104067D222EE}.CreateInstallerWithDemoProject|x86.ActiveCfg = Release|x86
		{1D3D58B6-EF7E-401E-92A0-104067D222EE}.CreateInstallerWithDemoProject|x86.Build.0 = Release|x86
		{1D3D58B6-EF7E-401E-92A0-104067D222EE}.Debug|x86.ActiveCfg = Debug|x86
		{1D3D58B6-EF7E-401E-92A0-104067D222EE}.Debug|x86.Build.0 = Debug|x86
		{1D3D58B6-EF7E-401E-92A0-104067D222EE}.Release|x86.ActiveCfg = Release|x86
		{1D3D58B6-EF7E-401E-92A0-104067D222EE}.Release|x86.Build.0 = Release|x86
		{1D3D58B6-EF7E-401E-92A0-104067D222EE}.ReleaseForCodeCoverage|x86.ActiveCfg = ReleaseForCodeCoverage|x86
		{1D3D58B6-EF7E-401E-92A0-104067D222EE}.ReleaseForCodeCoverage|x86.Build.0 = ReleaseForCodeCoverage|x86
		{10B8D63D-87E8-46DF-ACA9-A8CF22EE8FB5}.CreateInstaller|x86.ActiveCfg = Release|x86
		{10B8D63D-87E8-46DF-ACA9-A8CF22EE8FB5}.CreateInstaller|x86.Build.0 = Release|x86
		{10B8D63D-87E8-46DF-ACA9-A8CF22EE8FB5}.CreateInstallerWithDemoProject|x86.ActiveCfg = Release|x86
		{10B8D63D-87E8-46DF-ACA9-A8CF22EE8FB5}.CreateInstallerWithDemoProject|x86.Build.0 = Release|x86
		{10B8D63D-87E8-46DF-ACA9-A8CF22EE8FB5}.Debug|x86.ActiveCfg = Debug|x86
		{10B8D63D-87E8-46DF-ACA9-A8CF22EE8FB5}.Debug|x86.Build.0 = Debug|x86
		{10B8D63D-87E8-46DF-ACA9-A8CF22EE8FB5}.Release|x86.ActiveCfg = Release|x86
		{10B8D63D-87E8-46DF-ACA9-A8CF22EE8FB5}.Release|x86.Build.0 = Release|x86
		{10B8D63D-87E8-46DF-ACA9-A8CF22EE8FB5}.ReleaseForCodeCoverage|x86.ActiveCfg = ReleaseForCodeCoverage|x86
		{10B8D63D-87E8-46DF-ACA9-A8CF22EE8FB5}.ReleaseForCodeCoverage|x86.Build.0 = ReleaseForCodeCoverage|x86
		{91389DA2-3FF4-4559-90B3-4061549789DD}.CreateInstaller|x86.ActiveCfg = Release|x86
		{91389DA2-3FF4-4559-90B3-4061549789DD}.CreateInstallerWithDemoProject|x86.ActiveCfg = Release|x86
		{91389DA2-3FF4-4559-90B3-4061549789DD}.Debug|x86.ActiveCfg = Debug|x86
		{91389DA2-3FF4-4559-90B3-4061549789DD}.Debug|x86.Build.0 = Debug|x86
		{91389DA2-3FF4-4559-90B3-4061549789DD}.Release|x86.ActiveCfg = Release|x86
		{91389DA2-3FF4-4559-90B3-4061549789DD}.Release|x86.Build.0 = Release|x86
		{91389DA2-3FF4-4559-90B3-4061549789DD}.ReleaseForCodeCoverage|x86.ActiveCfg = ReleaseForCodeCoverage|x86
		{91389DA2-3FF4-4559-90B3-4061549789DD}.ReleaseForCodeCoverage|x86.Build.0 = ReleaseForCodeCoverage|x86
		{27E0A5C9-3ABF-426A-A3DA-7D0B83A218C8}.CreateInstaller|x86.ActiveCfg = Release|x86
		{27E0A5C9-3ABF-426A-A3DA-7D0B83A218C8}.CreateInstallerWithDemoProject|x86.ActiveCfg = Release|x86
		{27E0A5C9-3ABF-426A-A3DA-7D0B83A218C8}.Debug|x86.ActiveCfg = Debug|x86
		{27E0A5C9-3ABF-426A-A3DA-7D0B83A218C8}.Debug|x86.Build.0 = Debug|x86
		{27E0A5C9-3ABF-426A-A3DA-7D0B83A218C8}.Release|x86.ActiveCfg = Release|x86
		{27E0A5C9-3ABF-426A-A3DA-7D0B83A218C8}.Release|x86.Build.0 = Release|x86
		{27E0A5C9-3ABF-426A-A3DA-7D0B83A218C8}.ReleaseForCodeCoverage|x86.ActiveCfg = ReleaseForCodeCoverage|x86
		{27E0A5C9-3ABF-426A-A3DA-7D0B83A218C8}.ReleaseForCodeCoverage|x86.Build.0 = ReleaseForCodeCoverage|x86
		{19EB1C52-D90B-40F2-A7AF-364CC5D89F68}.CreateInstaller|x86.ActiveCfg = Release|x86
		{19EB1C52-D90B-40F2-A7AF-364CC5D89F68}.CreateInstallerWithDemoProject|x86.ActiveCfg = Release|x86
		{19EB1C52-D90B-40F2-A7AF-364CC5D89F68}.Debug|x86.ActiveCfg = Debug|x86
		{19EB1C52-D90B-40F2-A7AF-364CC5D89F68}.Debug|x86.Build.0 = Debug|x86
		{19EB1C52-D90B-40F2-A7AF-364CC5D89F68}.Release|x86.ActiveCfg = Release|x86
		{19EB1C52-D90B-40F2-A7AF-364CC5D89F68}.Release|x86.Build.0 = Release|x86
		{19EB1C52-D90B-40F2-A7AF-364CC5D89F68}.ReleaseForCodeCoverage|x86.ActiveCfg = ReleaseForCodeCoverage|x86
		{19EB1C52-D90B-40F2-A7AF-364CC5D89F68}.ReleaseForCodeCoverage|x86.Build.0 = ReleaseForCodeCoverage|x86
		{955E574D-67CE-4347-AA6B-7DF8A04ED754}.CreateInstaller|x86.ActiveCfg = Release|x86
		{955E574D-67CE-4347-AA6B-7DF8A04ED754}.CreateInstallerWithDemoProject|x86.ActiveCfg = Release|x86
		{955E574D-67CE-4347-AA6B-7DF8A04ED754}.Debug|x86.ActiveCfg = Debug|x86
		{955E574D-67CE-4347-AA6B-7DF8A04ED754}.Debug|x86.Build.0 = Debug|x86
		{955E574D-67CE-4347-AA6B-7DF8A04ED754}.Release|x86.ActiveCfg = Release|x86
		{955E574D-67CE-4347-AA6B-7DF8A04ED754}.Release|x86.Build.0 = Release|x86
		{955E574D-67CE-4347-AA6B-7DF8A04ED754}.ReleaseForCodeCoverage|x86.ActiveCfg = ReleaseForCodeCoverage|x86
		{955E574D-67CE-4347-AA6B-7DF8A04ED754}.ReleaseForCodeCoverage|x86.Build.0 = ReleaseForCodeCoverage|x86
		{622A8282-D872-4DD5-8B70-578A403F74FF}.CreateInstaller|x86.ActiveCfg = Release|x86
		{622A8282-D872-4DD5-8B70-578A403F74FF}.CreateInstallerWithDemoProject|x86.ActiveCfg = Release|x86
		{622A8282-D872-4DD5-8B70-578A403F74FF}.Debug|x86.ActiveCfg = Debug|x86
		{622A8282-D872-4DD5-8B70-578A403F74FF}.Debug|x86.Build.0 = Debug|x86
		{622A8282-D872-4DD5-8B70-578A403F74FF}.Release|x86.ActiveCfg = Release|x86
		{622A8282-D872-4DD5-8B70-578A403F74FF}.Release|x86.Build.0 = Release|x86
		{622A8282-D872-4DD5-8B70-578A403F74FF}.ReleaseForCodeCoverage|x86.ActiveCfg = ReleaseForCodeCoverage|x86
		{622A8282-D872-4DD5-8B70-578A403F74FF}.ReleaseForCodeCoverage|x86.Build.0 = ReleaseForCodeCoverage|x86
		{E4B0E068-F1A3-47BA-965F-0EC1E78E530A}.CreateInstaller|x86.ActiveCfg = Release|x86
		{E4B0E068-F1A3-47BA-965F-0EC1E78E530A}.CreateInstallerWithDemoProject|x86.ActiveCfg = Release|x86
		{E4B0E068-F1A3-47BA-965F-0EC1E78E530A}.Debug|x86.ActiveCfg = Debug|x86
		{E4B0E068-F1A3-47BA-965F-0EC1E78E530A}.Debug|x86.Build.0 = Debug|x86
		{E4B0E068-F1A3-47BA-965F-0EC1E78E530A}.Release|x86.ActiveCfg = Release|x86
		{E4B0E068-F1A3-47BA-965F-0EC1E78E530A}.Release|x86.Build.0 = Release|x86
		{E4B0E068-F1A3-47BA-965F-0EC1E78E530A}.ReleaseForCodeCoverage|x86.ActiveCfg = ReleaseForCodeCoverage|x86
		{E4B0E068-F1A3-47BA-965F-0EC1E78E530A}.ReleaseForCodeCoverage|x86.Build.0 = ReleaseForCodeCoverage|x86
		{9A5C8069-520E-49D3-AA62-E8FB19614A27}.CreateInstaller|x86.ActiveCfg = Release|x86
		{9A5C8069-520E-49D3-AA62-E8FB19614A27}.CreateInstallerWithDemoProject|x86.ActiveCfg = Release|x86
		{9A5C8069-520E-49D3-AA62-E8FB19614A27}.Debug|x86.ActiveCfg = Debug|x86
		{9A5C8069-520E-49D3-AA62-E8FB19614A27}.Debug|x86.Build.0 = Debug|x86
		{9A5C8069-520E-49D3-AA62-E8FB19614A27}.Release|x86.ActiveCfg = Release|x86
		{9A5C8069-520E-49D3-AA62-E8FB19614A27}.Release|x86.Build.0 = Release|x86
		{9A5C8069-520E-49D3-AA62-E8FB19614A27}.ReleaseForCodeCoverage|x86.ActiveCfg = ReleaseForCodeCoverage|x86
		{9A5C8069-520E-49D3-AA62-E8FB19614A27}.ReleaseForCodeCoverage|x86.Build.0 = ReleaseForCodeCoverage|x86
		{D783543B-46A1-4848-A812-AF5A5259ED7E}.CreateInstaller|x86.ActiveCfg = Release|x86
		{D783543B-46A1-4848-A812-AF5A5259ED7E}.CreateInstallerWithDemoProject|x86.ActiveCfg = Release|x86
		{D783543B-46A1-4848-A812-AF5A5259ED7E}.Debug|x86.ActiveCfg = Debug|x86
		{D783543B-46A1-4848-A812-AF5A5259ED7E}.Debug|x86.Build.0 = Debug|x86
		{D783543B-46A1-4848-A812-AF5A5259ED7E}.Release|x86.ActiveCfg = Release|x86
		{D783543B-46A1-4848-A812-AF5A5259ED7E}.Release|x86.Build.0 = Release|x86
		{D783543B-46A1-4848-A812-AF5A5259ED7E}.ReleaseForCodeCoverage|x86.ActiveCfg = ReleaseForCodeCoverage|x86
		{D783543B-46A1-4848-A812-AF5A5259ED7E}.ReleaseForCodeCoverage|x86.Build.0 = ReleaseForCodeCoverage|x86
		{A6A434E0-AE5A-4D5B-97D7-532B00FBDFE9}.CreateInstaller|x86.ActiveCfg = Release|x86
		{A6A434E0-AE5A-4D5B-97D7-532B00FBDFE9}.CreateInstallerWithDemoProject|x86.ActiveCfg = Release|x86
		{A6A434E0-AE5A-4D5B-97D7-532B00FBDFE9}.Debug|x86.ActiveCfg = Debug|x86
		{A6A434E0-AE5A-4D5B-97D7-532B00FBDFE9}.Debug|x86.Build.0 = Debug|x86
		{A6A434E0-AE5A-4D5B-97D7-532B00FBDFE9}.Release|x86.ActiveCfg = Release|x86
		{A6A434E0-AE5A-4D5B-97D7-532B00FBDFE9}.Release|x86.Build.0 = Release|x86
		{A6A434E0-AE5A-4D5B-97D7-532B00FBDFE9}.ReleaseForCodeCoverage|x86.ActiveCfg = ReleaseForCodeCoverage|x86
		{A6A434E0-AE5A-4D5B-97D7-532B00FBDFE9}.ReleaseForCodeCoverage|x86.Build.0 = ReleaseForCodeCoverage|x86
		{3CCB05DB-C7B3-4EF7-B41D-22B6D2A3774E}.CreateInstaller|x86.ActiveCfg = Release|x86
		{3CCB05DB-C7B3-4EF7-B41D-22B6D2A3774E}.CreateInstaller|x86.Build.0 = Release|x86
		{3CCB05DB-C7B3-4EF7-B41D-22B6D2A3774E}.CreateInstallerWithDemoProject|x86.ActiveCfg = Release|x86
		{3CCB05DB-C7B3-4EF7-B41D-22B6D2A3774E}.CreateInstallerWithDemoProject|x86.Build.0 = Release|x86
		{3CCB05DB-C7B3-4EF7-B41D-22B6D2A3774E}.Debug|x86.ActiveCfg = Debug|x86
		{3CCB05DB-C7B3-4EF7-B41D-22B6D2A3774E}.Release|x86.ActiveCfg = Release|x86
		{3CCB05DB-C7B3-4EF7-B41D-22B6D2A3774E}.ReleaseForCodeCoverage|x86.ActiveCfg = Release|x86
		{FAFDB463-9612-41F4-B3DD-FF9C6E7023BA}.CreateInstaller|x86.ActiveCfg = Release|x86
		{FAFDB463-9612-41F4-B3DD-FF9C6E7023BA}.CreateInstallerWithDemoProject|x86.ActiveCfg = Release|x86
		{FAFDB463-9612-41F4-B3DD-FF9C6E7023BA}.Debug|x86.ActiveCfg = Debug|x86
		{FAFDB463-9612-41F4-B3DD-FF9C6E7023BA}.Debug|x86.Build.0 = Debug|x86
		{FAFDB463-9612-41F4-B3DD-FF9C6E7023BA}.Release|x86.ActiveCfg = Release|x86
		{FAFDB463-9612-41F4-B3DD-FF9C6E7023BA}.Release|x86.Build.0 = Release|x86
		{FAFDB463-9612-41F4-B3DD-FF9C6E7023BA}.ReleaseForCodeCoverage|x86.ActiveCfg = ReleaseForCodeCoverage|x86
		{FAFDB463-9612-41F4-B3DD-FF9C6E7023BA}.ReleaseForCodeCoverage|x86.Build.0 = ReleaseForCodeCoverage|x86
		{813FFA92-1F3F-462B-B596-5919334007A9}.CreateInstaller|x86.ActiveCfg = Release|x86
		{813FFA92-1F3F-462B-B596-5919334007A9}.CreateInstallerWithDemoProject|x86.ActiveCfg = Release|x86
		{813FFA92-1F3F-462B-B596-5919334007A9}.Debug|x86.ActiveCfg = Debug|x86
		{813FFA92-1F3F-462B-B596-5919334007A9}.Debug|x86.Build.0 = Debug|x86
		{813FFA92-1F3F-462B-B596-5919334007A9}.Release|x86.ActiveCfg = Release|x86
		{813FFA92-1F3F-462B-B596-5919334007A9}.Release|x86.Build.0 = Release|x86
		{813FFA92-1F3F-462B-B596-5919334007A9}.ReleaseForCodeCoverage|x86.ActiveCfg = ReleaseForCodeCoverage|x86
		{813FFA92-1F3F-462B-B596-5919334007A9}.ReleaseForCodeCoverage|x86.Build.0 = ReleaseForCodeCoverage|x86
		{D5EC1DF2-03C9-467B-B6AF-BE5AC83417F8}.CreateInstaller|x86.ActiveCfg = Release|x86
		{D5EC1DF2-03C9-467B-B6AF-BE5AC83417F8}.CreateInstallerWithDemoProject|x86.ActiveCfg = Release|x86
		{D5EC1DF2-03C9-467B-B6AF-BE5AC83417F8}.Debug|x86.ActiveCfg = Debug|x86
		{D5EC1DF2-03C9-467B-B6AF-BE5AC83417F8}.Debug|x86.Build.0 = Debug|x86
		{D5EC1DF2-03C9-467B-B6AF-BE5AC83417F8}.Release|x86.ActiveCfg = Release|x86
		{D5EC1DF2-03C9-467B-B6AF-BE5AC83417F8}.Release|x86.Build.0 = Release|x86
		{D5EC1DF2-03C9-467B-B6AF-BE5AC83417F8}.ReleaseForCodeCoverage|x86.ActiveCfg = ReleaseForCodeCoverage|x86
		{D5EC1DF2-03C9-467B-B6AF-BE5AC83417F8}.ReleaseForCodeCoverage|x86.Build.0 = ReleaseForCodeCoverage|x86
		{11F1F874-45AF-43E4-8AE5-15A5C9593E28}.CreateInstaller|x86.ActiveCfg = Release|x86
		{11F1F874-45AF-43E4-8AE5-15A5C9593E28}.CreateInstaller|x86.Build.0 = Release|x86
		{11F1F874-45AF-43E4-8AE5-15A5C9593E28}.CreateInstallerWithDemoProject|x86.ActiveCfg = Release|x86
		{11F1F874-45AF-43E4-8AE5-15A5C9593E28}.CreateInstallerWithDemoProject|x86.Build.0 = Release|x86
		{11F1F874-45AF-43E4-8AE5-15A5C9593E28}.Debug|x86.ActiveCfg = Debug|x86
		{11F1F874-45AF-43E4-8AE5-15A5C9593E28}.Debug|x86.Build.0 = Debug|x86
		{11F1F874-45AF-43E4-8AE5-15A5C9593E28}.Release|x86.ActiveCfg = Release|x86
		{11F1F874-45AF-43E4-8AE5-15A5C9593E28}.Release|x86.Build.0 = Release|x86
		{11F1F874-45AF-43E4-8AE5-15A5C9593E28}.ReleaseForCodeCoverage|x86.ActiveCfg = ReleaseForCodeCoverage|x86
		{11F1F874-45AF-43E4-8AE5-15A5C9593E28}.ReleaseForCodeCoverage|x86.Build.0 = ReleaseForCodeCoverage|x86
		{E38C11E0-4384-44DD-9F5B-EE73D79FD7F5}.CreateInstaller|x86.ActiveCfg = Release|x86
		{E38C11E0-4384-44DD-9F5B-EE73D79FD7F5}.CreateInstaller|x86.Build.0 = Release|x86
		{E38C11E0-4384-44DD-9F5B-EE73D79FD7F5}.CreateInstallerWithDemoProject|x86.ActiveCfg = Release|x86
		{E38C11E0-4384-44DD-9F5B-EE73D79FD7F5}.CreateInstallerWithDemoProject|x86.Build.0 = Release|x86
		{E38C11E0-4384-44DD-9F5B-EE73D79FD7F5}.Debug|x86.ActiveCfg = Debug|x86
		{E38C11E0-4384-44DD-9F5B-EE73D79FD7F5}.Debug|x86.Build.0 = Debug|x86
		{E38C11E0-4384-44DD-9F5B-EE73D79FD7F5}.Release|x86.ActiveCfg = Release|x86
		{E38C11E0-4384-44DD-9F5B-EE73D79FD7F5}.Release|x86.Build.0 = Release|x86
		{E38C11E0-4384-44DD-9F5B-EE73D79FD7F5}.ReleaseForCodeCoverage|x86.ActiveCfg = ReleaseForCodeCoverage|x86
		{E38C11E0-4384-44DD-9F5B-EE73D79FD7F5}.ReleaseForCodeCoverage|x86.Build.0 = ReleaseForCodeCoverage|x86
		{16F1694E-1237-4B03-B34E-70E6871898FE}.CreateInstaller|x86.ActiveCfg = Release|x86
		{16F1694E-1237-4B03-B34E-70E6871898FE}.CreateInstallerWithDemoProject|x86.ActiveCfg = Release|x86
		{16F1694E-1237-4B03-B34E-70E6871898FE}.Debug|x86.ActiveCfg = Debug|x86
		{16F1694E-1237-4B03-B34E-70E6871898FE}.Debug|x86.Build.0 = Debug|x86
		{16F1694E-1237-4B03-B34E-70E6871898FE}.Release|x86.ActiveCfg = Release|x86
		{16F1694E-1237-4B03-B34E-70E6871898FE}.Release|x86.Build.0 = Release|x86
		{16F1694E-1237-4B03-B34E-70E6871898FE}.ReleaseForCodeCoverage|x86.ActiveCfg = ReleaseForCodeCoverage|x86
		{16F1694E-1237-4B03-B34E-70E6871898FE}.ReleaseForCodeCoverage|x86.Build.0 = ReleaseForCodeCoverage|x86
		{C8383B76-B3F1-4E6E-B56C-527B469FA20A}.CreateInstaller|x86.ActiveCfg = Release|x86
		{C8383B76-B3F1-4E6E-B56C-527B469FA20A}.CreateInstaller|x86.Build.0 = Release|x86
		{C8383B76-B3F1-4E6E-B56C-527B469FA20A}.CreateInstallerWithDemoProject|x86.ActiveCfg = Release|x86
		{C8383B76-B3F1-4E6E-B56C-527B469FA20A}.CreateInstallerWithDemoProject|x86.Build.0 = Release|x86
		{C8383B76-B3F1-4E6E-B56C-527B469FA20A}.Debug|x86.ActiveCfg = Debug|x86
		{C8383B76-B3F1-4E6E-B56C-527B469FA20A}.Debug|x86.Build.0 = Debug|x86
		{C8383B76-B3F1-4E6E-B56C-527B469FA20A}.Release|x86.ActiveCfg = Release|x86
		{C8383B76-B3F1-4E6E-B56C-527B469FA20A}.Release|x86.Build.0 = Release|x86
		{C8383B76-B3F1-4E6E-B56C-527B469FA20A}.ReleaseForCodeCoverage|x86.ActiveCfg = ReleaseForCodeCoverage|x86
		{C8383B76-B3F1-4E6E-B56C-527B469FA20A}.ReleaseForCodeCoverage|x86.Build.0 = ReleaseForCodeCoverage|x86
		{15E7B9D9-A177-42AE-8BC7-91B6DFBAB0EC}.CreateInstaller|x86.ActiveCfg = Release|x86
		{15E7B9D9-A177-42AE-8BC7-91B6DFBAB0EC}.CreateInstallerWithDemoProject|x86.ActiveCfg = Release|x86
		{15E7B9D9-A177-42AE-8BC7-91B6DFBAB0EC}.Debug|x86.ActiveCfg = Debug|x86
		{15E7B9D9-A177-42AE-8BC7-91B6DFBAB0EC}.Debug|x86.Build.0 = Debug|x86
		{15E7B9D9-A177-42AE-8BC7-91B6DFBAB0EC}.Release|x86.ActiveCfg = Release|x86
		{15E7B9D9-A177-42AE-8BC7-91B6DFBAB0EC}.Release|x86.Build.0 = Release|x86
		{15E7B9D9-A177-42AE-8BC7-91B6DFBAB0EC}.ReleaseForCodeCoverage|x86.ActiveCfg = ReleaseForCodeCoverage|x86
		{15E7B9D9-A177-42AE-8BC7-91B6DFBAB0EC}.ReleaseForCodeCoverage|x86.Build.0 = ReleaseForCodeCoverage|x86
		{AD0CDC89-0A00-4068-AEEC-9838863C2FE8}.CreateInstaller|x86.ActiveCfg = Release|x86
		{AD0CDC89-0A00-4068-AEEC-9838863C2FE8}.CreateInstaller|x86.Build.0 = Release|x86
		{AD0CDC89-0A00-4068-AEEC-9838863C2FE8}.CreateInstallerWithDemoProject|x86.ActiveCfg = Release|x86
		{AD0CDC89-0A00-4068-AEEC-9838863C2FE8}.CreateInstallerWithDemoProject|x86.Build.0 = Release|x86
		{AD0CDC89-0A00-4068-AEEC-9838863C2FE8}.Debug|x86.ActiveCfg = Debug|x86
		{AD0CDC89-0A00-4068-AEEC-9838863C2FE8}.Debug|x86.Build.0 = Debug|x86
		{AD0CDC89-0A00-4068-AEEC-9838863C2FE8}.Release|x86.ActiveCfg = Release|x86
		{AD0CDC89-0A00-4068-AEEC-9838863C2FE8}.Release|x86.Build.0 = Release|x86
		{AD0CDC89-0A00-4068-AEEC-9838863C2FE8}.ReleaseForCodeCoverage|x86.ActiveCfg = ReleaseForCodeCoverage|x86
		{AD0CDC89-0A00-4068-AEEC-9838863C2FE8}.ReleaseForCodeCoverage|x86.Build.0 = ReleaseForCodeCoverage|x86
		{4D840673-3812-4338-A352-84854E32B8A0}.CreateInstaller|x86.ActiveCfg = Release|x86
		{4D840673-3812-4338-A352-84854E32B8A0}.CreateInstaller|x86.Build.0 = Release|x86
		{4D840673-3812-4338-A352-84854E32B8A0}.CreateInstallerWithDemoProject|x86.ActiveCfg = Release|x86
		{4D840673-3812-4338-A352-84854E32B8A0}.CreateInstallerWithDemoProject|x86.Build.0 = Release|x86
		{4D840673-3812-4338-A352-84854E32B8A0}.Debug|x86.ActiveCfg = Debug|x86
		{4D840673-3812-4338-A352-84854E32B8A0}.Debug|x86.Build.0 = Debug|x86
		{4D840673-3812-4338-A352-84854E32B8A0}.Release|x86.ActiveCfg = Release|x86
		{4D840673-3812-4338-A352-84854E32B8A0}.Release|x86.Build.0 = Release|x86
		{4D840673-3812-4338-A352-84854E32B8A0}.ReleaseForCodeCoverage|x86.ActiveCfg = ReleaseForCodeCoverage|x86
		{4D840673-3812-4338-A352-84854E32B8A0}.ReleaseForCodeCoverage|x86.Build.0 = ReleaseForCodeCoverage|x86
		{96C8FDAE-9F59-4D2F-A66E-BE512BB5EECB}.CreateInstaller|x86.ActiveCfg = Release|x86
		{96C8FDAE-9F59-4D2F-A66E-BE512BB5EECB}.CreateInstallerWithDemoProject|x86.ActiveCfg = Release|x86
		{96C8FDAE-9F59-4D2F-A66E-BE512BB5EECB}.Debug|x86.ActiveCfg = Debug|x86
		{96C8FDAE-9F59-4D2F-A66E-BE512BB5EECB}.Debug|x86.Build.0 = Debug|x86
		{96C8FDAE-9F59-4D2F-A66E-BE512BB5EECB}.Release|x86.ActiveCfg = Release|x86
		{96C8FDAE-9F59-4D2F-A66E-BE512BB5EECB}.Release|x86.Build.0 = Release|x86
		{96C8FDAE-9F59-4D2F-A66E-BE512BB5EECB}.ReleaseForCodeCoverage|x86.ActiveCfg = ReleaseForCodeCoverage|x86
		{96C8FDAE-9F59-4D2F-A66E-BE512BB5EECB}.ReleaseForCodeCoverage|x86.Build.0 = ReleaseForCodeCoverage|x86
		{886FDBE5-7065-4AB9-A894-869DBFD4E440}.CreateInstaller|x86.ActiveCfg = Release|x86
		{886FDBE5-7065-4AB9-A894-869DBFD4E440}.CreateInstallerWithDemoProject|x86.ActiveCfg = Release|x86
		{886FDBE5-7065-4AB9-A894-869DBFD4E440}.Debug|x86.ActiveCfg = Debug|x86
		{886FDBE5-7065-4AB9-A894-869DBFD4E440}.Debug|x86.Build.0 = Debug|x86
		{886FDBE5-7065-4AB9-A894-869DBFD4E440}.Release|x86.ActiveCfg = Release|x86
		{886FDBE5-7065-4AB9-A894-869DBFD4E440}.Release|x86.Build.0 = Release|x86
		{886FDBE5-7065-4AB9-A894-869DBFD4E440}.ReleaseForCodeCoverage|x86.ActiveCfg = ReleaseForCodeCoverage|x86
		{886FDBE5-7065-4AB9-A894-869DBFD4E440}.ReleaseForCodeCoverage|x86.Build.0 = ReleaseForCodeCoverage|x86
		{D4200F43-3F72-4F42-AF0A-8CED416A38EC}.CreateInstaller|x86.ActiveCfg = Release|x86
		{D4200F43-3F72-4F42-AF0A-8CED416A38EC}.CreateInstaller|x86.Build.0 = Release|x86
		{D4200F43-3F72-4F42-AF0A-8CED416A38EC}.CreateInstallerWithDemoProject|x86.ActiveCfg = Release|x86
		{D4200F43-3F72-4F42-AF0A-8CED416A38EC}.CreateInstallerWithDemoProject|x86.Build.0 = Release|x86
		{D4200F43-3F72-4F42-AF0A-8CED416A38EC}.Debug|x86.ActiveCfg = Debug|x86
		{D4200F43-3F72-4F42-AF0A-8CED416A38EC}.Debug|x86.Build.0 = Debug|x86
		{D4200F43-3F72-4F42-AF0A-8CED416A38EC}.Release|x86.ActiveCfg = Release|x86
		{D4200F43-3F72-4F42-AF0A-8CED416A38EC}.Release|x86.Build.0 = Release|x86
		{D4200F43-3F72-4F42-AF0A-8CED416A38EC}.ReleaseForCodeCoverage|x86.ActiveCfg = ReleaseForCodeCoverage|x86
		{D4200F43-3F72-4F42-AF0A-8CED416A38EC}.ReleaseForCodeCoverage|x86.Build.0 = ReleaseForCodeCoverage|x86
		{26214BD0-DAFB-4CFC-8EB2-80C5D53C859E}.CreateInstaller|x86.ActiveCfg = Release|x86
		{26214BD0-DAFB-4CFC-8EB2-80C5D53C859E}.CreateInstallerWithDemoProject|x86.ActiveCfg = Release|x86
		{26214BD0-DAFB-4CFC-8EB2-80C5D53C859E}.Debug|x86.ActiveCfg = Debug|x86
		{26214BD0-DAFB-4CFC-8EB2-80C5D53C859E}.Debug|x86.Build.0 = Debug|x86
		{26214BD0-DAFB-4CFC-8EB2-80C5D53C859E}.Release|x86.ActiveCfg = Release|x86
		{26214BD0-DAFB-4CFC-8EB2-80C5D53C859E}.Release|x86.Build.0 = Release|x86
		{26214BD0-DAFB-4CFC-8EB2-80C5D53C859E}.ReleaseForCodeCoverage|x86.ActiveCfg = ReleaseForCodeCoverage|x86
		{26214BD0-DAFB-4CFC-8EB2-80C5D53C859E}.ReleaseForCodeCoverage|x86.Build.0 = ReleaseForCodeCoverage|x86
		{A8CE1456-1880-4FC8-84B3-D618EA88F384}.CreateInstaller|x86.ActiveCfg = Release|x86
		{A8CE1456-1880-4FC8-84B3-D618EA88F384}.CreateInstallerWithDemoProject|x86.ActiveCfg = Release|x86
		{A8CE1456-1880-4FC8-84B3-D618EA88F384}.Debug|x86.ActiveCfg = Debug|x86
		{A8CE1456-1880-4FC8-84B3-D618EA88F384}.Debug|x86.Build.0 = Debug|x86
		{A8CE1456-1880-4FC8-84B3-D618EA88F384}.Release|x86.ActiveCfg = Release|x86
		{A8CE1456-1880-4FC8-84B3-D618EA88F384}.Release|x86.Build.0 = Release|x86
		{A8CE1456-1880-4FC8-84B3-D618EA88F384}.ReleaseForCodeCoverage|x86.ActiveCfg = ReleaseForCodeCoverage|x86
		{A8CE1456-1880-4FC8-84B3-D618EA88F384}.ReleaseForCodeCoverage|x86.Build.0 = ReleaseForCodeCoverage|x86
		{FAF691DE-EAF5-44E0-A865-5A03FB395ED1}.CreateInstaller|x86.ActiveCfg = Release|x86
		{FAF691DE-EAF5-44E0-A865-5A03FB395ED1}.CreateInstallerWithDemoProject|x86.ActiveCfg = Release|x86
		{FAF691DE-EAF5-44E0-A865-5A03FB395ED1}.Debug|x86.ActiveCfg = Debug|x86
		{FAF691DE-EAF5-44E0-A865-5A03FB395ED1}.Debug|x86.Build.0 = Debug|x86
		{FAF691DE-EAF5-44E0-A865-5A03FB395ED1}.Release|x86.ActiveCfg = Release|x86
		{FAF691DE-EAF5-44E0-A865-5A03FB395ED1}.Release|x86.Build.0 = Release|x86
		{FAF691DE-EAF5-44E0-A865-5A03FB395ED1}.ReleaseForCodeCoverage|x86.ActiveCfg = ReleaseForCodeCoverage|x86
		{FAF691DE-EAF5-44E0-A865-5A03FB395ED1}.ReleaseForCodeCoverage|x86.Build.0 = ReleaseForCodeCoverage|x86
		{35B78215-420B-4D7D-9959-9E9010601200}.CreateInstaller|x86.ActiveCfg = Release|x86
		{35B78215-420B-4D7D-9959-9E9010601200}.CreateInstallerWithDemoProject|x86.ActiveCfg = Release|x86
		{35B78215-420B-4D7D-9959-9E9010601200}.Debug|x86.ActiveCfg = Debug|x86
		{35B78215-420B-4D7D-9959-9E9010601200}.Debug|x86.Build.0 = Debug|x86
		{35B78215-420B-4D7D-9959-9E9010601200}.Release|x86.ActiveCfg = Release|x86
		{35B78215-420B-4D7D-9959-9E9010601200}.Release|x86.Build.0 = Release|x86
		{35B78215-420B-4D7D-9959-9E9010601200}.ReleaseForCodeCoverage|x86.ActiveCfg = ReleaseForCodeCoverage|x86
		{35B78215-420B-4D7D-9959-9E9010601200}.ReleaseForCodeCoverage|x86.Build.0 = ReleaseForCodeCoverage|x86
		{7BABA02F-4809-43D2-93E5-DA9ED69BDDE2}.CreateInstaller|x86.ActiveCfg = Release|x86
		{7BABA02F-4809-43D2-93E5-DA9ED69BDDE2}.CreateInstallerWithDemoProject|x86.ActiveCfg = Release|x86
		{7BABA02F-4809-43D2-93E5-DA9ED69BDDE2}.Debug|x86.ActiveCfg = Debug|x86
		{7BABA02F-4809-43D2-93E5-DA9ED69BDDE2}.Debug|x86.Build.0 = Debug|x86
		{7BABA02F-4809-43D2-93E5-DA9ED69BDDE2}.Release|x86.ActiveCfg = Release|x86
		{7BABA02F-4809-43D2-93E5-DA9ED69BDDE2}.Release|x86.Build.0 = Release|x86
		{7BABA02F-4809-43D2-93E5-DA9ED69BDDE2}.ReleaseForCodeCoverage|x86.ActiveCfg = ReleaseForCodeCoverage|x86
		{7BABA02F-4809-43D2-93E5-DA9ED69BDDE2}.ReleaseForCodeCoverage|x86.Build.0 = ReleaseForCodeCoverage|x86
		{1D27F91F-4E62-4EAF-A0A8-A32708B9A9B1}.CreateInstaller|x86.ActiveCfg = Release|x86
		{1D27F91F-4E62-4EAF-A0A8-A32708B9A9B1}.CreateInstaller|x86.Build.0 = Release|x86
		{1D27F91F-4E62-4EAF-A0A8-A32708B9A9B1}.CreateInstallerWithDemoProject|x86.ActiveCfg = Release|x86
		{1D27F91F-4E62-4EAF-A0A8-A32708B9A9B1}.CreateInstallerWithDemoProject|x86.Build.0 = Release|x86
		{1D27F91F-4E62-4EAF-A0A8-A32708B9A9B1}.Debug|x86.ActiveCfg = Debug|x86
		{1D27F91F-4E62-4EAF-A0A8-A32708B9A9B1}.Debug|x86.Build.0 = Debug|x86
		{1D27F91F-4E62-4EAF-A0A8-A32708B9A9B1}.Release|x86.ActiveCfg = Release|x86
		{1D27F91F-4E62-4EAF-A0A8-A32708B9A9B1}.Release|x86.Build.0 = Release|x86
		{1D27F91F-4E62-4EAF-A0A8-A32708B9A9B1}.ReleaseForCodeCoverage|x86.ActiveCfg = ReleaseForCodeCoverage|x86
		{1D27F91F-4E62-4EAF-A0A8-A32708B9A9B1}.ReleaseForCodeCoverage|x86.Build.0 = ReleaseForCodeCoverage|x86
		{0EDC6D7D-E9CD-408A-9EA9-3E7D426809C8}.CreateInstaller|x86.ActiveCfg = Release|x86
		{0EDC6D7D-E9CD-408A-9EA9-3E7D426809C8}.CreateInstallerWithDemoProject|x86.ActiveCfg = Release|x86
		{0EDC6D7D-E9CD-408A-9EA9-3E7D426809C8}.Debug|x86.ActiveCfg = Debug|x86
		{0EDC6D7D-E9CD-408A-9EA9-3E7D426809C8}.Debug|x86.Build.0 = Debug|x86
		{0EDC6D7D-E9CD-408A-9EA9-3E7D426809C8}.Release|x86.ActiveCfg = Release|x86
		{0EDC6D7D-E9CD-408A-9EA9-3E7D426809C8}.Release|x86.Build.0 = Release|x86
		{0EDC6D7D-E9CD-408A-9EA9-3E7D426809C8}.ReleaseForCodeCoverage|x86.ActiveCfg = ReleaseForCodeCoverage|x86
		{0EDC6D7D-E9CD-408A-9EA9-3E7D426809C8}.ReleaseForCodeCoverage|x86.Build.0 = ReleaseForCodeCoverage|x86
		{2344A7BD-7E25-4A1A-982E-6C674AF5167A}.CreateInstaller|x86.ActiveCfg = Release|x86
		{2344A7BD-7E25-4A1A-982E-6C674AF5167A}.CreateInstaller|x86.Build.0 = Release|x86
		{2344A7BD-7E25-4A1A-982E-6C674AF5167A}.CreateInstallerWithDemoProject|x86.ActiveCfg = Release|x86
		{2344A7BD-7E25-4A1A-982E-6C674AF5167A}.CreateInstallerWithDemoProject|x86.Build.0 = Release|x86
		{2344A7BD-7E25-4A1A-982E-6C674AF5167A}.Debug|x86.ActiveCfg = Debug|x86
		{2344A7BD-7E25-4A1A-982E-6C674AF5167A}.Debug|x86.Build.0 = Debug|x86
		{2344A7BD-7E25-4A1A-982E-6C674AF5167A}.Release|x86.ActiveCfg = Release|x86
		{2344A7BD-7E25-4A1A-982E-6C674AF5167A}.Release|x86.Build.0 = Release|x86
		{2344A7BD-7E25-4A1A-982E-6C674AF5167A}.ReleaseForCodeCoverage|x86.ActiveCfg = ReleaseForCodeCoverage|x86
		{2344A7BD-7E25-4A1A-982E-6C674AF5167A}.ReleaseForCodeCoverage|x86.Build.0 = ReleaseForCodeCoverage|x86
		{4BB4D2AA-332E-42D6-8D34-FFABBCE1F1D8}.CreateInstaller|x86.ActiveCfg = Release|x86
		{4BB4D2AA-332E-42D6-8D34-FFABBCE1F1D8}.CreateInstallerWithDemoProject|x86.ActiveCfg = Release|x86
		{4BB4D2AA-332E-42D6-8D34-FFABBCE1F1D8}.Debug|x86.ActiveCfg = Debug|x86
		{4BB4D2AA-332E-42D6-8D34-FFABBCE1F1D8}.Debug|x86.Build.0 = Debug|x86
		{4BB4D2AA-332E-42D6-8D34-FFABBCE1F1D8}.Release|x86.ActiveCfg = Release|x86
		{4BB4D2AA-332E-42D6-8D34-FFABBCE1F1D8}.Release|x86.Build.0 = Release|x86
		{4BB4D2AA-332E-42D6-8D34-FFABBCE1F1D8}.ReleaseForCodeCoverage|x86.ActiveCfg = ReleaseForCodeCoverage|x86
		{4BB4D2AA-332E-42D6-8D34-FFABBCE1F1D8}.ReleaseForCodeCoverage|x86.Build.0 = ReleaseForCodeCoverage|x86
		{4163B996-3455-4324-A38A-9F2F0E6FCB52}.CreateInstaller|x86.ActiveCfg = Release|x86
		{4163B996-3455-4324-A38A-9F2F0E6FCB52}.CreateInstaller|x86.Build.0 = Release|x86
		{4163B996-3455-4324-A38A-9F2F0E6FCB52}.CreateInstallerWithDemoProject|x86.ActiveCfg = Release|x86
		{4163B996-3455-4324-A38A-9F2F0E6FCB52}.CreateInstallerWithDemoProject|x86.Build.0 = Release|x86
		{4163B996-3455-4324-A38A-9F2F0E6FCB52}.Debug|x86.ActiveCfg = Debug|x86
		{4163B996-3455-4324-A38A-9F2F0E6FCB52}.Debug|x86.Build.0 = Debug|x86
		{4163B996-3455-4324-A38A-9F2F0E6FCB52}.Release|x86.ActiveCfg = Release|x86
		{4163B996-3455-4324-A38A-9F2F0E6FCB52}.Release|x86.Build.0 = Release|x86
		{4163B996-3455-4324-A38A-9F2F0E6FCB52}.ReleaseForCodeCoverage|x86.ActiveCfg = ReleaseForCodeCoverage|x86
		{4163B996-3455-4324-A38A-9F2F0E6FCB52}.ReleaseForCodeCoverage|x86.Build.0 = ReleaseForCodeCoverage|x86
		{45EF3071-5C30-40AA-8B99-CE174DCEEE48}.CreateInstaller|x86.ActiveCfg = Release|x86
		{45EF3071-5C30-40AA-8B99-CE174DCEEE48}.CreateInstallerWithDemoProject|x86.ActiveCfg = Release|x86
		{45EF3071-5C30-40AA-8B99-CE174DCEEE48}.Debug|x86.ActiveCfg = Debug|x86
		{45EF3071-5C30-40AA-8B99-CE174DCEEE48}.Debug|x86.Build.0 = Debug|x86
		{45EF3071-5C30-40AA-8B99-CE174DCEEE48}.Release|x86.ActiveCfg = Release|x86
		{45EF3071-5C30-40AA-8B99-CE174DCEEE48}.Release|x86.Build.0 = Release|x86
		{45EF3071-5C30-40AA-8B99-CE174DCEEE48}.ReleaseForCodeCoverage|x86.ActiveCfg = ReleaseForCodeCoverage|x86
		{45EF3071-5C30-40AA-8B99-CE174DCEEE48}.ReleaseForCodeCoverage|x86.Build.0 = ReleaseForCodeCoverage|x86
		{50963F12-448C-41BA-A62C-CDB0AB8D21E0}.CreateInstaller|x86.ActiveCfg = Release|x86
		{50963F12-448C-41BA-A62C-CDB0AB8D21E0}.CreateInstaller|x86.Build.0 = Release|x86
		{50963F12-448C-41BA-A62C-CDB0AB8D21E0}.CreateInstallerWithDemoProject|x86.ActiveCfg = Release|x86
		{50963F12-448C-41BA-A62C-CDB0AB8D21E0}.CreateInstallerWithDemoProject|x86.Build.0 = Release|x86
		{50963F12-448C-41BA-A62C-CDB0AB8D21E0}.Debug|x86.ActiveCfg = Debug|x86
		{50963F12-448C-41BA-A62C-CDB0AB8D21E0}.Debug|x86.Build.0 = Debug|x86
		{50963F12-448C-41BA-A62C-CDB0AB8D21E0}.Release|x86.ActiveCfg = Release|x86
		{50963F12-448C-41BA-A62C-CDB0AB8D21E0}.Release|x86.Build.0 = Release|x86
		{50963F12-448C-41BA-A62C-CDB0AB8D21E0}.ReleaseForCodeCoverage|x86.ActiveCfg = ReleaseForCodeCoverage|x86
		{50963F12-448C-41BA-A62C-CDB0AB8D21E0}.ReleaseForCodeCoverage|x86.Build.0 = ReleaseForCodeCoverage|x86
		{594C5C6D-5833-4E1C-9F30-13A202628EEF}.CreateInstaller|x86.ActiveCfg = Release|x86
		{594C5C6D-5833-4E1C-9F30-13A202628EEF}.CreateInstallerWithDemoProject|x86.ActiveCfg = Release|x86
		{594C5C6D-5833-4E1C-9F30-13A202628EEF}.Debug|x86.ActiveCfg = Debug|x86
		{594C5C6D-5833-4E1C-9F30-13A202628EEF}.Debug|x86.Build.0 = Debug|x86
		{594C5C6D-5833-4E1C-9F30-13A202628EEF}.Release|x86.ActiveCfg = Release|x86
		{594C5C6D-5833-4E1C-9F30-13A202628EEF}.Release|x86.Build.0 = Release|x86
		{594C5C6D-5833-4E1C-9F30-13A202628EEF}.ReleaseForCodeCoverage|x86.ActiveCfg = ReleaseForCodeCoverage|x86
		{594C5C6D-5833-4E1C-9F30-13A202628EEF}.ReleaseForCodeCoverage|x86.Build.0 = ReleaseForCodeCoverage|x86
		{DADAA0A5-288C-49CB-9F08-337F16832C86}.CreateInstaller|x86.ActiveCfg = Release|x86
		{DADAA0A5-288C-49CB-9F08-337F16832C86}.CreateInstaller|x86.Build.0 = Release|x86
		{DADAA0A5-288C-49CB-9F08-337F16832C86}.CreateInstallerWithDemoProject|x86.ActiveCfg = Release|x86
		{DADAA0A5-288C-49CB-9F08-337F16832C86}.CreateInstallerWithDemoProject|x86.Build.0 = Release|x86
		{DADAA0A5-288C-49CB-9F08-337F16832C86}.Debug|x86.ActiveCfg = Debug|x86
		{DADAA0A5-288C-49CB-9F08-337F16832C86}.Debug|x86.Build.0 = Debug|x86
		{DADAA0A5-288C-49CB-9F08-337F16832C86}.Release|x86.ActiveCfg = Release|x86
		{DADAA0A5-288C-49CB-9F08-337F16832C86}.Release|x86.Build.0 = Release|x86
		{DADAA0A5-288C-49CB-9F08-337F16832C86}.ReleaseForCodeCoverage|x86.ActiveCfg = ReleaseForCodeCoverage|x86
		{DADAA0A5-288C-49CB-9F08-337F16832C86}.ReleaseForCodeCoverage|x86.Build.0 = ReleaseForCodeCoverage|x86
		{D07BB841-15D7-4127-8B46-CFC61C546B45}.CreateInstaller|x86.ActiveCfg = Release|x86
		{D07BB841-15D7-4127-8B46-CFC61C546B45}.CreateInstallerWithDemoProject|x86.ActiveCfg = Release|x86
		{D07BB841-15D7-4127-8B46-CFC61C546B45}.Debug|x86.ActiveCfg = Debug|x86
		{D07BB841-15D7-4127-8B46-CFC61C546B45}.Debug|x86.Build.0 = Debug|x86
		{D07BB841-15D7-4127-8B46-CFC61C546B45}.Release|x86.ActiveCfg = Release|x86
		{D07BB841-15D7-4127-8B46-CFC61C546B45}.Release|x86.Build.0 = Release|x86
		{D07BB841-15D7-4127-8B46-CFC61C546B45}.ReleaseForCodeCoverage|x86.ActiveCfg = ReleaseForCodeCoverage|x86
		{D07BB841-15D7-4127-8B46-CFC61C546B45}.ReleaseForCodeCoverage|x86.Build.0 = ReleaseForCodeCoverage|x86
		{516EBC95-B8F2-428C-B7F6-733F01BF8FDD}.CreateInstaller|x86.ActiveCfg = Release|x86
		{516EBC95-B8F2-428C-B7F6-733F01BF8FDD}.CreateInstaller|x86.Build.0 = Release|x86
		{516EBC95-B8F2-428C-B7F6-733F01BF8FDD}.CreateInstallerWithDemoProject|x86.ActiveCfg = Release|x86
		{516EBC95-B8F2-428C-B7F6-733F01BF8FDD}.CreateInstallerWithDemoProject|x86.Build.0 = Release|x86
		{516EBC95-B8F2-428C-B7F6-733F01BF8FDD}.Debug|x86.ActiveCfg = Debug|x86
		{516EBC95-B8F2-428C-B7F6-733F01BF8FDD}.Debug|x86.Build.0 = Debug|x86
		{516EBC95-B8F2-428C-B7F6-733F01BF8FDD}.Release|x86.ActiveCfg = Release|x86
		{516EBC95-B8F2-428C-B7F6-733F01BF8FDD}.Release|x86.Build.0 = Release|x86
		{516EBC95-B8F2-428C-B7F6-733F01BF8FDD}.ReleaseForCodeCoverage|x86.ActiveCfg = ReleaseForCodeCoverage|x86
		{516EBC95-B8F2-428C-B7F6-733F01BF8FDD}.ReleaseForCodeCoverage|x86.Build.0 = ReleaseForCodeCoverage|x86
		{AA47E858-A2A7-470E-8B2D-C76AE8ED9CCD}.CreateInstaller|x86.ActiveCfg = Release|x86
		{AA47E858-A2A7-470E-8B2D-C76AE8ED9CCD}.CreateInstaller|x86.Build.0 = Release|x86
		{AA47E858-A2A7-470E-8B2D-C76AE8ED9CCD}.CreateInstallerWithDemoProject|x86.ActiveCfg = Release|x86
		{AA47E858-A2A7-470E-8B2D-C76AE8ED9CCD}.CreateInstallerWithDemoProject|x86.Build.0 = Release|x86
		{AA47E858-A2A7-470E-8B2D-C76AE8ED9CCD}.Debug|x86.ActiveCfg = Debug|x86
		{AA47E858-A2A7-470E-8B2D-C76AE8ED9CCD}.Debug|x86.Build.0 = Debug|x86
		{AA47E858-A2A7-470E-8B2D-C76AE8ED9CCD}.Release|x86.ActiveCfg = Release|x86
		{AA47E858-A2A7-470E-8B2D-C76AE8ED9CCD}.Release|x86.Build.0 = Release|x86
		{AA47E858-A2A7-470E-8B2D-C76AE8ED9CCD}.ReleaseForCodeCoverage|x86.ActiveCfg = ReleaseForCodeCoverage|x86
		{AA47E858-A2A7-470E-8B2D-C76AE8ED9CCD}.ReleaseForCodeCoverage|x86.Build.0 = ReleaseForCodeCoverage|x86
		{DD7ECAFF-D8A1-4D92-99C0-27498ACB32D4}.CreateInstaller|x86.ActiveCfg = Release|x86
		{DD7ECAFF-D8A1-4D92-99C0-27498ACB32D4}.CreateInstallerWithDemoProject|x86.ActiveCfg = Release|x86
		{DD7ECAFF-D8A1-4D92-99C0-27498ACB32D4}.Debug|x86.ActiveCfg = Debug|x86
		{DD7ECAFF-D8A1-4D92-99C0-27498ACB32D4}.Debug|x86.Build.0 = Debug|x86
		{DD7ECAFF-D8A1-4D92-99C0-27498ACB32D4}.Release|x86.ActiveCfg = Release|x86
		{DD7ECAFF-D8A1-4D92-99C0-27498ACB32D4}.Release|x86.Build.0 = Release|x86
		{DD7ECAFF-D8A1-4D92-99C0-27498ACB32D4}.ReleaseForCodeCoverage|x86.ActiveCfg = ReleaseForCodeCoverage|x86
		{DD7ECAFF-D8A1-4D92-99C0-27498ACB32D4}.ReleaseForCodeCoverage|x86.Build.0 = ReleaseForCodeCoverage|x86
		{610E0A9C-1997-4C43-A10E-39D4C66ADA93}.CreateInstaller|x86.ActiveCfg = Release|x86
		{610E0A9C-1997-4C43-A10E-39D4C66ADA93}.CreateInstaller|x86.Build.0 = Release|x86
		{610E0A9C-1997-4C43-A10E-39D4C66ADA93}.CreateInstallerWithDemoProject|x86.ActiveCfg = Release|x86
		{610E0A9C-1997-4C43-A10E-39D4C66ADA93}.CreateInstallerWithDemoProject|x86.Build.0 = Release|x86
		{610E0A9C-1997-4C43-A10E-39D4C66ADA93}.Debug|x86.ActiveCfg = Debug|x86
		{610E0A9C-1997-4C43-A10E-39D4C66ADA93}.Debug|x86.Build.0 = Debug|x86
		{610E0A9C-1997-4C43-A10E-39D4C66ADA93}.Release|x86.ActiveCfg = Release|x86
		{610E0A9C-1997-4C43-A10E-39D4C66ADA93}.Release|x86.Build.0 = Release|x86
		{610E0A9C-1997-4C43-A10E-39D4C66ADA93}.ReleaseForCodeCoverage|x86.ActiveCfg = ReleaseForCodeCoverage|x86
		{610E0A9C-1997-4C43-A10E-39D4C66ADA93}.ReleaseForCodeCoverage|x86.Build.0 = ReleaseForCodeCoverage|x86
		{93AB5AFB-F58E-4EC4-A25E-FF439B1895E7}.CreateInstaller|x86.ActiveCfg = Release|x86
		{93AB5AFB-F58E-4EC4-A25E-FF439B1895E7}.CreateInstallerWithDemoProject|x86.ActiveCfg = Release|x86
		{93AB5AFB-F58E-4EC4-A25E-FF439B1895E7}.Debug|x86.ActiveCfg = Debug|x86
		{93AB5AFB-F58E-4EC4-A25E-FF439B1895E7}.Debug|x86.Build.0 = Debug|x86
		{93AB5AFB-F58E-4EC4-A25E-FF439B1895E7}.Release|x86.ActiveCfg = Release|x86
		{93AB5AFB-F58E-4EC4-A25E-FF439B1895E7}.Release|x86.Build.0 = Release|x86
		{93AB5AFB-F58E-4EC4-A25E-FF439B1895E7}.ReleaseForCodeCoverage|x86.ActiveCfg = ReleaseForCodeCoverage|x86
		{93AB5AFB-F58E-4EC4-A25E-FF439B1895E7}.ReleaseForCodeCoverage|x86.Build.0 = ReleaseForCodeCoverage|x86
		{F40A7DC1-A697-41A7-8676-6C0AD8274FB4}.CreateInstaller|x86.ActiveCfg = Release|x86
		{F40A7DC1-A697-41A7-8676-6C0AD8274FB4}.CreateInstallerWithDemoProject|x86.ActiveCfg = Release|x86
		{F40A7DC1-A697-41A7-8676-6C0AD8274FB4}.Debug|x86.ActiveCfg = Debug|x86
		{F40A7DC1-A697-41A7-8676-6C0AD8274FB4}.Debug|x86.Build.0 = Debug|x86
		{F40A7DC1-A697-41A7-8676-6C0AD8274FB4}.Release|x86.ActiveCfg = Release|x86
		{F40A7DC1-A697-41A7-8676-6C0AD8274FB4}.Release|x86.Build.0 = Release|x86
		{F40A7DC1-A697-41A7-8676-6C0AD8274FB4}.ReleaseForCodeCoverage|x86.ActiveCfg = ReleaseForCodeCoverage|x86
		{F40A7DC1-A697-41A7-8676-6C0AD8274FB4}.ReleaseForCodeCoverage|x86.Build.0 = ReleaseForCodeCoverage|x86
		{E900A014-CA87-4374-87F0-813D653A9698}.CreateInstaller|x86.ActiveCfg = Release|x86
		{E900A014-CA87-4374-87F0-813D653A9698}.CreateInstallerWithDemoProject|x86.ActiveCfg = Release|x86
		{E900A014-CA87-4374-87F0-813D653A9698}.Debug|x86.ActiveCfg = Debug|x86
		{E900A014-CA87-4374-87F0-813D653A9698}.Debug|x86.Build.0 = Debug|x86
		{E900A014-CA87-4374-87F0-813D653A9698}.Release|x86.ActiveCfg = Release|x86
		{E900A014-CA87-4374-87F0-813D653A9698}.Release|x86.Build.0 = Release|x86
		{E900A014-CA87-4374-87F0-813D653A9698}.ReleaseForCodeCoverage|x86.ActiveCfg = ReleaseForCodeCoverage|x86
		{E900A014-CA87-4374-87F0-813D653A9698}.ReleaseForCodeCoverage|x86.Build.0 = ReleaseForCodeCoverage|x86
		{FFE3A667-3A4C-4F48-BC6B-1589867FCB41}.CreateInstaller|x86.ActiveCfg = Release|x86
		{FFE3A667-3A4C-4F48-BC6B-1589867FCB41}.CreateInstallerWithDemoProject|x86.ActiveCfg = Release|x86
		{FFE3A667-3A4C-4F48-BC6B-1589867FCB41}.CreateInstallerWithDemoProject|x86.Build.0 = Release|x86
		{FFE3A667-3A4C-4F48-BC6B-1589867FCB41}.Debug|x86.ActiveCfg = Debug|x86
		{FFE3A667-3A4C-4F48-BC6B-1589867FCB41}.Debug|x86.Build.0 = Debug|x86
		{FFE3A667-3A4C-4F48-BC6B-1589867FCB41}.Release|x86.ActiveCfg = Release|x86
		{FFE3A667-3A4C-4F48-BC6B-1589867FCB41}.Release|x86.Build.0 = Release|x86
		{FFE3A667-3A4C-4F48-BC6B-1589867FCB41}.ReleaseForCodeCoverage|x86.ActiveCfg = ReleaseForCodeCoverage|x86
		{FFE3A667-3A4C-4F48-BC6B-1589867FCB41}.ReleaseForCodeCoverage|x86.Build.0 = ReleaseForCodeCoverage|x86
		{C48E2C11-3FDA-4356-A10F-757469A108FD}.CreateInstaller|x86.ActiveCfg = Release|x86
		{C48E2C11-3FDA-4356-A10F-757469A108FD}.CreateInstallerWithDemoProject|x86.ActiveCfg = Release|x86
		{C48E2C11-3FDA-4356-A10F-757469A108FD}.Debug|x86.ActiveCfg = Debug|x86
		{C48E2C11-3FDA-4356-A10F-757469A108FD}.Debug|x86.Build.0 = Debug|x86
		{C48E2C11-3FDA-4356-A10F-757469A108FD}.Release|x86.ActiveCfg = Release|x86
		{C48E2C11-3FDA-4356-A10F-757469A108FD}.Release|x86.Build.0 = Release|x86
		{C48E2C11-3FDA-4356-A10F-757469A108FD}.ReleaseForCodeCoverage|x86.ActiveCfg = ReleaseForCodeCoverage|x86
		{C48E2C11-3FDA-4356-A10F-757469A108FD}.ReleaseForCodeCoverage|x86.Build.0 = ReleaseForCodeCoverage|x86
		{9B6F3987-EAF7-4733-80C1-3DCAB44D87AE}.CreateInstaller|x86.ActiveCfg = Release|x86
		{9B6F3987-EAF7-4733-80C1-3DCAB44D87AE}.CreateInstallerWithDemoProject|x86.ActiveCfg = Release|x86
		{9B6F3987-EAF7-4733-80C1-3DCAB44D87AE}.Debug|x86.ActiveCfg = Debug|x86
		{9B6F3987-EAF7-4733-80C1-3DCAB44D87AE}.Debug|x86.Build.0 = Debug|x86
		{9B6F3987-EAF7-4733-80C1-3DCAB44D87AE}.Release|x86.ActiveCfg = Release|x86
		{9B6F3987-EAF7-4733-80C1-3DCAB44D87AE}.Release|x86.Build.0 = Release|x86
		{9B6F3987-EAF7-4733-80C1-3DCAB44D87AE}.ReleaseForCodeCoverage|x86.ActiveCfg = ReleaseForCodeCoverage|x86
		{9B6F3987-EAF7-4733-80C1-3DCAB44D87AE}.ReleaseForCodeCoverage|x86.Build.0 = ReleaseForCodeCoverage|x86
		{70F8CC9C-5BC8-4FB2-B201-EAE7FA8088C2}.CreateInstaller|x86.ActiveCfg = Release|x86
		{70F8CC9C-5BC8-4FB2-B201-EAE7FA8088C2}.CreateInstaller|x86.Build.0 = Release|x86
		{70F8CC9C-5BC8-4FB2-B201-EAE7FA8088C2}.CreateInstallerWithDemoProject|x86.ActiveCfg = Release|x86
		{70F8CC9C-5BC8-4FB2-B201-EAE7FA8088C2}.CreateInstallerWithDemoProject|x86.Build.0 = Release|x86
		{70F8CC9C-5BC8-4FB2-B201-EAE7FA8088C2}.Debug|x86.ActiveCfg = Debug|x86
		{70F8CC9C-5BC8-4FB2-B201-EAE7FA8088C2}.Debug|x86.Build.0 = Debug|x86
		{70F8CC9C-5BC8-4FB2-B201-EAE7FA8088C2}.Release|x86.ActiveCfg = Release|x86
		{70F8CC9C-5BC8-4FB2-B201-EAE7FA8088C2}.Release|x86.Build.0 = Release|x86
		{70F8CC9C-5BC8-4FB2-B201-EAE7FA8088C2}.ReleaseForCodeCoverage|x86.ActiveCfg = ReleaseForCodeCoverage|x86
		{70F8CC9C-5BC8-4FB2-B201-EAE7FA8088C2}.ReleaseForCodeCoverage|x86.Build.0 = ReleaseForCodeCoverage|x86
		{888D4097-8BC2-4703-9FB1-8744C94D525E}.CreateInstaller|x86.ActiveCfg = Release|x86
		{888D4097-8BC2-4703-9FB1-8744C94D525E}.CreateInstaller|x86.Build.0 = Release|x86
		{888D4097-8BC2-4703-9FB1-8744C94D525E}.CreateInstallerWithDemoProject|x86.ActiveCfg = Release|x86
		{888D4097-8BC2-4703-9FB1-8744C94D525E}.CreateInstallerWithDemoProject|x86.Build.0 = Release|x86
		{888D4097-8BC2-4703-9FB1-8744C94D525E}.Debug|x86.ActiveCfg = Debug|x86
		{888D4097-8BC2-4703-9FB1-8744C94D525E}.Debug|x86.Build.0 = Debug|x86
		{888D4097-8BC2-4703-9FB1-8744C94D525E}.Release|x86.ActiveCfg = Release|x86
		{888D4097-8BC2-4703-9FB1-8744C94D525E}.Release|x86.Build.0 = Release|x86
		{888D4097-8BC2-4703-9FB1-8744C94D525E}.ReleaseForCodeCoverage|x86.ActiveCfg = ReleaseForCodeCoverage|x86
		{888D4097-8BC2-4703-9FB1-8744C94D525E}.ReleaseForCodeCoverage|x86.Build.0 = ReleaseForCodeCoverage|x86
		{175406DB-C0DA-42A7-968C-0C17CF2257B1}.CreateInstaller|x86.ActiveCfg = Release|x86
		{175406DB-C0DA-42A7-968C-0C17CF2257B1}.CreateInstallerWithDemoProject|x86.ActiveCfg = Release|x86
		{175406DB-C0DA-42A7-968C-0C17CF2257B1}.Debug|x86.ActiveCfg = Debug|x86
		{175406DB-C0DA-42A7-968C-0C17CF2257B1}.Debug|x86.Build.0 = Debug|x86
		{175406DB-C0DA-42A7-968C-0C17CF2257B1}.Release|x86.ActiveCfg = Release|x86
		{175406DB-C0DA-42A7-968C-0C17CF2257B1}.Release|x86.Build.0 = Release|x86
		{175406DB-C0DA-42A7-968C-0C17CF2257B1}.ReleaseForCodeCoverage|x86.ActiveCfg = Release|x86
		{175406DB-C0DA-42A7-968C-0C17CF2257B1}.ReleaseForCodeCoverage|x86.Build.0 = Release|x86
		{BFD6A78A-237A-413F-8DC3-8EC6E8C5809C}.CreateInstaller|x86.ActiveCfg = Release|x86
		{BFD6A78A-237A-413F-8DC3-8EC6E8C5809C}.CreateInstallerWithDemoProject|x86.ActiveCfg = Release|x86
		{BFD6A78A-237A-413F-8DC3-8EC6E8C5809C}.Debug|x86.ActiveCfg = Debug|x86
		{BFD6A78A-237A-413F-8DC3-8EC6E8C5809C}.Debug|x86.Build.0 = Debug|x86
		{BFD6A78A-237A-413F-8DC3-8EC6E8C5809C}.Release|x86.ActiveCfg = Release|x86
		{BFD6A78A-237A-413F-8DC3-8EC6E8C5809C}.Release|x86.Build.0 = Release|x86
		{BFD6A78A-237A-413F-8DC3-8EC6E8C5809C}.ReleaseForCodeCoverage|x86.ActiveCfg = Release|x86
		{BFD6A78A-237A-413F-8DC3-8EC6E8C5809C}.ReleaseForCodeCoverage|x86.Build.0 = Release|x86
	EndGlobalSection
	GlobalSection(SolutionProperties) = preSolution
		HideSolutionNode = FALSE
	EndGlobalSection
	GlobalSection(NestedProjects) = preSolution
		{9E35F3EA-D3C3-4D80-8399-689C49B68324} = {89F6BC2C-78E6-42F1-A056-704C877B5453}
		{FE36E7E0-D5F7-48E3-9730-D05443351EAD} = {89F6BC2C-78E6-42F1-A056-704C877B5453}
		{502CA963-E0E9-4F4A-A1D4-612C6A08386B} = {89F6BC2C-78E6-42F1-A056-704C877B5453}
		{57F5BCD5-5759-4C9F-A841-2A6C36A910C8} = {89F6BC2C-78E6-42F1-A056-704C877B5453}
		{85F88AB0-CA03-48D3-B5A0-DF0848C24AB0} = {57F5BCD5-5759-4C9F-A841-2A6C36A910C8}
		{041EDC04-3A1E-4FBA-BEB7-F391571C609F} = {05D133D6-D7D8-4872-9B53-2753DD3F8BF9}
		{F8FFD6DD-19DA-47CE-A0BD-53F4E7D8BB86} = {05D133D6-D7D8-4872-9B53-2753DD3F8BF9}
		{11FE8C37-49EB-4FF2-8583-DABC9816FFC8} = {05D133D6-D7D8-4872-9B53-2753DD3F8BF9}
		{79559D7B-0ECC-4CB5-8ED1-D745F8482BA7} = {05D133D6-D7D8-4872-9B53-2753DD3F8BF9}
		{0D9858E1-CF2D-4DE5-AC0E-64401900D531} = {9E35F3EA-D3C3-4D80-8399-689C49B68324}
		{8261CCE1-98D7-465B-BC94-4ED239DE7F2E} = {9E35F3EA-D3C3-4D80-8399-689C49B68324}
		{4B4F0984-5730-4E28-93E7-DDE0F29BA550} = {FE36E7E0-D5F7-48E3-9730-D05443351EAD}
		{209AC67F-DCFA-4355-B45A-9D9A2E4593D2} = {FE36E7E0-D5F7-48E3-9730-D05443351EAD}
		{39EB5D07-C076-484C-9621-B34C4E5BF64C} = {85F88AB0-CA03-48D3-B5A0-DF0848C24AB0}
		{EE8D5A6C-4871-452A-A69B-F04E374D715E} = {85F88AB0-CA03-48D3-B5A0-DF0848C24AB0}
		{C90B77DA-E421-43CC-B82E-529651BC21AC} = {0D9858E1-CF2D-4DE5-AC0E-64401900D531}
		{7F937E31-02CA-41D9-B7D4-1079CF452C72} = {0D9858E1-CF2D-4DE5-AC0E-64401900D531}
		{D749EE4C-CE50-4C17-BF01-9A953028C126} = {0D9858E1-CF2D-4DE5-AC0E-64401900D531}
		{A6A434E0-AE5A-4D5B-97D7-532B00FBDFE9} = {0D9858E1-CF2D-4DE5-AC0E-64401900D531}
		{FAFDB463-9612-41F4-B3DD-FF9C6E7023BA} = {0D9858E1-CF2D-4DE5-AC0E-64401900D531}
		{D5EC1DF2-03C9-467B-B6AF-BE5AC83417F8} = {0D9858E1-CF2D-4DE5-AC0E-64401900D531}
		{26214BD0-DAFB-4CFC-8EB2-80C5D53C859E} = {0D9858E1-CF2D-4DE5-AC0E-64401900D531}
		{A8CE1456-1880-4FC8-84B3-D618EA88F384} = {0D9858E1-CF2D-4DE5-AC0E-64401900D531}
		{FAF691DE-EAF5-44E0-A865-5A03FB395ED1} = {0D9858E1-CF2D-4DE5-AC0E-64401900D531}
		{0EDC6D7D-E9CD-408A-9EA9-3E7D426809C8} = {0D9858E1-CF2D-4DE5-AC0E-64401900D531}
		{F49BD8B2-332A-4C91-A196-8CCE0A2C7D98} = {8261CCE1-98D7-465B-BC94-4ED239DE7F2E}
		{30E4C2AE-719E-4D70-9FA9-668A9767FBFA} = {8261CCE1-98D7-465B-BC94-4ED239DE7F2E}
		{3BBFD65B-B277-4E50-AE6D-BD24C3434609} = {8261CCE1-98D7-465B-BC94-4ED239DE7F2E}
		{9A2D67E6-26AC-4D17-B11A-2B4372F2F572} = {8261CCE1-98D7-465B-BC94-4ED239DE7F2E}
		{1D27F91F-4E62-4EAF-A0A8-A32708B9A9B1} = {8261CCE1-98D7-465B-BC94-4ED239DE7F2E}
		{93E73FAB-FAE8-49C6-9ABB-27D24DF761F6} = {4B4F0984-5730-4E28-93E7-DDE0F29BA550}
		{ED20DBA9-D577-423F-A68D-A0A8130FB10B} = {4B4F0984-5730-4E28-93E7-DDE0F29BA550}
		{4163B996-3455-4324-A38A-9F2F0E6FCB52} = {4B4F0984-5730-4E28-93E7-DDE0F29BA550}
		{610E0A9C-1997-4C43-A10E-39D4C66ADA93} = {4B4F0984-5730-4E28-93E7-DDE0F29BA550}
		{8BD31773-6F6D-42EE-810D-0A5DAD809F9D} = {209AC67F-DCFA-4355-B45A-9D9A2E4593D2}
		{07206938-9671-4DC7-BDE4-35B0F6E20DBC} = {209AC67F-DCFA-4355-B45A-9D9A2E4593D2}
		{45EF3071-5C30-40AA-8B99-CE174DCEEE48} = {209AC67F-DCFA-4355-B45A-9D9A2E4593D2}
		{93AB5AFB-F58E-4EC4-A25E-FF439B1895E7} = {209AC67F-DCFA-4355-B45A-9D9A2E4593D2}
		{0590D3BB-EB3E-4B53-BD64-1725E1CBB1F4} = {041EDC04-3A1E-4FBA-BEB7-F391571C609F}
		{B5F4F5A5-FD36-405D-ABA1-56C270207C8F} = {041EDC04-3A1E-4FBA-BEB7-F391571C609F}
		{E38C11E0-4384-44DD-9F5B-EE73D79FD7F5} = {0590D3BB-EB3E-4B53-BD64-1725E1CBB1F4}
		{4D840673-3812-4338-A352-84854E32B8A0} = {0590D3BB-EB3E-4B53-BD64-1725E1CBB1F4}
		{D4200F43-3F72-4F42-AF0A-8CED416A38EC} = {0590D3BB-EB3E-4B53-BD64-1725E1CBB1F4}
		{886FDBE5-7065-4AB9-A894-869DBFD4E440} = {B5F4F5A5-FD36-405D-ABA1-56C270207C8F}
		{7BABA02F-4809-43D2-93E5-DA9ED69BDDE2} = {B5F4F5A5-FD36-405D-ABA1-56C270207C8F}
		{3ED34ACD-41C9-4251-81EC-7493E0BFF57D} = {F8FFD6DD-19DA-47CE-A0BD-53F4E7D8BB86}
		{1F0D20C2-7F04-431D-AF22-95A31FD53733} = {F8FFD6DD-19DA-47CE-A0BD-53F4E7D8BB86}
		{D64E4F0E-E341-496F-82B2-941AD202B4E3} = {3ED34ACD-41C9-4251-81EC-7493E0BFF57D}
		{CE994CC9-6F6A-48AC-B4BE-02C30A21F4DB} = {3ED34ACD-41C9-4251-81EC-7493E0BFF57D}
		{7CD038E1-E111-4969-ACED-22C5BD2974E1} = {3ED34ACD-41C9-4251-81EC-7493E0BFF57D}
		{35B87B7A-7F50-4139-B563-589EE522B1ED} = {3ED34ACD-41C9-4251-81EC-7493E0BFF57D}
		{1D3D58B6-EF7E-401E-92A0-104067D222EE} = {3ED34ACD-41C9-4251-81EC-7493E0BFF57D}
		{10B8D63D-87E8-46DF-ACA9-A8CF22EE8FB5} = {3ED34ACD-41C9-4251-81EC-7493E0BFF57D}
		{91389DA2-3FF4-4559-90B3-4061549789DD} = {1F0D20C2-7F04-431D-AF22-95A31FD53733}
		{27E0A5C9-3ABF-426A-A3DA-7D0B83A218C8} = {1F0D20C2-7F04-431D-AF22-95A31FD53733}
		{19EB1C52-D90B-40F2-A7AF-364CC5D89F68} = {1F0D20C2-7F04-431D-AF22-95A31FD53733}
		{955E574D-67CE-4347-AA6B-7DF8A04ED754} = {1F0D20C2-7F04-431D-AF22-95A31FD53733}
		{622A8282-D872-4DD5-8B70-578A403F74FF} = {1F0D20C2-7F04-431D-AF22-95A31FD53733}
		{E4B0E068-F1A3-47BA-965F-0EC1E78E530A} = {1F0D20C2-7F04-431D-AF22-95A31FD53733}
		{9A5C8069-520E-49D3-AA62-E8FB19614A27} = {1F0D20C2-7F04-431D-AF22-95A31FD53733}
		{D783543B-46A1-4848-A812-AF5A5259ED7E} = {1F0D20C2-7F04-431D-AF22-95A31FD53733}
		{813FFA92-1F3F-462B-B596-5919334007A9} = {1F0D20C2-7F04-431D-AF22-95A31FD53733}
		{35B78215-420B-4D7D-9959-9E9010601200} = {1F0D20C2-7F04-431D-AF22-95A31FD53733}
		{4A7D6720-4AA1-4F0B-A796-A0436DB3D7D7} = {39EB5D07-C076-484C-9621-B34C4E5BF64C}
		{3CCB05DB-C7B3-4EF7-B41D-22B6D2A3774E} = {39EB5D07-C076-484C-9621-B34C4E5BF64C}
		{50963F12-448C-41BA-A62C-CDB0AB8D21E0} = {39EB5D07-C076-484C-9621-B34C4E5BF64C}
		{14E296C8-B6B9-458A-A402-68E8A0F9B97C} = {11FE8C37-49EB-4FF2-8583-DABC9816FFC8}
		{88E04195-C43E-40D3-B5F2-3A25E1E79E03} = {11FE8C37-49EB-4FF2-8583-DABC9816FFC8}
		{11F1F874-45AF-43E4-8AE5-15A5C9593E28} = {14E296C8-B6B9-458A-A402-68E8A0F9B97C}
		{C8383B76-B3F1-4E6E-B56C-527B469FA20A} = {14E296C8-B6B9-458A-A402-68E8A0F9B97C}
		{AD0CDC89-0A00-4068-AEEC-9838863C2FE8} = {14E296C8-B6B9-458A-A402-68E8A0F9B97C}
		{16F1694E-1237-4B03-B34E-70E6871898FE} = {88E04195-C43E-40D3-B5F2-3A25E1E79E03}
		{15E7B9D9-A177-42AE-8BC7-91B6DFBAB0EC} = {88E04195-C43E-40D3-B5F2-3A25E1E79E03}
		{96C8FDAE-9F59-4D2F-A66E-BE512BB5EECB} = {88E04195-C43E-40D3-B5F2-3A25E1E79E03}
		{7A696ACF-BA09-41A2-A912-A26E82C494CF} = {502CA963-E0E9-4F4A-A1D4-612C6A08386B}
		{D9DC93FF-DCF3-44A4-9193-9911966CDFF4} = {502CA963-E0E9-4F4A-A1D4-612C6A08386B}
		{2344A7BD-7E25-4A1A-982E-6C674AF5167A} = {7A696ACF-BA09-41A2-A912-A26E82C494CF}
		{DADAA0A5-288C-49CB-9F08-337F16832C86} = {7A696ACF-BA09-41A2-A912-A26E82C494CF}
		{516EBC95-B8F2-428C-B7F6-733F01BF8FDD} = {7A696ACF-BA09-41A2-A912-A26E82C494CF}
		{AA47E858-A2A7-470E-8B2D-C76AE8ED9CCD} = {7A696ACF-BA09-41A2-A912-A26E82C494CF}
		{4BB4D2AA-332E-42D6-8D34-FFABBCE1F1D8} = {D9DC93FF-DCF3-44A4-9193-9911966CDFF4}
		{D07BB841-15D7-4127-8B46-CFC61C546B45} = {D9DC93FF-DCF3-44A4-9193-9911966CDFF4}
		{DD7ECAFF-D8A1-4D92-99C0-27498ACB32D4} = {D9DC93FF-DCF3-44A4-9193-9911966CDFF4}
		{F40A7DC1-A697-41A7-8676-6C0AD8274FB4} = {D9DC93FF-DCF3-44A4-9193-9911966CDFF4}
		{E900A014-CA87-4374-87F0-813D653A9698} = {D9DC93FF-DCF3-44A4-9193-9911966CDFF4}
		{9B6F3987-EAF7-4733-80C1-3DCAB44D87AE} = {D9DC93FF-DCF3-44A4-9193-9911966CDFF4}
		{594C5C6D-5833-4E1C-9F30-13A202628EEF} = {EE8D5A6C-4871-452A-A69B-F04E374D715E}
		{555F3460-DD3D-4B1D-8319-0AA454050FF7} = {EC6E52A5-2BB1-4080-9784-5DC8D0B08ED3}
		{F2C4C4F7-4058-4E71-859B-D704F15D2745} = {555F3460-DD3D-4B1D-8319-0AA454050FF7}
		{7E26AAA5-22ED-43CC-9B21-23EEA60A5A87} = {555F3460-DD3D-4B1D-8319-0AA454050FF7}
		{FFE3A667-3A4C-4F48-BC6B-1589867FCB41} = {F2C4C4F7-4058-4E71-859B-D704F15D2745}
		{C48E2C11-3FDA-4356-A10F-757469A108FD} = {7E26AAA5-22ED-43CC-9B21-23EEA60A5A87}
		{B31E1A9B-D13E-42CD-BEDD-9D4A709CE7BD} = {79559D7B-0ECC-4CB5-8ED1-D745F8482BA7}
		{435F0AB1-1180-47D3-9BCB-3B5FF365236C} = {79559D7B-0ECC-4CB5-8ED1-D745F8482BA7}
		{70F8CC9C-5BC8-4FB2-B201-EAE7FA8088C2} = {B31E1A9B-D13E-42CD-BEDD-9D4A709CE7BD}
		{888D4097-8BC2-4703-9FB1-8744C94D525E} = {B31E1A9B-D13E-42CD-BEDD-9D4A709CE7BD}
		{175406DB-C0DA-42A7-968C-0C17CF2257B1} = {435F0AB1-1180-47D3-9BCB-3B5FF365236C}
		{BFD6A78A-237A-413F-8DC3-8EC6E8C5809C} = {435F0AB1-1180-47D3-9BCB-3B5FF365236C}
	EndGlobalSection
	GlobalSection(TextTemplating) = postSolution
		TextTemplating = 1
	EndGlobalSection
	GlobalSection(NDepend) = preSolution
		Project = ".\build\Ringtoets.ndproj"
	EndGlobalSection
EndGlobal
