
Microsoft Visual Studio Solution File, Format Version 12.00
# Visual Studio Version 17
#
# Copyright (C) Stichting Deltares and State of the Netherlands 2026. All rights reserved.
#
# This file is part of Riskeer.
#
# Riskeer is free software: you can redistribute it and/or modify
# it under the terms of the GNU General Public License as published by
# the Free Software Foundation, either version 3 of the License, or
# (at your option) any later version.
#
# This program is distributed in the hope that it will be useful,
# but WITHOUT ANY WARRANTY; without even the implied warranty of
# MERCHANTABILITY or FITNESS FOR A PARTICULAR PURPOSE. See the
# GNU General Public License for more details.
#
# You should have received a copy of the GNU General Public License
# along with this program. If not, see <https://www.gnu.org/licenses/>.
#
# All names, logos, and references to "Deltares" are registered trademarks of
# Stichting Deltares and remain full property of Stichting Deltares at all times.
# All rights reserved.
#
VisualStudioVersion = 17.11.35327.3
MinimumVisualStudioVersion = 10.0.40219.1
Project("{2150E333-8FDC-42A3-9474-1A3956D46DE8}") = "Core", "Core", "{89F6BC2C-78E6-42F1-A056-704C877B5453}"
EndProject
Project("{2150E333-8FDC-42A3-9474-1A3956D46DE8}") = "Application", "Application", "{57F5BCD5-5759-4C9F-A841-2A6C36A910C8}"
EndProject
Project("{2150E333-8FDC-42A3-9474-1A3956D46DE8}") = "Common", "Common", "{9E35F3EA-D3C3-4D80-8399-689C49B68324}"
EndProject
Project("{9A19103F-16F7-4668-BE54-9A1E7A4F7556}") = "Application.Riskeer", "Application\Riskeer\src\Application.Riskeer\Application.Riskeer.csproj", "{4A7D6720-4AA1-4F0B-A796-A0436DB3D7D7}"
EndProject
Project("{2150E333-8FDC-42A3-9474-1A3956D46DE8}") = "src", "src", "{8261CCE1-98D7-465B-BC94-4ED239DE7F2E}"
EndProject
Project("{9A19103F-16F7-4668-BE54-9A1E7A4F7556}") = "Core.Common.Util", "Core\Common\src\Core.Common.Util\Core.Common.Util.csproj", "{F49BD8B2-332A-4C91-A196-8CCE0A2C7D98}"
EndProject
Project("{9A19103F-16F7-4668-BE54-9A1E7A4F7556}") = "Core.Common.Base", "Core\Common\src\Core.Common.Base\Core.Common.Base.csproj", "{3BBFD65B-B277-4E50-AE6D-BD24C3434609}"
EndProject
Project("{9A19103F-16F7-4668-BE54-9A1E7A4F7556}") = "Core.Common.Controls", "Core\Common\src\Core.Common.Controls\Core.Common.Controls.csproj", "{9A2D67E6-26AC-4D17-B11A-2B4372F2F572}"
EndProject
Project("{9A19103F-16F7-4668-BE54-9A1E7A4F7556}") = "Core.Common.Controls.TreeView", "Core\Common\src\Core.Common.Controls.TreeView\Core.Common.Controls.TreeView.csproj", "{1D27F91F-4E62-4EAF-A0A8-A32708B9A9B1}"
EndProject
Project("{2150E333-8FDC-42A3-9474-1A3956D46DE8}") = "Components", "Components", "{502CA963-E0E9-4F4A-A1D4-612C6A08386B}"
EndProject
Project("{2150E333-8FDC-42A3-9474-1A3956D46DE8}") = "src", "src", "{7A696ACF-BA09-41A2-A912-A26E82C494CF}"
EndProject
Project("{2150E333-8FDC-42A3-9474-1A3956D46DE8}") = "Riskeer", "Riskeer", "{85F88AB0-CA03-48D3-B5A0-DF0848C24AB0}"
EndProject
Project("{2150E333-8FDC-42A3-9474-1A3956D46DE8}") = "src", "src", "{39EB5D07-C076-484C-9621-B34C4E5BF64C}"
EndProject
Project("{9A19103F-16F7-4668-BE54-9A1E7A4F7556}") = "Core.Components.DotSpatial", "Core\Components\src\Core.Components.DotSpatial\Core.Components.DotSpatial.csproj", "{AA47E858-A2A7-470E-8B2D-C76AE8ED9CCD}"
EndProject
Project("{9A19103F-16F7-4668-BE54-9A1E7A4F7556}") = "Core.Components.Gis", "Core\Components\src\Core.Components.Gis\Core.Components.Gis.csproj", "{318BA582-88C9-4816-A54A-A7E431461DE3}"
EndProject
Project("{9A19103F-16F7-4668-BE54-9A1E7A4F7556}") = "Core.Components.DotSpatial.Forms", "Core\Components\src\Core.Components.DotSpatial.Forms\Core.Components.DotSpatial.Forms.csproj", "{5A91174A-FB95-4C9D-9CA5-81C0B8D4361A}"
EndProject
Project("{9A19103F-16F7-4668-BE54-9A1E7A4F7556}") = "Core.Common.IO", "Core\Common\src\Core.Common.IO\Core.Common.IO.csproj", "{E344867E-9AC9-44C8-88A5-8185681679A9}"
EndProject
Project("{9A19103F-16F7-4668-BE54-9A1E7A4F7556}") = "Core.Components.Gis.IO", "Core\Components\src\Core.Components.Gis.IO\Core.Components.Gis.IO.csproj", "{FD264FAD-E6F9-47CC-97CD-770199A8E629}"
EndProject
Project("{9A19103F-16F7-4668-BE54-9A1E7A4F7556}") = "Core.Components.Gis.Forms", "Core\Components\src\Core.Components.Gis.Forms\Core.Components.Gis.Forms.csproj", "{4A06DF0D-5D75-4BAD-A95A-A3DB9B7C4AD5}"
EndProject
Project("{9A19103F-16F7-4668-BE54-9A1E7A4F7556}") = "Core.Common.Geometry", "Core\Common\src\Core.Common.Geometry\Core.Common.Geometry.csproj", "{88665510-CE20-4EF5-BE4A-39800720AA2C}"
EndProject
Project("{9A19103F-16F7-4668-BE54-9A1E7A4F7556}") = "Core.Components.BruTile", "Core\Components\src\Core.Components.BruTile\Core.Components.BruTile.csproj", "{E02482C7-F12B-42F0-BB2B-C7EC17503A72}"
EndProject
Project("{9A19103F-16F7-4668-BE54-9A1E7A4F7556}") = "Core.Components.BruTile.Forms", "Core\Components\src\Core.Components.BruTile.Forms\Core.Components.BruTile.Forms.csproj", "{1BA9EBD0-AA64-4BE3-9791-B2EE344EC938}"
EndProject
Project("{9A19103F-16F7-4668-BE54-9A1E7A4F7556}") = "Core.Components.BruTile.IO", "Core\Components\src\Core.Components.BruTile.IO\Core.Components.BruTile.IO.csproj", "{6B280C25-DB18-4F80-86D3-1CBA65208F9D}"
EndProject
Project("{9A19103F-16F7-4668-BE54-9A1E7A4F7556}") = "Core.Components.BruTile.Data", "Core\Components\src\Core.Components.BruTile.Data\Core.Components.BruTile.Data.csproj", "{3DCEF8F6-CB6D-435C-9539-50143DACD86C}"
EndProject
Project("{2150E333-8FDC-42A3-9474-1A3956D46DE8}") = "Gui", "Gui", "{94E919CC-F375-485D-A849-3CE3FCC9B2C3}"
EndProject
Project("{2150E333-8FDC-42A3-9474-1A3956D46DE8}") = "src", "src", "{8BE49C65-DD09-4890-82B1-5216BF13E757}"
EndProject
Project("{9A19103F-16F7-4668-BE54-9A1E7A4F7556}") = "Core.Gui", "Core\Gui\src\Core.Gui\Core.Gui.csproj", "{FE63A65E-C5AF-456D-A786-912F9B7E26A1}"
EndProject
Project("{2150E333-8FDC-42A3-9474-1A3956D46DE8}") = "Solution Items", "Solution Items", "{297E54E6-CCB6-4433-AD2D-D27C51235595}"
	ProjectSection(SolutionItems) = preProject
		build\Base.targets = build\Base.targets
		build\Copying.Lesser.licenseheader = build\Copying.Lesser.licenseheader
		build\Copying.licenseheader = build\Copying.licenseheader
		build\GlobalAssembly.cs = build\GlobalAssembly.cs
		build\Source.targets = build\Source.targets
		DEPENDENCIES.md = DEPENDENCIES.md
	EndProjectSection
EndProject
Global
	GlobalSection(SolutionConfigurationPlatforms) = preSolution
		Debug|x86 = Debug|x86
		Release|x86 = Release|x86
		Coverage|x86 = Coverage|x86
	EndGlobalSection
	GlobalSection(ProjectConfigurationPlatforms) = postSolution
		{4A7D6720-4AA1-4F0B-A796-A0436DB3D7D7}.Debug|x86.ActiveCfg = Debug|x86
		{4A7D6720-4AA1-4F0B-A796-A0436DB3D7D7}.Debug|x86.Build.0 = Debug|x86
		{4A7D6720-4AA1-4F0B-A796-A0436DB3D7D7}.Release|x86.ActiveCfg = Release|x86
		{4A7D6720-4AA1-4F0B-A796-A0436DB3D7D7}.Release|x86.Build.0 = Release|x86
		{4A7D6720-4AA1-4F0B-A796-A0436DB3D7D7}.Coverage|x86.ActiveCfg = Coverage|x86
		{4A7D6720-4AA1-4F0B-A796-A0436DB3D7D7}.Coverage|x86.Build.0 = Coverage|x86
		{F49BD8B2-332A-4C91-A196-8CCE0A2C7D98}.Debug|x86.ActiveCfg = Debug|x86
		{F49BD8B2-332A-4C91-A196-8CCE0A2C7D98}.Debug|x86.Build.0 = Debug|x86
		{F49BD8B2-332A-4C91-A196-8CCE0A2C7D98}.Release|x86.ActiveCfg = Release|x86
		{F49BD8B2-332A-4C91-A196-8CCE0A2C7D98}.Release|x86.Build.0 = Release|x86
		{F49BD8B2-332A-4C91-A196-8CCE0A2C7D98}.Coverage|x86.ActiveCfg = Coverage|x86
		{F49BD8B2-332A-4C91-A196-8CCE0A2C7D98}.Coverage|x86.Build.0 = Coverage|x86
		{3BBFD65B-B277-4E50-AE6D-BD24C3434609}.Debug|x86.ActiveCfg = Debug|x86
		{3BBFD65B-B277-4E50-AE6D-BD24C3434609}.Debug|x86.Build.0 = Debug|x86
		{3BBFD65B-B277-4E50-AE6D-BD24C3434609}.Release|x86.ActiveCfg = Release|x86
		{3BBFD65B-B277-4E50-AE6D-BD24C3434609}.Release|x86.Build.0 = Release|x86
		{3BBFD65B-B277-4E50-AE6D-BD24C3434609}.Coverage|x86.ActiveCfg = Coverage|x86
		{3BBFD65B-B277-4E50-AE6D-BD24C3434609}.Coverage|x86.Build.0 = Coverage|x86
		{9A2D67E6-26AC-4D17-B11A-2B4372F2F572}.Debug|x86.ActiveCfg = Debug|x86
		{9A2D67E6-26AC-4D17-B11A-2B4372F2F572}.Debug|x86.Build.0 = Debug|x86
		{9A2D67E6-26AC-4D17-B11A-2B4372F2F572}.Release|x86.ActiveCfg = Release|x86
		{9A2D67E6-26AC-4D17-B11A-2B4372F2F572}.Release|x86.Build.0 = Release|x86
		{9A2D67E6-26AC-4D17-B11A-2B4372F2F572}.Coverage|x86.ActiveCfg = Coverage|x86
		{9A2D67E6-26AC-4D17-B11A-2B4372F2F572}.Coverage|x86.Build.0 = Coverage|x86
		{1D27F91F-4E62-4EAF-A0A8-A32708B9A9B1}.Debug|x86.ActiveCfg = Debug|x86
		{1D27F91F-4E62-4EAF-A0A8-A32708B9A9B1}.Debug|x86.Build.0 = Debug|x86
		{1D27F91F-4E62-4EAF-A0A8-A32708B9A9B1}.Release|x86.ActiveCfg = Release|x86
		{1D27F91F-4E62-4EAF-A0A8-A32708B9A9B1}.Release|x86.Build.0 = Release|x86
		{1D27F91F-4E62-4EAF-A0A8-A32708B9A9B1}.Coverage|x86.ActiveCfg = Coverage|x86
		{1D27F91F-4E62-4EAF-A0A8-A32708B9A9B1}.Coverage|x86.Build.0 = Coverage|x86
		{AA47E858-A2A7-470E-8B2D-C76AE8ED9CCD}.Debug|x86.ActiveCfg = Debug|x86
		{AA47E858-A2A7-470E-8B2D-C76AE8ED9CCD}.Debug|x86.Build.0 = Debug|x86
		{AA47E858-A2A7-470E-8B2D-C76AE8ED9CCD}.Release|x86.ActiveCfg = Release|x86
		{AA47E858-A2A7-470E-8B2D-C76AE8ED9CCD}.Release|x86.Build.0 = Release|x86
		{AA47E858-A2A7-470E-8B2D-C76AE8ED9CCD}.Coverage|x86.ActiveCfg = Coverage|x86
		{AA47E858-A2A7-470E-8B2D-C76AE8ED9CCD}.Coverage|x86.Build.0 = Coverage|x86
		{318BA582-88C9-4816-A54A-A7E431461DE3}.Debug|x86.ActiveCfg = Debug|x86
		{318BA582-88C9-4816-A54A-A7E431461DE3}.Debug|x86.Build.0 = Debug|x86
		{318BA582-88C9-4816-A54A-A7E431461DE3}.Release|x86.ActiveCfg = Release|x86
		{318BA582-88C9-4816-A54A-A7E431461DE3}.Release|x86.Build.0 = Release|x86
		{318BA582-88C9-4816-A54A-A7E431461DE3}.Coverage|x86.ActiveCfg = Coverage|x86
		{318BA582-88C9-4816-A54A-A7E431461DE3}.Coverage|x86.Build.0 = Coverage|x86
		{5A91174A-FB95-4C9D-9CA5-81C0B8D4361A}.Debug|x86.ActiveCfg = Debug|x86
		{5A91174A-FB95-4C9D-9CA5-81C0B8D4361A}.Debug|x86.Build.0 = Debug|x86
		{5A91174A-FB95-4C9D-9CA5-81C0B8D4361A}.Release|x86.ActiveCfg = Release|x86
		{5A91174A-FB95-4C9D-9CA5-81C0B8D4361A}.Release|x86.Build.0 = Release|x86
		{5A91174A-FB95-4C9D-9CA5-81C0B8D4361A}.Coverage|x86.ActiveCfg = Coverage|x86
		{5A91174A-FB95-4C9D-9CA5-81C0B8D4361A}.Coverage|x86.Build.0 = Coverage|x86
		{E344867E-9AC9-44C8-88A5-8185681679A9}.Debug|x86.ActiveCfg = Debug|x86
		{E344867E-9AC9-44C8-88A5-8185681679A9}.Debug|x86.Build.0 = Debug|x86
		{E344867E-9AC9-44C8-88A5-8185681679A9}.Release|x86.ActiveCfg = Release|x86
		{E344867E-9AC9-44C8-88A5-8185681679A9}.Release|x86.Build.0 = Release|x86
		{E344867E-9AC9-44C8-88A5-8185681679A9}.Coverage|x86.ActiveCfg = Coverage|x86
		{E344867E-9AC9-44C8-88A5-8185681679A9}.Coverage|x86.Build.0 = Coverage|x86
		{FD264FAD-E6F9-47CC-97CD-770199A8E629}.Debug|x86.ActiveCfg = Debug|x86
		{FD264FAD-E6F9-47CC-97CD-770199A8E629}.Debug|x86.Build.0 = Debug|x86
		{FD264FAD-E6F9-47CC-97CD-770199A8E629}.Release|x86.ActiveCfg = Release|x86
		{FD264FAD-E6F9-47CC-97CD-770199A8E629}.Release|x86.Build.0 = Release|x86
		{FD264FAD-E6F9-47CC-97CD-770199A8E629}.Coverage|x86.ActiveCfg = Coverage|x86
		{FD264FAD-E6F9-47CC-97CD-770199A8E629}.Coverage|x86.Build.0 = Coverage|x86
		{4A06DF0D-5D75-4BAD-A95A-A3DB9B7C4AD5}.Debug|x86.ActiveCfg = Debug|x86
		{4A06DF0D-5D75-4BAD-A95A-A3DB9B7C4AD5}.Debug|x86.Build.0 = Debug|x86
		{4A06DF0D-5D75-4BAD-A95A-A3DB9B7C4AD5}.Release|x86.ActiveCfg = Release|x86
		{4A06DF0D-5D75-4BAD-A95A-A3DB9B7C4AD5}.Release|x86.Build.0 = Release|x86
		{4A06DF0D-5D75-4BAD-A95A-A3DB9B7C4AD5}.Coverage|x86.ActiveCfg = Coverage|x86
		{4A06DF0D-5D75-4BAD-A95A-A3DB9B7C4AD5}.Coverage|x86.Build.0 = Coverage|x86
		{88665510-CE20-4EF5-BE4A-39800720AA2C}.Debug|x86.ActiveCfg = Debug|x86
		{88665510-CE20-4EF5-BE4A-39800720AA2C}.Debug|x86.Build.0 = Debug|x86
		{88665510-CE20-4EF5-BE4A-39800720AA2C}.Release|x86.ActiveCfg = Release|x86
		{88665510-CE20-4EF5-BE4A-39800720AA2C}.Release|x86.Build.0 = Release|x86
		{88665510-CE20-4EF5-BE4A-39800720AA2C}.Coverage|x86.ActiveCfg = Coverage|x86
		{88665510-CE20-4EF5-BE4A-39800720AA2C}.Coverage|x86.Build.0 = Coverage|x86
		{E02482C7-F12B-42F0-BB2B-C7EC17503A72}.Debug|x86.ActiveCfg = Debug|x86
		{E02482C7-F12B-42F0-BB2B-C7EC17503A72}.Debug|x86.Build.0 = Debug|x86
		{E02482C7-F12B-42F0-BB2B-C7EC17503A72}.Release|x86.ActiveCfg = Release|x86
		{E02482C7-F12B-42F0-BB2B-C7EC17503A72}.Release|x86.Build.0 = Release|x86
		{E02482C7-F12B-42F0-BB2B-C7EC17503A72}.Coverage|x86.ActiveCfg = Coverage|x86
		{E02482C7-F12B-42F0-BB2B-C7EC17503A72}.Coverage|x86.Build.0 = Coverage|x86
		{1BA9EBD0-AA64-4BE3-9791-B2EE344EC938}.Debug|x86.ActiveCfg = Debug|x86
		{1BA9EBD0-AA64-4BE3-9791-B2EE344EC938}.Debug|x86.Build.0 = Debug|x86
		{1BA9EBD0-AA64-4BE3-9791-B2EE344EC938}.Release|x86.ActiveCfg = Release|x86
		{1BA9EBD0-AA64-4BE3-9791-B2EE344EC938}.Release|x86.Build.0 = Release|x86
		{1BA9EBD0-AA64-4BE3-9791-B2EE344EC938}.Coverage|x86.ActiveCfg = Coverage|x86
		{1BA9EBD0-AA64-4BE3-9791-B2EE344EC938}.Coverage|x86.Build.0 = Coverage|x86
		{6B280C25-DB18-4F80-86D3-1CBA65208F9D}.Debug|x86.ActiveCfg = Debug|x86
		{6B280C25-DB18-4F80-86D3-1CBA65208F9D}.Debug|x86.Build.0 = Debug|x86
		{6B280C25-DB18-4F80-86D3-1CBA65208F9D}.Release|x86.ActiveCfg = Release|x86
		{6B280C25-DB18-4F80-86D3-1CBA65208F9D}.Release|x86.Build.0 = Release|x86
		{6B280C25-DB18-4F80-86D3-1CBA65208F9D}.Coverage|x86.ActiveCfg = Coverage|x86
		{6B280C25-DB18-4F80-86D3-1CBA65208F9D}.Coverage|x86.Build.0 = Coverage|x86
		{3DCEF8F6-CB6D-435C-9539-50143DACD86C}.Debug|x86.ActiveCfg = Debug|x86
		{3DCEF8F6-CB6D-435C-9539-50143DACD86C}.Debug|x86.Build.0 = Debug|x86
		{3DCEF8F6-CB6D-435C-9539-50143DACD86C}.Release|x86.ActiveCfg = Release|x86
		{3DCEF8F6-CB6D-435C-9539-50143DACD86C}.Release|x86.Build.0 = Release|x86
		{3DCEF8F6-CB6D-435C-9539-50143DACD86C}.Coverage|x86.ActiveCfg = Coverage|x86
		{3DCEF8F6-CB6D-435C-9539-50143DACD86C}.Coverage|x86.Build.0 = Coverage|x86
		{FE63A65E-C5AF-456D-A786-912F9B7E26A1}.Debug|x86.ActiveCfg = Debug|x86
		{FE63A65E-C5AF-456D-A786-912F9B7E26A1}.Debug|x86.Build.0 = Debug|x86
		{FE63A65E-C5AF-456D-A786-912F9B7E26A1}.Release|x86.ActiveCfg = Release|x86
		{FE63A65E-C5AF-456D-A786-912F9B7E26A1}.Release|x86.Build.0 = Release|x86
		{FE63A65E-C5AF-456D-A786-912F9B7E26A1}.Coverage|x86.ActiveCfg = Coverage|x86
		{FE63A65E-C5AF-456D-A786-912F9B7E26A1}.Coverage|x86.Build.0 = Coverage|x86
	EndGlobalSection
	GlobalSection(SolutionProperties) = preSolution
		HideSolutionNode = FALSE
	EndGlobalSection
	GlobalSection(NestedProjects) = preSolution
		{9E35F3EA-D3C3-4D80-8399-689C49B68324} = {89F6BC2C-78E6-42F1-A056-704C877B5453}
		{4A7D6720-4AA1-4F0B-A796-A0436DB3D7D7} = {39EB5D07-C076-484C-9621-B34C4E5BF64C}
		{8261CCE1-98D7-465B-BC94-4ED239DE7F2E} = {9E35F3EA-D3C3-4D80-8399-689C49B68324}
		{F49BD8B2-332A-4C91-A196-8CCE0A2C7D98} = {8261CCE1-98D7-465B-BC94-4ED239DE7F2E}
		{3BBFD65B-B277-4E50-AE6D-BD24C3434609} = {8261CCE1-98D7-465B-BC94-4ED239DE7F2E}
		{9A2D67E6-26AC-4D17-B11A-2B4372F2F572} = {8261CCE1-98D7-465B-BC94-4ED239DE7F2E}
		{1D27F91F-4E62-4EAF-A0A8-A32708B9A9B1} = {8261CCE1-98D7-465B-BC94-4ED239DE7F2E}
		{502CA963-E0E9-4F4A-A1D4-612C6A08386B} = {89F6BC2C-78E6-42F1-A056-704C877B5453}
		{7A696ACF-BA09-41A2-A912-A26E82C494CF} = {502CA963-E0E9-4F4A-A1D4-612C6A08386B}
		{85F88AB0-CA03-48D3-B5A0-DF0848C24AB0} = {57F5BCD5-5759-4C9F-A841-2A6C36A910C8}
		{39EB5D07-C076-484C-9621-B34C4E5BF64C} = {85F88AB0-CA03-48D3-B5A0-DF0848C24AB0}
		{AA47E858-A2A7-470E-8B2D-C76AE8ED9CCD} = {7A696ACF-BA09-41A2-A912-A26E82C494CF}
		{318BA582-88C9-4816-A54A-A7E431461DE3} = {7A696ACF-BA09-41A2-A912-A26E82C494CF}
		{5A91174A-FB95-4C9D-9CA5-81C0B8D4361A} = {7A696ACF-BA09-41A2-A912-A26E82C494CF}
		{E344867E-9AC9-44C8-88A5-8185681679A9} = {8261CCE1-98D7-465B-BC94-4ED239DE7F2E}
		{FD264FAD-E6F9-47CC-97CD-770199A8E629} = {7A696ACF-BA09-41A2-A912-A26E82C494CF}
		{4A06DF0D-5D75-4BAD-A95A-A3DB9B7C4AD5} = {7A696ACF-BA09-41A2-A912-A26E82C494CF}
		{88665510-CE20-4EF5-BE4A-39800720AA2C} = {8261CCE1-98D7-465B-BC94-4ED239DE7F2E}
		{E02482C7-F12B-42F0-BB2B-C7EC17503A72} = {7A696ACF-BA09-41A2-A912-A26E82C494CF}
		{1BA9EBD0-AA64-4BE3-9791-B2EE344EC938} = {7A696ACF-BA09-41A2-A912-A26E82C494CF}
		{6B280C25-DB18-4F80-86D3-1CBA65208F9D} = {7A696ACF-BA09-41A2-A912-A26E82C494CF}
		{3DCEF8F6-CB6D-435C-9539-50143DACD86C} = {7A696ACF-BA09-41A2-A912-A26E82C494CF}
		{94E919CC-F375-485D-A849-3CE3FCC9B2C3} = {89F6BC2C-78E6-42F1-A056-704C877B5453}
		{8BE49C65-DD09-4890-82B1-5216BF13E757} = {94E919CC-F375-485D-A849-3CE3FCC9B2C3}
		{FE63A65E-C5AF-456D-A786-912F9B7E26A1} = {8BE49C65-DD09-4890-82B1-5216BF13E757}
	EndGlobalSection
	GlobalSection(ExtensibilityGlobals) = postSolution
		SolutionGuid = {039D31AA-B517-4354-B8CD-0B2B826D0B1F}
	EndGlobalSection
	GlobalSection(TextTemplating) = postSolution
		TextTemplating = 1
	EndGlobalSection
	GlobalSection(NDepend) = preSolution
		Project = ".\build\Riskeer.ndproj"
	EndGlobalSection
EndGlobal
